PODS:
  - BlockiesSwift (0.1.2)
  - GoogleWebRTC (1.1.25544)
  - HandyJSON (4.2.1)
  - HockeySDK (5.1.4):
    - HockeySDK/DefaultLib (= 5.1.4)
  - HockeySDK/DefaultLib (5.1.4)
  - KeychainAccess (3.1.2)
  - MBProgressHUD (1.1.0)
  - QRCode (2.0)
  - SideMenu (5.0.3)
  - Starscream (3.0.6)
  - TGLStackedViewController (2.2.3)

DEPENDENCIES:
  - BlockiesSwift
  - GoogleWebRTC
  - HandyJSON
  - HockeySDK
  - KeychainAccess
  - MBProgressHUD
  - QRCode
  - SideMenu
  - Starscream
  - TGLStackedViewController (~> 2.2)

SPEC REPOS:
  https://github.com/cocoapods/specs.git:
    - BlockiesSwift
    - GoogleWebRTC
    - HandyJSON
    - HockeySDK
    - KeychainAccess
    - MBProgressHUD
    - QRCode
    - SideMenu
    - Starscream
    - TGLStackedViewController

SPEC CHECKSUMS:
  BlockiesSwift: 22d8d56dd187e6bfd16cb8c8fbd4fd4896c3e65d
  GoogleWebRTC: b73841295d587468f368d146144753b138ed8014
  HandyJSON: d0c5fc80204f29056d59d3e5c4587fa0b16b60a8
  HockeySDK: 15afe6bc0a5bfe3a531fd73dbf082095f37dac3b
  KeychainAccess: b3816fddcf28aa29d94b10ec305cd52be14c472b
  MBProgressHUD: e7baa36a220447d8aeb12769bf0585582f3866d9
  QRCode: f98a1886c8f37523704a7512a4c0cd45b34c18a4
  SideMenu: 1dcaabce84538c53325c287f7fe62999379a641c
  Starscream: ef3ece99d765eeccb67de105bfa143f929026cf5
  TGLStackedViewController: 3853e3eaf938a0baab9ad7e63d83d6e8aa576665

PODFILE CHECKSUM: 1b6aa785ad514dc5f8a08fca55d2384e7971dfd1

COCOAPODS: 1.5.3
