// !$*UTF8*$!
{
	archiveVersion = 1;
	classes = {
	};
	objectVersion = 50;
	objects = {

/* Begin PBXBuildFile section */
		A4C7EEFDE2D214A0BE9F822B /* Pods_ColdCrypto.framework in Frameworks */ = {isa = PBXBuildFile; fileRef = B511BE577741365521F8A2AA /* Pods_ColdCrypto.framework */; };
		EB1A0BF0218A27D300C43E72 /* CardsList.swift in Sources */ = {isa = PBXBuildFile; fileRef = EB1A0BEF218A27D300C43E72 /* CardsList.swift */; };
		EB3ECC5D2180E8CD00D14656 /* Checkbox.swift in Sources */ = {isa = PBXBuildFile; fileRef = EB3ECC5C2180E8CD00D14656 /* Checkbox.swift */; };
		EB3ECC652180F74600D14656 /* ApiSign.swift in Sources */ = {isa = PBXBuildFile; fileRef = EB3ECC642180F74600D14656 /* ApiSign.swift */; };
		EB3F8AFE218357D5004E6CFB /* WalletView.swift in Sources */ = {isa = PBXBuildFile; fileRef = EB3F8AFD218357D5004E6CFB /* WalletView.swift */; };
		EB6450892181069F008397DF /* SignalClient.swift in Sources */ = {isa = PBXBuildFile; fileRef = EB6450882181069F008397DF /* SignalClient.swift */; };
		EB64509321810736008397DF /* WebRTCClient.swift in Sources */ = {isa = PBXBuildFile; fileRef = EB64509221810736008397DF /* WebRTCClient.swift */; };
		EB6450952181074D008397DF /* RTCStates.swift in Sources */ = {isa = PBXBuildFile; fileRef = EB6450942181074D008397DF /* RTCStates.swift */; };
		EB64509721810A82008397DF /* Signer.swift in Sources */ = {isa = PBXBuildFile; fileRef = EB64509621810A82008397DF /* Signer.swift */; };
		EB64509921810BBC008397DF /* RTC.swift in Sources */ = {isa = PBXBuildFile; fileRef = EB64509821810BBC008397DF /* RTC.swift */; };
		EB64509B21810CAD008397DF /* ApiWebRTC.swift in Sources */ = {isa = PBXBuildFile; fileRef = EB64509A21810CAD008397DF /* ApiWebRTC.swift */; };
		EB64509D2181152E008397DF /* ApiOffer.swift in Sources */ = {isa = PBXBuildFile; fileRef = EB64509C2181152E008397DF /* ApiOffer.swift */; };
		EB64509F21811684008397DF /* ApiJoin.swift in Sources */ = {isa = PBXBuildFile; fileRef = EB64509E21811684008397DF /* ApiJoin.swift */; };
		EB74B451217CB3CA006AE00F /* bg@3x.png in Resources */ = {isa = PBXBuildFile; fileRef = EB74B44F217CB3CA006AE00F /* bg@3x.png */; };
		EB74B452217CB3CA006AE00F /* bg@2x.png in Resources */ = {isa = PBXBuildFile; fileRef = EB74B450217CB3CA006AE00F /* bg@2x.png */; };
		EB74B457217CCFFB006AE00F /* ScanButton.swift in Sources */ = {isa = PBXBuildFile; fileRef = EB74B456217CCFFB006AE00F /* ScanButton.swift */; };
		EB91A2352184983F001788FA /* ApiPay.swift in Sources */ = {isa = PBXBuildFile; fileRef = EB91A2342184983F001788FA /* ApiPay.swift */; };
		EB976CEC217BA6CE00B8DC95 /* ApiParamsWallet.swift in Sources */ = {isa = PBXBuildFile; fileRef = EB976CEB217BA6CE00B8DC95 /* ApiParamsWallet.swift */; };
		EB976CEE217BA75900B8DC95 /* ApiParamsTx.swift in Sources */ = {isa = PBXBuildFile; fileRef = EB976CED217BA75900B8DC95 /* ApiParamsTx.swift */; };
		EBA5938B217A813F00F3CB65 /* Button.swift in Sources */ = {isa = PBXBuildFile; fileRef = EBA5938A217A813F00F3CB65 /* Button.swift */; };
		EBA59393217A815300F3CB65 /* Extensions.swift in Sources */ = {isa = PBXBuildFile; fileRef = EBA59392217A815300F3CB65 /* Extensions.swift */; };
		EBA59399217A816800F3CB65 /* SF-Pro-Display-Regular.otf in Resources */ = {isa = PBXBuildFile; fileRef = EBA59395217A816800F3CB65 /* SF-Pro-Display-Regular.otf */; };
		EBA5939A217A816800F3CB65 /* SF-Pro-Display-Bold.otf in Resources */ = {isa = PBXBuildFile; fileRef = EBA59396217A816800F3CB65 /* SF-Pro-Display-Bold.otf */; };
		EBA5939B217A816800F3CB65 /* SF-Pro-Display-Medium.otf in Resources */ = {isa = PBXBuildFile; fileRef = EBA59397217A816800F3CB65 /* SF-Pro-Display-Medium.otf */; };
		EBA5939C217A816800F3CB65 /* SF-Pro-Display-Semibold.otf in Resources */ = {isa = PBXBuildFile; fileRef = EBA59398217A816800F3CB65 /* SF-Pro-Display-Semibold.otf */; };
		EBA593AD217A831900F3CB65 /* Localizable.strings in Resources */ = {isa = PBXBuildFile; fileRef = EBA593A6217A831800F3CB65 /* Localizable.strings */; };
		EBA593AF217A844E00F3CB65 /* ScannerVC.swift in Sources */ = {isa = PBXBuildFile; fileRef = EBA593AE217A844E00F3CB65 /* ScannerVC.swift */; };
		EBA593B1217A845E00F3CB65 /* AVFoundation.framework in Frameworks */ = {isa = PBXBuildFile; fileRef = EBA593B0217A845E00F3CB65 /* AVFoundation.framework */; };
		EBA593B3217A84A000F3CB65 /* ScanView.swift in Sources */ = {isa = PBXBuildFile; fileRef = EBA593B2217A84A000F3CB65 /* ScanView.swift */; };
		EBA593BA217A88EF00F3CB65 /* ETHTransaction.swift in Sources */ = {isa = PBXBuildFile; fileRef = EBA593B5217A88EF00F3CB65 /* ETHTransaction.swift */; };
		EBA593BB217A88EF00F3CB65 /* ETHWallet.swift in Sources */ = {isa = PBXBuildFile; fileRef = EBA593B6217A88EF00F3CB65 /* ETHWallet.swift */; };
		EBA593BD217A88EF00F3CB65 /* EthereumAddress.swift in Sources */ = {isa = PBXBuildFile; fileRef = EBA593B8217A88EF00F3CB65 /* EthereumAddress.swift */; };
		EBA593BE217A88EF00F3CB65 /* ETHNet.swift in Sources */ = {isa = PBXBuildFile; fileRef = EBA593B9217A88EF00F3CB65 /* ETHNet.swift */; };
		EBA593C0217A890500F3CB65 /* IWallet.swift in Sources */ = {isa = PBXBuildFile; fileRef = EBA593BF217A890500F3CB65 /* IWallet.swift */; };
		EBA593C2217A892900F3CB65 /* Blockchain.swift in Sources */ = {isa = PBXBuildFile; fileRef = EBA593C1217A892900F3CB65 /* Blockchain.swift */; };
		EBA593C4217A897E00F3CB65 /* IViewable.swift in Sources */ = {isa = PBXBuildFile; fileRef = EBA593C3217A897E00F3CB65 /* IViewable.swift */; };
		EBA593C8217A89B800F3CB65 /* ITransaction.swift in Sources */ = {isa = PBXBuildFile; fileRef = EBA593C7217A89B800F3CB65 /* ITransaction.swift */; };
		EBA593CA217A8AC900F3CB65 /* Settings.swift in Sources */ = {isa = PBXBuildFile; fileRef = EBA593C9217A8AC900F3CB65 /* Settings.swift */; };
		EBA593CC217A8AF800F3CB65 /* Profile.swift in Sources */ = {isa = PBXBuildFile; fileRef = EBA593CB217A8AF800F3CB65 /* Profile.swift */; };
		EBA593CE217A8B6400F3CB65 /* Chain.swift in Sources */ = {isa = PBXBuildFile; fileRef = EBA593CD217A8B6400F3CB65 /* Chain.swift */; };
		EBA593D0217A8BF700F3CB65 /* CheckCodeVC.swift in Sources */ = {isa = PBXBuildFile; fileRef = EBA593CF217A8BF700F3CB65 /* CheckCodeVC.swift */; };
		EBA593D2217A8BFE00F3CB65 /* AuthVC.swift in Sources */ = {isa = PBXBuildFile; fileRef = EBA593D1217A8BFE00F3CB65 /* AuthVC.swift */; };
		EBA593D4217A8C0300F3CB65 /* NewCodeVC.swift in Sources */ = {isa = PBXBuildFile; fileRef = EBA593D3217A8C0300F3CB65 /* NewCodeVC.swift */; };
		EBA593D6217A8C1B00F3CB65 /* CodeVC.swift in Sources */ = {isa = PBXBuildFile; fileRef = EBA593D5217A8C1B00F3CB65 /* CodeVC.swift */; };
		EBA593D8217A8CA300F3CB65 /* BioAuth.swift in Sources */ = {isa = PBXBuildFile; fileRef = EBA593D7217A8CA300F3CB65 /* BioAuth.swift */; };
		EBA593DA217A8CB500F3CB65 /* LocalAuthentication.framework in Frameworks */ = {isa = PBXBuildFile; fileRef = EBA593D9217A8CB500F3CB65 /* LocalAuthentication.framework */; };
		EBA593DE217A8CDC00F3CB65 /* NumberPad.swift in Sources */ = {isa = PBXBuildFile; fileRef = EBA593DD217A8CDC00F3CB65 /* NumberPad.swift */; };
		EBA593E0217A8D1900F3CB65 /* Alert.swift in Sources */ = {isa = PBXBuildFile; fileRef = EBA593DF217A8D1900F3CB65 /* Alert.swift */; };
		EBB15F872184EEF600F6370E /* CodeView.swift in Sources */ = {isa = PBXBuildFile; fileRef = EBB15F862184EEF600F6370E /* CodeView.swift */; };
		EBC9F77C21822F4900150883 /* ApiAnswer.swift in Sources */ = {isa = PBXBuildFile; fileRef = EBC9F77B21822F4900150883 /* ApiAnswer.swift */; };
		EBC9F78421822FC000150883 /* ApiMessage.swift in Sources */ = {isa = PBXBuildFile; fileRef = EBC9F78321822FC000150883 /* ApiMessage.swift */; };
		EBC9F7862182321600150883 /* ApiIce.swift in Sources */ = {isa = PBXBuildFile; fileRef = EBC9F7852182321600150883 /* ApiIce.swift */; };
		EBC9F79421824F2B00150883 /* ApiChains.swift in Sources */ = {isa = PBXBuildFile; fileRef = EBC9F79321824F2B00150883 /* ApiChains.swift */; };
		EBD0B11C218DFBED00FD1B37 /* MenuVC.swift in Sources */ = {isa = PBXBuildFile; fileRef = EBD0B11B218DFBED00FD1B37 /* MenuVC.swift */; };
		EBD0B12F218E3D9A00FD1B37 /* MenuCell.swift in Sources */ = {isa = PBXBuildFile; fileRef = EBD0B12E218E3D9A00FD1B37 /* MenuCell.swift */; };
		EBD4FCC82190BBBF0080D1A9 /* PopAnimator.swift in Sources */ = {isa = PBXBuildFile; fileRef = EBD4FCC72190BBBF0080D1A9 /* PopAnimator.swift */; };
		EBD4FCCA2190BFC20080D1A9 /* IPopover.swift in Sources */ = {isa = PBXBuildFile; fileRef = EBD4FCC92190BFC20080D1A9 /* IPopover.swift */; };
		EBD4FCCC2190D4D50080D1A9 /* PopupVC.swift in Sources */ = {isa = PBXBuildFile; fileRef = EBD4FCCB2190D4D50080D1A9 /* PopupVC.swift */; };
		EBDCD55C217FD85E00B6EF5B /* ConfirmationVC.swift in Sources */ = {isa = PBXBuildFile; fileRef = EBDCD55B217FD85E00B6EF5B /* ConfirmationVC.swift */; };
		EBE484D1217928BF006879F7 /* AppDelegate.swift in Sources */ = {isa = PBXBuildFile; fileRef = EBE484D0217928BF006879F7 /* AppDelegate.swift */; };
		EBE484D3217928BF006879F7 /* ProfileVC.swift in Sources */ = {isa = PBXBuildFile; fileRef = EBE484D2217928BF006879F7 /* ProfileVC.swift */; };
		EBE484D8217928C0006879F7 /* Assets.xcassets in Resources */ = {isa = PBXBuildFile; fileRef = EBE484D7217928C0006879F7 /* Assets.xcassets */; };
		EBE484DB217928C0006879F7 /* LaunchScreen.storyboard in Resources */ = {isa = PBXBuildFile; fileRef = EBE484D9217928C0006879F7 /* LaunchScreen.storyboard */; };
		EBE4850721792FF3006879F7 /* CryptoSwift.framework in Frameworks */ = {isa = PBXBuildFile; fileRef = EBE484FE21792FEC006879F7 /* CryptoSwift.framework */; };
		EBE4850821792FF3006879F7 /* CryptoSwift.framework in Embed Frameworks */ = {isa = PBXBuildFile; fileRef = EBE484FE21792FEC006879F7 /* CryptoSwift.framework */; settings = {ATTRIBUTES = (CodeSignOnCopy, RemoveHeadersOnCopy, ); }; };
		EBE4850B21792FF3006879F7 /* CryptoEthereumSwift.framework in Frameworks */ = {isa = PBXBuildFile; fileRef = EBE484F021792FE5006879F7 /* CryptoEthereumSwift.framework */; };
		EBE4850C21792FF3006879F7 /* CryptoEthereumSwift.framework in Embed Frameworks */ = {isa = PBXBuildFile; fileRef = EBE484F021792FE5006879F7 /* CryptoEthereumSwift.framework */; settings = {ATTRIBUTES = (CodeSignOnCopy, RemoveHeadersOnCopy, ); }; };
		EBE4850F21792FF3006879F7 /* EthereumKit.framework in Frameworks */ = {isa = PBXBuildFile; fileRef = EBE484E821792FCB006879F7 /* EthereumKit.framework */; };
		EBE4851021792FF3006879F7 /* EthereumKit.framework in Embed Frameworks */ = {isa = PBXBuildFile; fileRef = EBE484E821792FCB006879F7 /* EthereumKit.framework */; settings = {ATTRIBUTES = (CodeSignOnCopy, RemoveHeadersOnCopy, ); }; };
		EBF620BA218B9134005C6141 /* PasswordVC.swift in Sources */ = {isa = PBXBuildFile; fileRef = EBF620B9218B9134005C6141 /* PasswordVC.swift */; };
		EBF620C2218BA2AA005C6141 /* RepeatPassVC.swift in Sources */ = {isa = PBXBuildFile; fileRef = EBF620C1218BA2AA005C6141 /* RepeatPassVC.swift */; };
/* End PBXBuildFile section */

/* Begin PBXContainerItemProxy section */
		EBE484E721792FCB006879F7 /* PBXContainerItemProxy */ = {
			isa = PBXContainerItemProxy;
			containerPortal = EBE484E321792FCB006879F7 /* EthereumKit.xcodeproj */;
			proxyType = 2;
			remoteGlobalIDString = AEBA90D51FFA21ED003EA2BA;
			remoteInfo = EthereumKit;
		};
		EBE484EF21792FE5006879F7 /* PBXContainerItemProxy */ = {
			isa = PBXContainerItemProxy;
			containerPortal = EBE484E921792FE5006879F7 /* CryptoEthereumSwift.xcodeproj */;
			proxyType = 2;
			remoteGlobalIDString = 1AD1D61B20B7E822007AFF80;
			remoteInfo = CryptoEthereumSwift;
		};
		EBE484F121792FE5006879F7 /* PBXContainerItemProxy */ = {
			isa = PBXContainerItemProxy;
			containerPortal = EBE484E921792FE5006879F7 /* CryptoEthereumSwift.xcodeproj */;
			proxyType = 2;
			remoteGlobalIDString = 1AD1D62420B7E822007AFF80;
			remoteInfo = CryptoEthereumSwiftTests;
		};
		EBE484F321792FE5006879F7 /* PBXContainerItemProxy */ = {
			isa = PBXContainerItemProxy;
			containerPortal = EBE484E921792FE5006879F7 /* CryptoEthereumSwift.xcodeproj */;
			proxyType = 2;
			remoteGlobalIDString = 1AD1D63E20B7EF2F007AFF80;
			remoteInfo = Example;
		};
		EBE484FD21792FEC006879F7 /* PBXContainerItemProxy */ = {
			isa = PBXContainerItemProxy;
			containerPortal = EBE484F521792FEC006879F7 /* CryptoSwift.xcodeproj */;
			proxyType = 2;
			remoteGlobalIDString = 754BE45519693E190098E6F3;
			remoteInfo = CryptoSwift;
		};
		EBE484FF21792FEC006879F7 /* PBXContainerItemProxy */ = {
			isa = PBXContainerItemProxy;
			containerPortal = EBE484F521792FEC006879F7 /* CryptoSwift.xcodeproj */;
			proxyType = 2;
			remoteGlobalIDString = 75211F92207249D8004E41F8;
			remoteInfo = "CryptoSwift-TestHostApp";
		};
		EBE4850121792FEC006879F7 /* PBXContainerItemProxy */ = {
			isa = PBXContainerItemProxy;
			containerPortal = EBE484F521792FEC006879F7 /* CryptoSwift.xcodeproj */;
			proxyType = 2;
			remoteGlobalIDString = 754BE46019693E190098E6F3;
			remoteInfo = Tests;
		};
		EBE4850321792FEC006879F7 /* PBXContainerItemProxy */ = {
			isa = PBXContainerItemProxy;
			containerPortal = EBE484F521792FEC006879F7 /* CryptoSwift.xcodeproj */;
			proxyType = 2;
			remoteGlobalIDString = 7595C14A2072E48C00EA1A5F;
			remoteInfo = "TestsPerformance-Mac";
		};
		EBE4850521792FEC006879F7 /* PBXContainerItemProxy */ = {
			isa = PBXContainerItemProxy;
			containerPortal = EBE484F521792FEC006879F7 /* CryptoSwift.xcodeproj */;
			proxyType = 2;
			remoteGlobalIDString = 7564F0602072EAEB00CA5A96;
			remoteInfo = "TestsPerformance-iOS";
		};
		EBE4850921792FF3006879F7 /* PBXContainerItemProxy */ = {
			isa = PBXContainerItemProxy;
			containerPortal = EBE484F521792FEC006879F7 /* CryptoSwift.xcodeproj */;
			proxyType = 1;
			remoteGlobalIDString = 754BE45419693E190098E6F3;
			remoteInfo = CryptoSwift;
		};
		EBE4850D21792FF3006879F7 /* PBXContainerItemProxy */ = {
			isa = PBXContainerItemProxy;
			containerPortal = EBE484E921792FE5006879F7 /* CryptoEthereumSwift.xcodeproj */;
			proxyType = 1;
			remoteGlobalIDString = 1AD1D61A20B7E822007AFF80;
			remoteInfo = CryptoEthereumSwift;
		};
		EBE4851121792FF3006879F7 /* PBXContainerItemProxy */ = {
			isa = PBXContainerItemProxy;
			containerPortal = EBE484E321792FCB006879F7 /* EthereumKit.xcodeproj */;
			proxyType = 1;
			remoteGlobalIDString = AEBA90D41FFA21ED003EA2BA;
			remoteInfo = EthereumKit;
		};
/* End PBXContainerItemProxy section */

/* Begin PBXCopyFilesBuildPhase section */
		EBE4851321792FF3006879F7 /* Embed Frameworks */ = {
			isa = PBXCopyFilesBuildPhase;
			buildActionMask = 2147483647;
			dstPath = "";
			dstSubfolderSpec = 10;
			files = (
				EBE4850C21792FF3006879F7 /* CryptoEthereumSwift.framework in Embed Frameworks */,
				EBE4850821792FF3006879F7 /* CryptoSwift.framework in Embed Frameworks */,
				EBE4851021792FF3006879F7 /* EthereumKit.framework in Embed Frameworks */,
			);
			name = "Embed Frameworks";
			runOnlyForDeploymentPostprocessing = 0;
		};
/* End PBXCopyFilesBuildPhase section */

/* Begin PBXFileReference section */
		2564A9F9434EDC7F695A47C1 /* Pods-ColdCrypto.debug.xcconfig */ = {isa = PBXFileReference; includeInIndex = 1; lastKnownFileType = text.xcconfig; name = "Pods-ColdCrypto.debug.xcconfig"; path = "Pods/Target Support Files/Pods-ColdCrypto/Pods-ColdCrypto.debug.xcconfig"; sourceTree = "<group>"; };
		7CCFBA6F1971B8E07FB05360 /* Pods-ColdCrypto.release.xcconfig */ = {isa = PBXFileReference; includeInIndex = 1; lastKnownFileType = text.xcconfig; name = "Pods-ColdCrypto.release.xcconfig"; path = "Pods/Target Support Files/Pods-ColdCrypto/Pods-ColdCrypto.release.xcconfig"; sourceTree = "<group>"; };
		B511BE577741365521F8A2AA /* Pods_ColdCrypto.framework */ = {isa = PBXFileReference; explicitFileType = wrapper.framework; includeInIndex = 0; path = Pods_ColdCrypto.framework; sourceTree = BUILT_PRODUCTS_DIR; };
		EB1A0BEF218A27D300C43E72 /* CardsList.swift */ = {isa = PBXFileReference; lastKnownFileType = sourcecode.swift; path = CardsList.swift; sourceTree = "<group>"; };
		EB3ECC5C2180E8CD00D14656 /* Checkbox.swift */ = {isa = PBXFileReference; lastKnownFileType = sourcecode.swift; path = Checkbox.swift; sourceTree = "<group>"; };
		EB3ECC642180F74600D14656 /* ApiSign.swift */ = {isa = PBXFileReference; lastKnownFileType = sourcecode.swift; path = ApiSign.swift; sourceTree = "<group>"; };
		EB3F8AFD218357D5004E6CFB /* WalletView.swift */ = {isa = PBXFileReference; lastKnownFileType = sourcecode.swift; path = WalletView.swift; sourceTree = "<group>"; };
		EB6450882181069F008397DF /* SignalClient.swift */ = {isa = PBXFileReference; lastKnownFileType = sourcecode.swift; path = SignalClient.swift; sourceTree = "<group>"; };
		EB64509221810736008397DF /* WebRTCClient.swift */ = {isa = PBXFileReference; lastKnownFileType = sourcecode.swift; path = WebRTCClient.swift; sourceTree = "<group>"; };
		EB6450942181074D008397DF /* RTCStates.swift */ = {isa = PBXFileReference; lastKnownFileType = sourcecode.swift; path = RTCStates.swift; sourceTree = "<group>"; };
		EB64509621810A82008397DF /* Signer.swift */ = {isa = PBXFileReference; lastKnownFileType = sourcecode.swift; path = Signer.swift; sourceTree = "<group>"; };
		EB64509821810BBC008397DF /* RTC.swift */ = {isa = PBXFileReference; lastKnownFileType = sourcecode.swift; path = RTC.swift; sourceTree = "<group>"; };
		EB64509A21810CAD008397DF /* ApiWebRTC.swift */ = {isa = PBXFileReference; lastKnownFileType = sourcecode.swift; path = ApiWebRTC.swift; sourceTree = "<group>"; };
		EB64509C2181152E008397DF /* ApiOffer.swift */ = {isa = PBXFileReference; lastKnownFileType = sourcecode.swift; path = ApiOffer.swift; sourceTree = "<group>"; };
		EB64509E21811684008397DF /* ApiJoin.swift */ = {isa = PBXFileReference; lastKnownFileType = sourcecode.swift; path = ApiJoin.swift; sourceTree = "<group>"; };
		EB74B440217C75BB006AE00F /* CodeView.swift */ = {isa = PBXFileReference; lastKnownFileType = sourcecode.swift; path = CodeView.swift; sourceTree = "<group>"; };
		EB74B44F217CB3CA006AE00F /* bg@3x.png */ = {isa = PBXFileReference; lastKnownFileType = image.png; path = "bg@3x.png"; sourceTree = "<group>"; };
		EB74B450217CB3CA006AE00F /* bg@2x.png */ = {isa = PBXFileReference; lastKnownFileType = image.png; path = "bg@2x.png"; sourceTree = "<group>"; };
		EB74B456217CCFFB006AE00F /* ScanButton.swift */ = {isa = PBXFileReference; lastKnownFileType = sourcecode.swift; path = ScanButton.swift; sourceTree = "<group>"; };
		EB91A2342184983F001788FA /* ApiPay.swift */ = {isa = PBXFileReference; lastKnownFileType = sourcecode.swift; path = ApiPay.swift; sourceTree = "<group>"; };
		EB976CEB217BA6CE00B8DC95 /* ApiParamsWallet.swift */ = {isa = PBXFileReference; lastKnownFileType = sourcecode.swift; path = ApiParamsWallet.swift; sourceTree = "<group>"; };
		EB976CED217BA75900B8DC95 /* ApiParamsTx.swift */ = {isa = PBXFileReference; lastKnownFileType = sourcecode.swift; path = ApiParamsTx.swift; sourceTree = "<group>"; };
		EBA5938A217A813F00F3CB65 /* Button.swift */ = {isa = PBXFileReference; lastKnownFileType = sourcecode.swift; path = Button.swift; sourceTree = "<group>"; };
		EBA59392217A815300F3CB65 /* Extensions.swift */ = {isa = PBXFileReference; lastKnownFileType = sourcecode.swift; path = Extensions.swift; sourceTree = "<group>"; };
		EBA59395217A816800F3CB65 /* SF-Pro-Display-Regular.otf */ = {isa = PBXFileReference; lastKnownFileType = file; path = "SF-Pro-Display-Regular.otf"; sourceTree = "<group>"; };
		EBA59396217A816800F3CB65 /* SF-Pro-Display-Bold.otf */ = {isa = PBXFileReference; lastKnownFileType = file; path = "SF-Pro-Display-Bold.otf"; sourceTree = "<group>"; };
		EBA59397217A816800F3CB65 /* SF-Pro-Display-Medium.otf */ = {isa = PBXFileReference; lastKnownFileType = file; path = "SF-Pro-Display-Medium.otf"; sourceTree = "<group>"; };
		EBA59398217A816800F3CB65 /* SF-Pro-Display-Semibold.otf */ = {isa = PBXFileReference; lastKnownFileType = file; path = "SF-Pro-Display-Semibold.otf"; sourceTree = "<group>"; };
		EBA593A6217A831800F3CB65 /* Localizable.strings */ = {isa = PBXFileReference; fileEncoding = 4; lastKnownFileType = text.plist.strings; path = Localizable.strings; sourceTree = "<group>"; };
		EBA593AE217A844E00F3CB65 /* ScannerVC.swift */ = {isa = PBXFileReference; fileEncoding = 4; lastKnownFileType = sourcecode.swift; path = ScannerVC.swift; sourceTree = "<group>"; };
		EBA593B0217A845E00F3CB65 /* AVFoundation.framework */ = {isa = PBXFileReference; lastKnownFileType = wrapper.framework; name = AVFoundation.framework; path = System/Library/Frameworks/AVFoundation.framework; sourceTree = SDKROOT; };
		EBA593B2217A84A000F3CB65 /* ScanView.swift */ = {isa = PBXFileReference; fileEncoding = 4; lastKnownFileType = sourcecode.swift; path = ScanView.swift; sourceTree = "<group>"; };
		EBA593B5217A88EF00F3CB65 /* ETHTransaction.swift */ = {isa = PBXFileReference; fileEncoding = 4; lastKnownFileType = sourcecode.swift; path = ETHTransaction.swift; sourceTree = "<group>"; };
		EBA593B6217A88EF00F3CB65 /* ETHWallet.swift */ = {isa = PBXFileReference; fileEncoding = 4; lastKnownFileType = sourcecode.swift; path = ETHWallet.swift; sourceTree = "<group>"; };
		EBA593B8217A88EF00F3CB65 /* EthereumAddress.swift */ = {isa = PBXFileReference; fileEncoding = 4; lastKnownFileType = sourcecode.swift; path = EthereumAddress.swift; sourceTree = "<group>"; };
		EBA593B9217A88EF00F3CB65 /* ETHNet.swift */ = {isa = PBXFileReference; fileEncoding = 4; lastKnownFileType = sourcecode.swift; path = ETHNet.swift; sourceTree = "<group>"; };
		EBA593BF217A890500F3CB65 /* IWallet.swift */ = {isa = PBXFileReference; fileEncoding = 4; lastKnownFileType = sourcecode.swift; path = IWallet.swift; sourceTree = "<group>"; };
		EBA593C1217A892900F3CB65 /* Blockchain.swift */ = {isa = PBXFileReference; fileEncoding = 4; lastKnownFileType = sourcecode.swift; path = Blockchain.swift; sourceTree = "<group>"; };
		EBA593C3217A897E00F3CB65 /* IViewable.swift */ = {isa = PBXFileReference; fileEncoding = 4; lastKnownFileType = sourcecode.swift; path = IViewable.swift; sourceTree = "<group>"; };
		EBA593C7217A89B800F3CB65 /* ITransaction.swift */ = {isa = PBXFileReference; fileEncoding = 4; lastKnownFileType = sourcecode.swift; path = ITransaction.swift; sourceTree = "<group>"; };
		EBA593C9217A8AC900F3CB65 /* Settings.swift */ = {isa = PBXFileReference; lastKnownFileType = sourcecode.swift; path = Settings.swift; sourceTree = "<group>"; };
		EBA593CB217A8AF800F3CB65 /* Profile.swift */ = {isa = PBXFileReference; lastKnownFileType = sourcecode.swift; path = Profile.swift; sourceTree = "<group>"; };
		EBA593CD217A8B6400F3CB65 /* Chain.swift */ = {isa = PBXFileReference; lastKnownFileType = sourcecode.swift; path = Chain.swift; sourceTree = "<group>"; };
		EBA593CF217A8BF700F3CB65 /* CheckCodeVC.swift */ = {isa = PBXFileReference; fileEncoding = 4; lastKnownFileType = sourcecode.swift; path = CheckCodeVC.swift; sourceTree = "<group>"; };
		EBA593D1217A8BFE00F3CB65 /* AuthVC.swift */ = {isa = PBXFileReference; fileEncoding = 4; lastKnownFileType = sourcecode.swift; path = AuthVC.swift; sourceTree = "<group>"; };
		EBA593D3217A8C0300F3CB65 /* NewCodeVC.swift */ = {isa = PBXFileReference; fileEncoding = 4; lastKnownFileType = sourcecode.swift; path = NewCodeVC.swift; sourceTree = "<group>"; };
		EBA593D5217A8C1B00F3CB65 /* CodeVC.swift */ = {isa = PBXFileReference; fileEncoding = 4; lastKnownFileType = sourcecode.swift; path = CodeVC.swift; sourceTree = "<group>"; };
		EBA593D7217A8CA300F3CB65 /* BioAuth.swift */ = {isa = PBXFileReference; fileEncoding = 4; lastKnownFileType = sourcecode.swift; path = BioAuth.swift; sourceTree = "<group>"; };
		EBA593D9217A8CB500F3CB65 /* LocalAuthentication.framework */ = {isa = PBXFileReference; lastKnownFileType = wrapper.framework; name = LocalAuthentication.framework; path = System/Library/Frameworks/LocalAuthentication.framework; sourceTree = SDKROOT; };
		EBA593DD217A8CDC00F3CB65 /* NumberPad.swift */ = {isa = PBXFileReference; fileEncoding = 4; lastKnownFileType = sourcecode.swift; path = NumberPad.swift; sourceTree = "<group>"; };
		EBA593DF217A8D1900F3CB65 /* Alert.swift */ = {isa = PBXFileReference; lastKnownFileType = sourcecode.swift; path = Alert.swift; sourceTree = "<group>"; };
		EBB15F862184EEF600F6370E /* CodeView.swift */ = {isa = PBXFileReference; fileEncoding = 4; lastKnownFileType = sourcecode.swift; path = CodeView.swift; sourceTree = "<group>"; };
		EBC9F77B21822F4900150883 /* ApiAnswer.swift */ = {isa = PBXFileReference; lastKnownFileType = sourcecode.swift; path = ApiAnswer.swift; sourceTree = "<group>"; };
		EBC9F78321822FC000150883 /* ApiMessage.swift */ = {isa = PBXFileReference; lastKnownFileType = sourcecode.swift; path = ApiMessage.swift; sourceTree = "<group>"; };
		EBC9F7852182321600150883 /* ApiIce.swift */ = {isa = PBXFileReference; lastKnownFileType = sourcecode.swift; path = ApiIce.swift; sourceTree = "<group>"; };
		EBC9F79321824F2B00150883 /* ApiChains.swift */ = {isa = PBXFileReference; lastKnownFileType = sourcecode.swift; path = ApiChains.swift; sourceTree = "<group>"; };
		EBD0B11B218DFBED00FD1B37 /* MenuVC.swift */ = {isa = PBXFileReference; lastKnownFileType = sourcecode.swift; path = MenuVC.swift; sourceTree = "<group>"; };
		EBD0B12E218E3D9A00FD1B37 /* MenuCell.swift */ = {isa = PBXFileReference; lastKnownFileType = sourcecode.swift; path = MenuCell.swift; sourceTree = "<group>"; };
		EBD4FCC72190BBBF0080D1A9 /* PopAnimator.swift */ = {isa = PBXFileReference; lastKnownFileType = sourcecode.swift; path = PopAnimator.swift; sourceTree = "<group>"; };
		EBD4FCC92190BFC20080D1A9 /* IPopover.swift */ = {isa = PBXFileReference; lastKnownFileType = sourcecode.swift; path = IPopover.swift; sourceTree = "<group>"; };
		EBD4FCCB2190D4D50080D1A9 /* PopupVC.swift */ = {isa = PBXFileReference; lastKnownFileType = sourcecode.swift; path = PopupVC.swift; sourceTree = "<group>"; };
		EBDCD55B217FD85E00B6EF5B /* ConfirmationVC.swift */ = {isa = PBXFileReference; lastKnownFileType = sourcecode.swift; path = ConfirmationVC.swift; sourceTree = "<group>"; };
		EBE484CD217928BF006879F7 /* ColdCrypto.app */ = {isa = PBXFileReference; explicitFileType = wrapper.application; includeInIndex = 0; path = ColdCrypto.app; sourceTree = BUILT_PRODUCTS_DIR; };
		EBE484D0217928BF006879F7 /* AppDelegate.swift */ = {isa = PBXFileReference; lastKnownFileType = sourcecode.swift; path = AppDelegate.swift; sourceTree = "<group>"; };
		EBE484D2217928BF006879F7 /* ProfileVC.swift */ = {isa = PBXFileReference; lastKnownFileType = sourcecode.swift; path = ProfileVC.swift; sourceTree = "<group>"; };
		EBE484D7217928C0006879F7 /* Assets.xcassets */ = {isa = PBXFileReference; lastKnownFileType = folder.assetcatalog; path = Assets.xcassets; sourceTree = "<group>"; };
		EBE484DA217928C0006879F7 /* Base */ = {isa = PBXFileReference; lastKnownFileType = file.storyboard; name = Base; path = Base.lproj/LaunchScreen.storyboard; sourceTree = "<group>"; };
		EBE484DC217928C0006879F7 /* Info.plist */ = {isa = PBXFileReference; lastKnownFileType = text.plist.xml; path = Info.plist; sourceTree = "<group>"; };
		EBE484E321792FCB006879F7 /* EthereumKit.xcodeproj */ = {isa = PBXFileReference; lastKnownFileType = "wrapper.pb-project"; name = EthereumKit.xcodeproj; path = EthereumKit/EthereumKit.xcodeproj; sourceTree = "<group>"; };
		EBE484E921792FE5006879F7 /* CryptoEthereumSwift.xcodeproj */ = {isa = PBXFileReference; lastKnownFileType = "wrapper.pb-project"; name = CryptoEthereumSwift.xcodeproj; path = EthereumKit/Carthage/Checkouts/CryptoEthereumSwift/CryptoEthereumSwift.xcodeproj; sourceTree = "<group>"; };
		EBE484F521792FEC006879F7 /* CryptoSwift.xcodeproj */ = {isa = PBXFileReference; lastKnownFileType = "wrapper.pb-project"; name = CryptoSwift.xcodeproj; path = EthereumKit/Carthage/Checkouts/CryptoSwift/CryptoSwift.xcodeproj; sourceTree = "<group>"; };
		EBF620B9218B9134005C6141 /* PasswordVC.swift */ = {isa = PBXFileReference; lastKnownFileType = sourcecode.swift; path = PasswordVC.swift; sourceTree = "<group>"; };
		EBF620C1218BA2AA005C6141 /* RepeatPassVC.swift */ = {isa = PBXFileReference; lastKnownFileType = sourcecode.swift; path = RepeatPassVC.swift; sourceTree = "<group>"; };
/* End PBXFileReference section */

/* Begin PBXFrameworksBuildPhase section */
		EBE484CA217928BF006879F7 /* Frameworks */ = {
			isa = PBXFrameworksBuildPhase;
			buildActionMask = 2147483647;
			files = (
				EBA593DA217A8CB500F3CB65 /* LocalAuthentication.framework in Frameworks */,
				EBA593B1217A845E00F3CB65 /* AVFoundation.framework in Frameworks */,
				EBE4850F21792FF3006879F7 /* EthereumKit.framework in Frameworks */,
				EBE4850B21792FF3006879F7 /* CryptoEthereumSwift.framework in Frameworks */,
				A4C7EEFDE2D214A0BE9F822B /* Pods_ColdCrypto.framework in Frameworks */,
				EBE4850721792FF3006879F7 /* CryptoSwift.framework in Frameworks */,
			);
			runOnlyForDeploymentPostprocessing = 0;
		};
/* End PBXFrameworksBuildPhase section */

/* Begin PBXGroup section */
		1A2741F217BD81CB5F16F23D /* Frameworks */ = {
			isa = PBXGroup;
			children = (
				EBA593D9217A8CB500F3CB65 /* LocalAuthentication.framework */,
				EBA593B0217A845E00F3CB65 /* AVFoundation.framework */,
				B511BE577741365521F8A2AA /* Pods_ColdCrypto.framework */,
			);
			name = Frameworks;
			sourceTree = "<group>";
		};
		D8A5F3620388EE0AFE58B8D8 /* Pods */ = {
			isa = PBXGroup;
			children = (
				2564A9F9434EDC7F695A47C1 /* Pods-ColdCrypto.debug.xcconfig */,
				7CCFBA6F1971B8E07FB05360 /* Pods-ColdCrypto.release.xcconfig */,
			);
			name = Pods;
			sourceTree = "<group>";
		};
		EB6450872181068F008397DF /* WebRTC */ = {
			isa = PBXGroup;
			children = (
				EB6450882181069F008397DF /* SignalClient.swift */,
				EB64509221810736008397DF /* WebRTCClient.swift */,
				EB6450942181074D008397DF /* RTCStates.swift */,
				EB64509821810BBC008397DF /* RTC.swift */,
			);
			path = WebRTC;
			sourceTree = "<group>";
		};
		EB74B437217C7599006AE00F /* Controllers */ = {
			isa = PBXGroup;
			children = (
				EBA593DF217A8D1900F3CB65 /* Alert.swift */,
				EBA593CF217A8BF700F3CB65 /* CheckCodeVC.swift */,
				EBA593D5217A8C1B00F3CB65 /* CodeVC.swift */,
				EBA593D3217A8C0300F3CB65 /* NewCodeVC.swift */,
				EBA593AE217A844E00F3CB65 /* ScannerVC.swift */,
				EBA593D1217A8BFE00F3CB65 /* AuthVC.swift */,
				EBE484D2217928BF006879F7 /* ProfileVC.swift */,
				EBDCD55B217FD85E00B6EF5B /* ConfirmationVC.swift */,
				EBF620B9218B9134005C6141 /* PasswordVC.swift */,
				EBF620C1218BA2AA005C6141 /* RepeatPassVC.swift */,
				EBD0B11B218DFBED00FD1B37 /* MenuVC.swift */,
				EBD4FCCB2190D4D50080D1A9 /* PopupVC.swift */,
			);
			path = Controllers;
			sourceTree = "<group>";
		};
		EB74B43E217C75AA006AE00F /* Model */ = {
			isa = PBXGroup;
			children = (
				EB6450872181068F008397DF /* WebRTC */,
				EBA593B4217A88E700F3CB65 /* ETH */,
				EB976CE4217BA6B400B8DC95 /* Entities */,
				EBA593D7217A8CA300F3CB65 /* BioAuth.swift */,
				EBA593C9217A8AC900F3CB65 /* Settings.swift */,
				EBA59392217A815300F3CB65 /* Extensions.swift */,
				EBA593CB217A8AF800F3CB65 /* Profile.swift */,
				EBA593CD217A8B6400F3CB65 /* Chain.swift */,
				EB64509621810A82008397DF /* Signer.swift */,
				EBD4FCC72190BBBF0080D1A9 /* PopAnimator.swift */,
				EBD4FCC92190BFC20080D1A9 /* IPopover.swift */,
			);
			path = Model;
			sourceTree = "<group>";
		};
		EB74B43F217C75B2006AE00F /* Views */ = {
			isa = PBXGroup;
			children = (
				EB74B440217C75BB006AE00F /* CodeView.swift */,
				EBA593B2217A84A000F3CB65 /* ScanView.swift */,
				EBA593DD217A8CDC00F3CB65 /* NumberPad.swift */,
				EBB15F862184EEF600F6370E /* CodeView.swift */,
				EBA5938A217A813F00F3CB65 /* Button.swift */,
				EB74B456217CCFFB006AE00F /* ScanButton.swift */,
				EB3ECC5C2180E8CD00D14656 /* Checkbox.swift */,
				EB3F8AFD218357D5004E6CFB /* WalletView.swift */,
				EB1A0BEF218A27D300C43E72 /* CardsList.swift */,
				EBD0B12E218E3D9A00FD1B37 /* MenuCell.swift */,
			);
			path = Views;
			sourceTree = "<group>";
		};
		EB74B443217C75E8006AE00F /* Resources */ = {
			isa = PBXGroup;
			children = (
				EBA593A6217A831800F3CB65 /* Localizable.strings */,
				EBA59394217A816800F3CB65 /* Fonts */,
				EBE484D7217928C0006879F7 /* Assets.xcassets */,
				EBE484D9217928C0006879F7 /* LaunchScreen.storyboard */,
				EB74B450217CB3CA006AE00F /* bg@2x.png */,
				EB74B44F217CB3CA006AE00F /* bg@3x.png */,
				EBE484DC217928C0006879F7 /* Info.plist */,
			);
			path = Resources;
			sourceTree = "<group>";
		};
		EB976CE4217BA6B400B8DC95 /* Entities */ = {
			isa = PBXGroup;
			children = (
				EB976CEB217BA6CE00B8DC95 /* ApiParamsWallet.swift */,
				EB976CED217BA75900B8DC95 /* ApiParamsTx.swift */,
				EB3ECC642180F74600D14656 /* ApiSign.swift */,
				EB64509A21810CAD008397DF /* ApiWebRTC.swift */,
				EB64509C2181152E008397DF /* ApiOffer.swift */,
				EB64509E21811684008397DF /* ApiJoin.swift */,
				EBC9F77B21822F4900150883 /* ApiAnswer.swift */,
				EBC9F78321822FC000150883 /* ApiMessage.swift */,
				EBC9F7852182321600150883 /* ApiIce.swift */,
				EBC9F79321824F2B00150883 /* ApiChains.swift */,
				EB91A2342184983F001788FA /* ApiPay.swift */,
			);
			path = Entities;
			sourceTree = "<group>";
		};
		EBA59394217A816800F3CB65 /* Fonts */ = {
			isa = PBXGroup;
			children = (
				EBA59395217A816800F3CB65 /* SF-Pro-Display-Regular.otf */,
				EBA59396217A816800F3CB65 /* SF-Pro-Display-Bold.otf */,
				EBA59397217A816800F3CB65 /* SF-Pro-Display-Medium.otf */,
				EBA59398217A816800F3CB65 /* SF-Pro-Display-Semibold.otf */,
			);
			path = Fonts;
			sourceTree = "<group>";
		};
		EBA593B4217A88E700F3CB65 /* ETH */ = {
			isa = PBXGroup;
			children = (
				EBA593C7217A89B800F3CB65 /* ITransaction.swift */,
				EBA593C3217A897E00F3CB65 /* IViewable.swift */,
				EBA593C1217A892900F3CB65 /* Blockchain.swift */,
				EBA593BF217A890500F3CB65 /* IWallet.swift */,
				EBA593B8217A88EF00F3CB65 /* EthereumAddress.swift */,
				EBA593B9217A88EF00F3CB65 /* ETHNet.swift */,
				EBA593B5217A88EF00F3CB65 /* ETHTransaction.swift */,
				EBA593B6217A88EF00F3CB65 /* ETHWallet.swift */,
			);
			path = ETH;
			sourceTree = "<group>";
		};
		EBE484C4217928BF006879F7 = {
			isa = PBXGroup;
			children = (
				EBE484F521792FEC006879F7 /* CryptoSwift.xcodeproj */,
				EBE484E921792FE5006879F7 /* CryptoEthereumSwift.xcodeproj */,
				EBE484E321792FCB006879F7 /* EthereumKit.xcodeproj */,
				EBE484CF217928BF006879F7 /* ColdCrypto */,
				EBE484CE217928BF006879F7 /* Products */,
				D8A5F3620388EE0AFE58B8D8 /* Pods */,
				1A2741F217BD81CB5F16F23D /* Frameworks */,
			);
			sourceTree = "<group>";
		};
		EBE484CE217928BF006879F7 /* Products */ = {
			isa = PBXGroup;
			children = (
				EBE484CD217928BF006879F7 /* ColdCrypto.app */,
			);
			name = Products;
			sourceTree = "<group>";
		};
		EBE484CF217928BF006879F7 /* ColdCrypto */ = {
			isa = PBXGroup;
			children = (
				EB74B443217C75E8006AE00F /* Resources */,
				EB74B43F217C75B2006AE00F /* Views */,
				EB74B43E217C75AA006AE00F /* Model */,
				EB74B437217C7599006AE00F /* Controllers */,
				EBE484D0217928BF006879F7 /* AppDelegate.swift */,
			);
			path = ColdCrypto;
			sourceTree = "<group>";
		};
		EBE484E421792FCB006879F7 /* Products */ = {
			isa = PBXGroup;
			children = (
				EBE484E821792FCB006879F7 /* EthereumKit.framework */,
			);
			name = Products;
			sourceTree = "<group>";
		};
		EBE484EA21792FE5006879F7 /* Products */ = {
			isa = PBXGroup;
			children = (
				EBE484F021792FE5006879F7 /* CryptoEthereumSwift.framework */,
				EBE484F221792FE5006879F7 /* CryptoEthereumSwiftTests.xctest */,
				EBE484F421792FE5006879F7 /* Example.app */,
			);
			name = Products;
			sourceTree = "<group>";
		};
		EBE484F621792FEC006879F7 /* Products */ = {
			isa = PBXGroup;
			children = (
				EBE484FE21792FEC006879F7 /* CryptoSwift.framework */,
				EBE4850021792FEC006879F7 /* CryptoSwift-TestHostApp.app */,
				EBE4850221792FEC006879F7 /* Tests.xctest */,
				EBE4850421792FEC006879F7 /* TestsPerformance-Mac.xctest */,
				EBE4850621792FEC006879F7 /* TestsPerformance-iOS.xctest */,
			);
			name = Products;
			sourceTree = "<group>";
		};
/* End PBXGroup section */

/* Begin PBXNativeTarget section */
		EBE484CC217928BF006879F7 /* ColdCrypto */ = {
			isa = PBXNativeTarget;
			buildConfigurationList = EBE484DF217928C0006879F7 /* Build configuration list for PBXNativeTarget "ColdCrypto" */;
			buildPhases = (
				B33D9B7B27027B4D878D5AEF /* [CP] Check Pods Manifest.lock */,
				EBE484C9217928BF006879F7 /* Sources */,
				EBE484CA217928BF006879F7 /* Frameworks */,
				EBE484CB217928BF006879F7 /* Resources */,
				5468F8BFA76CD929B4E45DE5 /* [CP] Embed Pods Frameworks */,
				EBE4851321792FF3006879F7 /* Embed Frameworks */,
				DCDB017F6F7A4E091F782215 /* [CP] Copy Pods Resources */,
				EB976D0F217BC72400B8DC95 /* ShellScript */,
			);
			buildRules = (
			);
			dependencies = (
				EBE4850A21792FF3006879F7 /* PBXTargetDependency */,
				EBE4850E21792FF3006879F7 /* PBXTargetDependency */,
				EBE4851221792FF3006879F7 /* PBXTargetDependency */,
			);
			name = ColdCrypto;
			productName = ColdCrypto;
			productReference = EBE484CD217928BF006879F7 /* ColdCrypto.app */;
			productType = "com.apple.product-type.application";
		};
/* End PBXNativeTarget section */

/* Begin PBXProject section */
		EBE484C5217928BF006879F7 /* Project object */ = {
			isa = PBXProject;
			attributes = {
				LastSwiftUpdateCheck = 0940;
				LastUpgradeCheck = 0940;
				ORGANIZATIONNAME = "Kirill Kozhuhar";
				TargetAttributes = {
					EBE484CC217928BF006879F7 = {
						CreatedOnToolsVersion = 9.4.1;
						SystemCapabilities = {
							com.apple.BackgroundModes = {
								enabled = 1;
							};
						};
					};
				};
			};
			buildConfigurationList = EBE484C8217928BF006879F7 /* Build configuration list for PBXProject "ColdCrypto" */;
			compatibilityVersion = "Xcode 9.3";
			developmentRegion = en;
			hasScannedForEncodings = 0;
			knownRegions = (
				en,
				Base,
			);
			mainGroup = EBE484C4217928BF006879F7;
			productRefGroup = EBE484CE217928BF006879F7 /* Products */;
			projectDirPath = "";
			projectReferences = (
				{
					ProductGroup = EBE484EA21792FE5006879F7 /* Products */;
					ProjectRef = EBE484E921792FE5006879F7 /* CryptoEthereumSwift.xcodeproj */;
				},
				{
					ProductGroup = EBE484F621792FEC006879F7 /* Products */;
					ProjectRef = EBE484F521792FEC006879F7 /* CryptoSwift.xcodeproj */;
				},
				{
					ProductGroup = EBE484E421792FCB006879F7 /* Products */;
					ProjectRef = EBE484E321792FCB006879F7 /* EthereumKit.xcodeproj */;
				},
			);
			projectRoot = "";
			targets = (
				EBE484CC217928BF006879F7 /* ColdCrypto */,
			);
		};
/* End PBXProject section */

/* Begin PBXReferenceProxy section */
		EBE484E821792FCB006879F7 /* EthereumKit.framework */ = {
			isa = PBXReferenceProxy;
			fileType = wrapper.framework;
			path = EthereumKit.framework;
			remoteRef = EBE484E721792FCB006879F7 /* PBXContainerItemProxy */;
			sourceTree = BUILT_PRODUCTS_DIR;
		};
		EBE484F021792FE5006879F7 /* CryptoEthereumSwift.framework */ = {
			isa = PBXReferenceProxy;
			fileType = wrapper.framework;
			path = CryptoEthereumSwift.framework;
			remoteRef = EBE484EF21792FE5006879F7 /* PBXContainerItemProxy */;
			sourceTree = BUILT_PRODUCTS_DIR;
		};
		EBE484F221792FE5006879F7 /* CryptoEthereumSwiftTests.xctest */ = {
			isa = PBXReferenceProxy;
			fileType = wrapper.cfbundle;
			path = CryptoEthereumSwiftTests.xctest;
			remoteRef = EBE484F121792FE5006879F7 /* PBXContainerItemProxy */;
			sourceTree = BUILT_PRODUCTS_DIR;
		};
		EBE484F421792FE5006879F7 /* Example.app */ = {
			isa = PBXReferenceProxy;
			fileType = wrapper.application;
			path = Example.app;
			remoteRef = EBE484F321792FE5006879F7 /* PBXContainerItemProxy */;
			sourceTree = BUILT_PRODUCTS_DIR;
		};
		EBE484FE21792FEC006879F7 /* CryptoSwift.framework */ = {
			isa = PBXReferenceProxy;
			fileType = wrapper.framework;
			path = CryptoSwift.framework;
			remoteRef = EBE484FD21792FEC006879F7 /* PBXContainerItemProxy */;
			sourceTree = BUILT_PRODUCTS_DIR;
		};
		EBE4850021792FEC006879F7 /* CryptoSwift-TestHostApp.app */ = {
			isa = PBXReferenceProxy;
			fileType = wrapper.application;
			path = "CryptoSwift-TestHostApp.app";
			remoteRef = EBE484FF21792FEC006879F7 /* PBXContainerItemProxy */;
			sourceTree = BUILT_PRODUCTS_DIR;
		};
		EBE4850221792FEC006879F7 /* Tests.xctest */ = {
			isa = PBXReferenceProxy;
			fileType = wrapper.cfbundle;
			path = Tests.xctest;
			remoteRef = EBE4850121792FEC006879F7 /* PBXContainerItemProxy */;
			sourceTree = BUILT_PRODUCTS_DIR;
		};
		EBE4850421792FEC006879F7 /* TestsPerformance-Mac.xctest */ = {
			isa = PBXReferenceProxy;
			fileType = wrapper.cfbundle;
			path = "TestsPerformance-Mac.xctest";
			remoteRef = EBE4850321792FEC006879F7 /* PBXContainerItemProxy */;
			sourceTree = BUILT_PRODUCTS_DIR;
		};
		EBE4850621792FEC006879F7 /* TestsPerformance-iOS.xctest */ = {
			isa = PBXReferenceProxy;
			fileType = wrapper.cfbundle;
			path = "TestsPerformance-iOS.xctest";
			remoteRef = EBE4850521792FEC006879F7 /* PBXContainerItemProxy */;
			sourceTree = BUILT_PRODUCTS_DIR;
		};
/* End PBXReferenceProxy section */

/* Begin PBXResourcesBuildPhase section */
		EBE484CB217928BF006879F7 /* Resources */ = {
			isa = PBXResourcesBuildPhase;
			buildActionMask = 2147483647;
			files = (
				EB74B452217CB3CA006AE00F /* bg@2x.png in Resources */,
				EB74B451217CB3CA006AE00F /* bg@3x.png in Resources */,
				EBA5939C217A816800F3CB65 /* SF-Pro-Display-Semibold.otf in Resources */,
				EBE484DB217928C0006879F7 /* LaunchScreen.storyboard in Resources */,
				EBA59399217A816800F3CB65 /* SF-Pro-Display-Regular.otf in Resources */,
				EBA593AD217A831900F3CB65 /* Localizable.strings in Resources */,
				EBA5939A217A816800F3CB65 /* SF-Pro-Display-Bold.otf in Resources */,
				EBE484D8217928C0006879F7 /* Assets.xcassets in Resources */,
				EBA5939B217A816800F3CB65 /* SF-Pro-Display-Medium.otf in Resources */,
			);
			runOnlyForDeploymentPostprocessing = 0;
		};
/* End PBXResourcesBuildPhase section */

/* Begin PBXShellScriptBuildPhase section */
		5468F8BFA76CD929B4E45DE5 /* [CP] Embed Pods Frameworks */ = {
			isa = PBXShellScriptBuildPhase;
			buildActionMask = 2147483647;
			files = (
			);
			inputPaths = (
				"${SRCROOT}/Pods/Target Support Files/Pods-ColdCrypto/Pods-ColdCrypto-frameworks.sh",
				"${PODS_ROOT}/GoogleWebRTC/Frameworks/frameworks/WebRTC.framework",
				"${BUILT_PRODUCTS_DIR}/HandyJSON/HandyJSON.framework",
				"${BUILT_PRODUCTS_DIR}/JTHamburgerButton/JTHamburgerButton.framework",
				"${BUILT_PRODUCTS_DIR}/KeychainAccess/KeychainAccess.framework",
				"${BUILT_PRODUCTS_DIR}/MBProgressHUD/MBProgressHUD.framework",
				"${BUILT_PRODUCTS_DIR}/Malert/Malert.framework",
				"${BUILT_PRODUCTS_DIR}/QRCode/QRCode.framework",
				"${BUILT_PRODUCTS_DIR}/RNCryptor/RNCryptor.framework",
				"${BUILT_PRODUCTS_DIR}/SideMenu/SideMenu.framework",
				"${BUILT_PRODUCTS_DIR}/Starscream/Starscream.framework",
				"${BUILT_PRODUCTS_DIR}/TGLStackedViewController/TGLStackedViewController.framework",
			);
			name = "[CP] Embed Pods Frameworks";
			outputPaths = (
				"${TARGET_BUILD_DIR}/${FRAMEWORKS_FOLDER_PATH}/WebRTC.framework",
				"${TARGET_BUILD_DIR}/${FRAMEWORKS_FOLDER_PATH}/HandyJSON.framework",
				"${TARGET_BUILD_DIR}/${FRAMEWORKS_FOLDER_PATH}/JTHamburgerButton.framework",
				"${TARGET_BUILD_DIR}/${FRAMEWORKS_FOLDER_PATH}/KeychainAccess.framework",
				"${TARGET_BUILD_DIR}/${FRAMEWORKS_FOLDER_PATH}/MBProgressHUD.framework",
				"${TARGET_BUILD_DIR}/${FRAMEWORKS_FOLDER_PATH}/Malert.framework",
				"${TARGET_BUILD_DIR}/${FRAMEWORKS_FOLDER_PATH}/QRCode.framework",
				"${TARGET_BUILD_DIR}/${FRAMEWORKS_FOLDER_PATH}/RNCryptor.framework",
				"${TARGET_BUILD_DIR}/${FRAMEWORKS_FOLDER_PATH}/SideMenu.framework",
				"${TARGET_BUILD_DIR}/${FRAMEWORKS_FOLDER_PATH}/Starscream.framework",
				"${TARGET_BUILD_DIR}/${FRAMEWORKS_FOLDER_PATH}/TGLStackedViewController.framework",
			);
			runOnlyForDeploymentPostprocessing = 0;
			shellPath = /bin/sh;
			shellScript = "\"${SRCROOT}/Pods/Target Support Files/Pods-ColdCrypto/Pods-ColdCrypto-frameworks.sh\"\n";
			showEnvVarsInLog = 0;
		};
		B33D9B7B27027B4D878D5AEF /* [CP] Check Pods Manifest.lock */ = {
			isa = PBXShellScriptBuildPhase;
			buildActionMask = 2147483647;
			files = (
			);
			inputPaths = (
				"${PODS_PODFILE_DIR_PATH}/Podfile.lock",
				"${PODS_ROOT}/Manifest.lock",
			);
			name = "[CP] Check Pods Manifest.lock";
			outputPaths = (
				"$(DERIVED_FILE_DIR)/Pods-ColdCrypto-checkManifestLockResult.txt",
			);
			runOnlyForDeploymentPostprocessing = 0;
			shellPath = /bin/sh;
			shellScript = "diff \"${PODS_PODFILE_DIR_PATH}/Podfile.lock\" \"${PODS_ROOT}/Manifest.lock\" > /dev/null\nif [ $? != 0 ] ; then\n    # print error to STDERR\n    echo \"error: The sandbox is not in sync with the Podfile.lock. Run 'pod install' or update your CocoaPods installation.\" >&2\n    exit 1\nfi\n# This output is used by Xcode 'outputs' to avoid re-running this script phase.\necho \"SUCCESS\" > \"${SCRIPT_OUTPUT_FILE_0}\"\n";
			showEnvVarsInLog = 0;
		};
		DCDB017F6F7A4E091F782215 /* [CP] Copy Pods Resources */ = {
			isa = PBXShellScriptBuildPhase;
			buildActionMask = 2147483647;
			files = (
			);
			inputPaths = (
				"${SRCROOT}/Pods/Target Support Files/Pods-ColdCrypto/Pods-ColdCrypto-resources.sh",
				"${PODS_CONFIGURATION_BUILD_DIR}/HockeySDK/HockeySDKResources.bundle",
			);
			name = "[CP] Copy Pods Resources";
			outputPaths = (
				"${TARGET_BUILD_DIR}/${UNLOCALIZED_RESOURCES_FOLDER_PATH}/HockeySDKResources.bundle",
			);
			runOnlyForDeploymentPostprocessing = 0;
			shellPath = /bin/sh;
			shellScript = "\"${SRCROOT}/Pods/Target Support Files/Pods-ColdCrypto/Pods-ColdCrypto-resources.sh\"\n";
			showEnvVarsInLog = 0;
		};
		EB976D0F217BC72400B8DC95 /* ShellScript */ = {
			isa = PBXShellScriptBuildPhase;
			buildActionMask = 2147483647;
			files = (
			);
			inputFileListPaths = (
			);
			inputPaths = (
			);
			outputFileListPaths = (
			);
			outputPaths = (
			);
			runOnlyForDeploymentPostprocessing = 0;
			shellPath = /bin/sh;
			shellScript = "# Type a script or drag a script file from your workspace to insert its path.\nFILE=\"${SRCROOT}/HockeySDK-iOS/BuildAgent\"\nif [ -f \"$FILE\" ]; then\n\"$FILE\"\nfi\n";
		};
/* End PBXShellScriptBuildPhase section */

/* Begin PBXSourcesBuildPhase section */
		EBE484C9217928BF006879F7 /* Sources */ = {
			isa = PBXSourcesBuildPhase;
			buildActionMask = 2147483647;
			files = (
				EBA593AF217A844E00F3CB65 /* ScannerVC.swift in Sources */,
				EB6450892181069F008397DF /* SignalClient.swift in Sources */,
				EB1A0BF0218A27D300C43E72 /* CardsList.swift in Sources */,
				EBC9F7862182321600150883 /* ApiIce.swift in Sources */,
				EBA593BD217A88EF00F3CB65 /* EthereumAddress.swift in Sources */,
				EB64509921810BBC008397DF /* RTC.swift in Sources */,
				EB64509321810736008397DF /* WebRTCClient.swift in Sources */,
				EBF620BA218B9134005C6141 /* PasswordVC.swift in Sources */,
				EBA593DE217A8CDC00F3CB65 /* NumberPad.swift in Sources */,
				EBA593C0217A890500F3CB65 /* IWallet.swift in Sources */,
				EB976CEE217BA75900B8DC95 /* ApiParamsTx.swift in Sources */,
				EBA593CA217A8AC900F3CB65 /* Settings.swift in Sources */,
				EBE484D3217928BF006879F7 /* ProfileVC.swift in Sources */,
				EB3F8AFE218357D5004E6CFB /* WalletView.swift in Sources */,
				EB3ECC5D2180E8CD00D14656 /* Checkbox.swift in Sources */,
				EB64509B21810CAD008397DF /* ApiWebRTC.swift in Sources */,
				EBA5938B217A813F00F3CB65 /* Button.swift in Sources */,
				EBA593CE217A8B6400F3CB65 /* Chain.swift in Sources */,
				EB74B457217CCFFB006AE00F /* ScanButton.swift in Sources */,
				EBD0B11C218DFBED00FD1B37 /* MenuVC.swift in Sources */,
				EB64509721810A82008397DF /* Signer.swift in Sources */,
				EBD4FCCA2190BFC20080D1A9 /* IPopover.swift in Sources */,
				EBC9F79421824F2B00150883 /* ApiChains.swift in Sources */,
				EB6450952181074D008397DF /* RTCStates.swift in Sources */,
				EBA593E0217A8D1900F3CB65 /* Alert.swift in Sources */,
				EBA593BE217A88EF00F3CB65 /* ETHNet.swift in Sources */,
				EBA593D6217A8C1B00F3CB65 /* CodeVC.swift in Sources */,
				EBA593CC217A8AF800F3CB65 /* Profile.swift in Sources */,
				EBDCD55C217FD85E00B6EF5B /* ConfirmationVC.swift in Sources */,
				EBC9F78421822FC000150883 /* ApiMessage.swift in Sources */,
				EBE484D1217928BF006879F7 /* AppDelegate.swift in Sources */,
				EB976CEC217BA6CE00B8DC95 /* ApiParamsWallet.swift in Sources */,
				EB3ECC652180F74600D14656 /* ApiSign.swift in Sources */,
				EBD0B12F218E3D9A00FD1B37 /* MenuCell.swift in Sources */,
				EB64509D2181152E008397DF /* ApiOffer.swift in Sources */,
				EBB15F872184EEF600F6370E /* CodeView.swift in Sources */,
				EBA593D4217A8C0300F3CB65 /* NewCodeVC.swift in Sources */,
				EBA593D8217A8CA300F3CB65 /* BioAuth.swift in Sources */,
				EBA593D0217A8BF700F3CB65 /* CheckCodeVC.swift in Sources */,
				EBA593BB217A88EF00F3CB65 /* ETHWallet.swift in Sources */,
				EBA593C4217A897E00F3CB65 /* IViewable.swift in Sources */,
				EBA593C2217A892900F3CB65 /* Blockchain.swift in Sources */,
				EBA593C8217A89B800F3CB65 /* ITransaction.swift in Sources */,
				EBC9F77C21822F4900150883 /* ApiAnswer.swift in Sources */,
				EB64509F21811684008397DF /* ApiJoin.swift in Sources */,
				EBA59393217A815300F3CB65 /* Extensions.swift in Sources */,
				EBF620C2218BA2AA005C6141 /* RepeatPassVC.swift in Sources */,
				EBD4FCC82190BBBF0080D1A9 /* PopAnimator.swift in Sources */,
				EBD4FCCC2190D4D50080D1A9 /* PopupVC.swift in Sources */,
				EBA593D2217A8BFE00F3CB65 /* AuthVC.swift in Sources */,
				EBA593B3217A84A000F3CB65 /* ScanView.swift in Sources */,
				EBA593BA217A88EF00F3CB65 /* ETHTransaction.swift in Sources */,
				EB91A2352184983F001788FA /* ApiPay.swift in Sources */,
			);
			runOnlyForDeploymentPostprocessing = 0;
		};
/* End PBXSourcesBuildPhase section */

/* Begin PBXTargetDependency section */
		EBE4850A21792FF3006879F7 /* PBXTargetDependency */ = {
			isa = PBXTargetDependency;
			name = CryptoSwift;
			targetProxy = EBE4850921792FF3006879F7 /* PBXContainerItemProxy */;
		};
		EBE4850E21792FF3006879F7 /* PBXTargetDependency */ = {
			isa = PBXTargetDependency;
			name = CryptoEthereumSwift;
			targetProxy = EBE4850D21792FF3006879F7 /* PBXContainerItemProxy */;
		};
		EBE4851221792FF3006879F7 /* PBXTargetDependency */ = {
			isa = PBXTargetDependency;
			name = EthereumKit;
			targetProxy = EBE4851121792FF3006879F7 /* PBXContainerItemProxy */;
		};
/* End PBXTargetDependency section */

/* Begin PBXVariantGroup section */
		EBE484D9217928C0006879F7 /* LaunchScreen.storyboard */ = {
			isa = PBXVariantGroup;
			children = (
				EBE484DA217928C0006879F7 /* Base */,
			);
			name = LaunchScreen.storyboard;
			sourceTree = "<group>";
		};
/* End PBXVariantGroup section */

/* Begin XCBuildConfiguration section */
		EBE484DD217928C0006879F7 /* Debug */ = {
			isa = XCBuildConfiguration;
			buildSettings = {
				ALWAYS_SEARCH_USER_PATHS = NO;
				CLANG_ANALYZER_NONNULL = YES;
				CLANG_ANALYZER_NUMBER_OBJECT_CONVERSION = YES_AGGRESSIVE;
				CLANG_CXX_LANGUAGE_STANDARD = "gnu++14";
				CLANG_CXX_LIBRARY = "libc++";
				CLANG_ENABLE_MODULES = YES;
				CLANG_ENABLE_OBJC_ARC = YES;
				CLANG_ENABLE_OBJC_WEAK = YES;
				CLANG_WARN_BLOCK_CAPTURE_AUTORELEASING = YES;
				CLANG_WARN_BOOL_CONVERSION = YES;
				CLANG_WARN_COMMA = YES;
				CLANG_WARN_CONSTANT_CONVERSION = YES;
				CLANG_WARN_DEPRECATED_OBJC_IMPLEMENTATIONS = YES;
				CLANG_WARN_DIRECT_OBJC_ISA_USAGE = YES_ERROR;
				CLANG_WARN_DOCUMENTATION_COMMENTS = YES;
				CLANG_WARN_EMPTY_BODY = YES;
				CLANG_WARN_ENUM_CONVERSION = YES;
				CLANG_WARN_INFINITE_RECURSION = YES;
				CLANG_WARN_INT_CONVERSION = YES;
				CLANG_WARN_NON_LITERAL_NULL_CONVERSION = YES;
				CLANG_WARN_OBJC_IMPLICIT_RETAIN_SELF = YES;
				CLANG_WARN_OBJC_LITERAL_CONVERSION = YES;
				CLANG_WARN_OBJC_ROOT_CLASS = YES_ERROR;
				CLANG_WARN_RANGE_LOOP_ANALYSIS = YES;
				CLANG_WARN_STRICT_PROTOTYPES = YES;
				CLANG_WARN_SUSPICIOUS_MOVE = YES;
				CLANG_WARN_UNGUARDED_AVAILABILITY = YES_AGGRESSIVE;
				CLANG_WARN_UNREACHABLE_CODE = YES;
				CLANG_WARN__DUPLICATE_METHOD_MATCH = YES;
				CODE_SIGN_IDENTITY = "iPhone Developer";
				COPY_PHASE_STRIP = NO;
				DEBUG_INFORMATION_FORMAT = dwarf;
				ENABLE_STRICT_OBJC_MSGSEND = YES;
				ENABLE_TESTABILITY = YES;
				GCC_C_LANGUAGE_STANDARD = gnu11;
				GCC_DYNAMIC_NO_PIC = NO;
				GCC_NO_COMMON_BLOCKS = YES;
				GCC_OPTIMIZATION_LEVEL = 0;
				GCC_PREPROCESSOR_DEFINITIONS = (
					"DEBUG=1",
					"$(inherited)",
				);
				GCC_WARN_64_TO_32_BIT_CONVERSION = YES;
				GCC_WARN_ABOUT_RETURN_TYPE = YES_ERROR;
				GCC_WARN_UNDECLARED_SELECTOR = YES;
				GCC_WARN_UNINITIALIZED_AUTOS = YES_AGGRESSIVE;
				GCC_WARN_UNUSED_FUNCTION = YES;
				GCC_WARN_UNUSED_VARIABLE = YES;
				IPHONEOS_DEPLOYMENT_TARGET = 11.4;
				MTL_ENABLE_DEBUG_INFO = YES;
				ONLY_ACTIVE_ARCH = YES;
				SDKROOT = iphoneos;
				SWIFT_ACTIVE_COMPILATION_CONDITIONS = DEBUG;
				SWIFT_OPTIMIZATION_LEVEL = "-Onone";
			};
			name = Debug;
		};
		EBE484DE217928C0006879F7 /* Release */ = {
			isa = XCBuildConfiguration;
			buildSettings = {
				ALWAYS_SEARCH_USER_PATHS = NO;
				CLANG_ANALYZER_NONNULL = YES;
				CLANG_ANALYZER_NUMBER_OBJECT_CONVERSION = YES_AGGRESSIVE;
				CLANG_CXX_LANGUAGE_STANDARD = "gnu++14";
				CLANG_CXX_LIBRARY = "libc++";
				CLANG_ENABLE_MODULES = YES;
				CLANG_ENABLE_OBJC_ARC = YES;
				CLANG_ENABLE_OBJC_WEAK = YES;
				CLANG_WARN_BLOCK_CAPTURE_AUTORELEASING = YES;
				CLANG_WARN_BOOL_CONVERSION = YES;
				CLANG_WARN_COMMA = YES;
				CLANG_WARN_CONSTANT_CONVERSION = YES;
				CLANG_WARN_DEPRECATED_OBJC_IMPLEMENTATIONS = YES;
				CLANG_WARN_DIRECT_OBJC_ISA_USAGE = YES_ERROR;
				CLANG_WARN_DOCUMENTATION_COMMENTS = YES;
				CLANG_WARN_EMPTY_BODY = YES;
				CLANG_WARN_ENUM_CONVERSION = YES;
				CLANG_WARN_INFINITE_RECURSION = YES;
				CLANG_WARN_INT_CONVERSION = YES;
				CLANG_WARN_NON_LITERAL_NULL_CONVERSION = YES;
				CLANG_WARN_OBJC_IMPLICIT_RETAIN_SELF = YES;
				CLANG_WARN_OBJC_LITERAL_CONVERSION = YES;
				CLANG_WARN_OBJC_ROOT_CLASS = YES_ERROR;
				CLANG_WARN_RANGE_LOOP_ANALYSIS = YES;
				CLANG_WARN_STRICT_PROTOTYPES = YES;
				CLANG_WARN_SUSPICIOUS_MOVE = YES;
				CLANG_WARN_UNGUARDED_AVAILABILITY = YES_AGGRESSIVE;
				CLANG_WARN_UNREACHABLE_CODE = YES;
				CLANG_WARN__DUPLICATE_METHOD_MATCH = YES;
				CODE_SIGN_IDENTITY = "iPhone Developer";
				COPY_PHASE_STRIP = NO;
				DEBUG_INFORMATION_FORMAT = "dwarf-with-dsym";
				ENABLE_NS_ASSERTIONS = NO;
				ENABLE_STRICT_OBJC_MSGSEND = YES;
				GCC_C_LANGUAGE_STANDARD = gnu11;
				GCC_NO_COMMON_BLOCKS = YES;
				GCC_WARN_64_TO_32_BIT_CONVERSION = YES;
				GCC_WARN_ABOUT_RETURN_TYPE = YES_ERROR;
				GCC_WARN_UNDECLARED_SELECTOR = YES;
				GCC_WARN_UNINITIALIZED_AUTOS = YES_AGGRESSIVE;
				GCC_WARN_UNUSED_FUNCTION = YES;
				GCC_WARN_UNUSED_VARIABLE = YES;
				IPHONEOS_DEPLOYMENT_TARGET = 11.4;
				MTL_ENABLE_DEBUG_INFO = NO;
				SDKROOT = iphoneos;
				SWIFT_COMPILATION_MODE = wholemodule;
				SWIFT_OPTIMIZATION_LEVEL = "-O";
				VALIDATE_PRODUCT = YES;
			};
			name = Release;
		};
		EBE484E0217928C0006879F7 /* Debug */ = {
			isa = XCBuildConfiguration;
			baseConfigurationReference = 2564A9F9434EDC7F695A47C1 /* Pods-ColdCrypto.debug.xcconfig */;
			buildSettings = {
				ALWAYS_EMBED_SWIFT_STANDARD_LIBRARIES = YES;
				ASSETCATALOG_COMPILER_APPICON_NAME = AppIcon;
				CODE_SIGN_STYLE = Automatic;
				DEVELOPMENT_TEAM = 6KV7BZVZVP;
				ENABLE_BITCODE = NO;
				INFOPLIST_FILE = "$(SRCROOT)/ColdCrypto/Resources/Info.plist";
				IPHONEOS_DEPLOYMENT_TARGET = 11.0;
				LD_RUNPATH_SEARCH_PATHS = (
					"$(inherited)",
					"@executable_path/Frameworks",
				);
				PRODUCT_BUNDLE_IDENTIFIER = com.coldcrypto.ios;
				PRODUCT_NAME = "$(TARGET_NAME)";
				SWIFT_VERSION = 4.0;
				TARGETED_DEVICE_FAMILY = 1;
			};
			name = Debug;
		};
		EBE484E1217928C0006879F7 /* Release */ = {
			isa = XCBuildConfiguration;
			baseConfigurationReference = 7CCFBA6F1971B8E07FB05360 /* Pods-ColdCrypto.release.xcconfig */;
			buildSettings = {
				ALWAYS_EMBED_SWIFT_STANDARD_LIBRARIES = YES;
				ASSETCATALOG_COMPILER_APPICON_NAME = AppIcon;
				CODE_SIGN_STYLE = Automatic;
				DEVELOPMENT_TEAM = 6KV7BZVZVP;
				ENABLE_BITCODE = NO;
				INFOPLIST_FILE = "$(SRCROOT)/ColdCrypto/Resources/Info.plist";
				IPHONEOS_DEPLOYMENT_TARGET = 11.0;
				LD_RUNPATH_SEARCH_PATHS = (
					"$(inherited)",
					"@executable_path/Frameworks",
				);
				PRODUCT_BUNDLE_IDENTIFIER = com.coldcrypto.ios;
				PRODUCT_NAME = "$(TARGET_NAME)";
				SWIFT_VERSION = 4.0;
				TARGETED_DEVICE_FAMILY = 1;
			};
			name = Release;
		};
/* End XCBuildConfiguration section */

/* Begin XCConfigurationList section */
		EBE484C8217928BF006879F7 /* Build configuration list for PBXProject "ColdCrypto" */ = {
			isa = XCConfigurationList;
			buildConfigurations = (
				EBE484DD217928C0006879F7 /* Debug */,
				EBE484DE217928C0006879F7 /* Release */,
			);
			defaultConfigurationIsVisible = 0;
			defaultConfigurationName = Release;
		};
		EBE484DF217928C0006879F7 /* Build configuration list for PBXNativeTarget "ColdCrypto" */ = {
			isa = XCConfigurationList;
			buildConfigurations = (
				EBE484E0217928C0006879F7 /* Debug */,
				EBE484E1217928C0006879F7 /* Release */,
			);
			defaultConfigurationIsVisible = 0;
			defaultConfigurationName = Release;
		};
/* End XCConfigurationList section */
	};
	rootObject = EBE484C5217928BF006879F7 /* Project object */;
}
