// !$*UTF8*$!
{
	archiveVersion = 1;
	classes = {
	};
	objectVersion = 50;
	objects = {

/* Begin PBXBuildFile section */
		A4C7EEFDE2D214A0BE9F822B /* Pods_ColdCrypto.framework in Frameworks */ = {isa = PBXBuildFile; fileRef = B511BE577741365521F8A2AA /* Pods_ColdCrypto.framework */; };
		EB0B1CFD21B088710037C594 /* JTHamburgerButton.m in Sources */ = {isa = PBXBuildFile; fileRef = EB0B1CFB21B088710037C594 /* JTHamburgerButton.m */; };
		EB1A0BF0218A27D300C43E72 /* CardsList.swift in Sources */ = {isa = PBXBuildFile; fileRef = EB1A0BEF218A27D300C43E72 /* CardsList.swift */; };
		EB1F3B932198AB9C0052E5A7 /* AlertField.swift in Sources */ = {isa = PBXBuildFile; fileRef = EB1F3B922198AB9C0052E5A7 /* AlertField.swift */; };
		EB1F3B952198ABC40052E5A7 /* IAlertView.swift in Sources */ = {isa = PBXBuildFile; fileRef = EB1F3B942198ABC40052E5A7 /* IAlertView.swift */; };
		EB1F3B972198B1D60052E5A7 /* AlertImage.swift in Sources */ = {isa = PBXBuildFile; fileRef = EB1F3B962198B1D60052E5A7 /* AlertImage.swift */; };
		EB1F3B992198CAEF0052E5A7 /* BackupVC.swift in Sources */ = {isa = PBXBuildFile; fileRef = EB1F3B982198CAEF0052E5A7 /* BackupVC.swift */; };
		EB1F3B9B2198D07F0052E5A7 /* SeedWord.swift in Sources */ = {isa = PBXBuildFile; fileRef = EB1F3B9A2198D07F0052E5A7 /* SeedWord.swift */; };
		EB2676CD21B3008B003B254F /* CardProvider.swift in Sources */ = {isa = PBXBuildFile; fileRef = EB2676CC21B3008B003B254F /* CardProvider.swift */; };
		EB2676D421B313B5003B254F /* Group.swift in Sources */ = {isa = PBXBuildFile; fileRef = EB2676D321B313B5003B254F /* Group.swift */; };
		EB26C31C21924083005D3525 /* CardPickVC.swift in Sources */ = {isa = PBXBuildFile; fileRef = EB26C31B21924083005D3525 /* CardPickVC.swift */; };
		EB2F617A21ABE7EB0029219A /* eos.js in Resources */ = {isa = PBXBuildFile; fileRef = EB2F617921ABE7EB0029219A /* eos.js */; };
		EB2F617C21ABE8030029219A /* EOSUtils.swift in Sources */ = {isa = PBXBuildFile; fileRef = EB2F617B21ABE8030029219A /* EOSUtils.swift */; };
		EB2F617E21AC00340029219A /* ApiEOSTx.swift in Sources */ = {isa = PBXBuildFile; fileRef = EB2F617D21AC00340029219A /* ApiEOSTx.swift */; };
		EB2F618021AC124A0029219A /* IContract.swift in Sources */ = {isa = PBXBuildFile; fileRef = EB2F617F21AC124A0029219A /* IContract.swift */; };
		EB2F618421AC13950029219A /* ETHContract.swift in Sources */ = {isa = PBXBuildFile; fileRef = EB2F618321AC13950029219A /* ETHContract.swift */; };
		EB2F618821AC1FF10029219A /* EOSContract.swift in Sources */ = {isa = PBXBuildFile; fileRef = EB2F618721AC1FF10029219A /* EOSContract.swift */; };
		EB3ECC5D2180E8CD00D14656 /* Checkbox.swift in Sources */ = {isa = PBXBuildFile; fileRef = EB3ECC5C2180E8CD00D14656 /* Checkbox.swift */; };
		EB3ECC652180F74600D14656 /* ApiSignTransferTx.swift in Sources */ = {isa = PBXBuildFile; fileRef = EB3ECC642180F74600D14656 /* ApiSignTransferTx.swift */; };
		EB3F8AFE218357D5004E6CFB /* WalletCell.swift in Sources */ = {isa = PBXBuildFile; fileRef = EB3F8AFD218357D5004E6CFB /* WalletCell.swift */; };
		EB5529F621A5EE8400EB11ED /* ContractView.swift in Sources */ = {isa = PBXBuildFile; fileRef = EB5529F521A5EE8400EB11ED /* ContractView.swift */; };
		EB6450892181069F008397DF /* SignalClient.swift in Sources */ = {isa = PBXBuildFile; fileRef = EB6450882181069F008397DF /* SignalClient.swift */; };
		EB64509321810736008397DF /* WebRTCClient.swift in Sources */ = {isa = PBXBuildFile; fileRef = EB64509221810736008397DF /* WebRTCClient.swift */; };
		EB6450952181074D008397DF /* RTCStates.swift in Sources */ = {isa = PBXBuildFile; fileRef = EB6450942181074D008397DF /* RTCStates.swift */; };
		EB64509721810A82008397DF /* Signer.swift in Sources */ = {isa = PBXBuildFile; fileRef = EB64509621810A82008397DF /* Signer.swift */; };
		EB64509921810BBC008397DF /* RTC.swift in Sources */ = {isa = PBXBuildFile; fileRef = EB64509821810BBC008397DF /* RTC.swift */; };
		EB64509B21810CAD008397DF /* ApiWebRTC.swift in Sources */ = {isa = PBXBuildFile; fileRef = EB64509A21810CAD008397DF /* ApiWebRTC.swift */; };
		EB64509D2181152E008397DF /* ApiOffer.swift in Sources */ = {isa = PBXBuildFile; fileRef = EB64509C2181152E008397DF /* ApiOffer.swift */; };
		EB64509F21811684008397DF /* ApiJoin.swift in Sources */ = {isa = PBXBuildFile; fileRef = EB64509E21811684008397DF /* ApiJoin.swift */; };
		EB74B457217CCFFB006AE00F /* ScanButton.swift in Sources */ = {isa = PBXBuildFile; fileRef = EB74B456217CCFFB006AE00F /* ScanButton.swift */; };
		EB976CEC217BA6CE00B8DC95 /* ApiParamsWallet.swift in Sources */ = {isa = PBXBuildFile; fileRef = EB976CEB217BA6CE00B8DC95 /* ApiParamsWallet.swift */; };
		EB976CEE217BA75900B8DC95 /* ApiParamsTx.swift in Sources */ = {isa = PBXBuildFile; fileRef = EB976CED217BA75900B8DC95 /* ApiParamsTx.swift */; };
		EBA5262621B1C83200A29A08 /* GothamPro-Medium.ttf in Resources */ = {isa = PBXBuildFile; fileRef = EBA5262421B1BFD500A29A08 /* GothamPro-Medium.ttf */; };
		EBA5262721B1C83200A29A08 /* GothamPro.ttf in Resources */ = {isa = PBXBuildFile; fileRef = EBA5262321B1BEE200A29A08 /* GothamPro.ttf */; };
		EBA5262821B1C83200A29A08 /* GothamPro-Bold.ttf in Resources */ = {isa = PBXBuildFile; fileRef = EBA5262521B1C74E00A29A08 /* GothamPro-Bold.ttf */; };
		EBA5262B21B1DF3F00A29A08 /* background@3x.png in Resources */ = {isa = PBXBuildFile; fileRef = EBA5262921B1DF3F00A29A08 /* background@3x.png */; };
		EBA5262C21B1DF3F00A29A08 /* background@2x.png in Resources */ = {isa = PBXBuildFile; fileRef = EBA5262A21B1DF3F00A29A08 /* background@2x.png */; };
		EBA5262E21B1E21B00A29A08 /* NavigatorVC.swift in Sources */ = {isa = PBXBuildFile; fileRef = EBA5262D21B1E21B00A29A08 /* NavigatorVC.swift */; };
		EBA5263021B1E40F00A29A08 /* Style.swift in Sources */ = {isa = PBXBuildFile; fileRef = EBA5262F21B1E40F00A29A08 /* Style.swift */; };
		EBA5938B217A813F00F3CB65 /* Button.swift in Sources */ = {isa = PBXBuildFile; fileRef = EBA5938A217A813F00F3CB65 /* Button.swift */; };
		EBA59393217A815300F3CB65 /* Extensions.swift in Sources */ = {isa = PBXBuildFile; fileRef = EBA59392217A815300F3CB65 /* Extensions.swift */; };
		EBA59399217A816800F3CB65 /* SF-Pro-Display-Regular.otf in Resources */ = {isa = PBXBuildFile; fileRef = EBA59395217A816800F3CB65 /* SF-Pro-Display-Regular.otf */; };
		EBA5939A217A816800F3CB65 /* SF-Pro-Display-Bold.otf in Resources */ = {isa = PBXBuildFile; fileRef = EBA59396217A816800F3CB65 /* SF-Pro-Display-Bold.otf */; };
		EBA5939B217A816800F3CB65 /* SF-Pro-Display-Medium.otf in Resources */ = {isa = PBXBuildFile; fileRef = EBA59397217A816800F3CB65 /* SF-Pro-Display-Medium.otf */; };
		EBA5939C217A816800F3CB65 /* SF-Pro-Display-Semibold.otf in Resources */ = {isa = PBXBuildFile; fileRef = EBA59398217A816800F3CB65 /* SF-Pro-Display-Semibold.otf */; };
		EBA593AD217A831900F3CB65 /* Localizable.strings in Resources */ = {isa = PBXBuildFile; fileRef = EBA593A6217A831800F3CB65 /* Localizable.strings */; };
		EBA593AF217A844E00F3CB65 /* ScannerVC.swift in Sources */ = {isa = PBXBuildFile; fileRef = EBA593AE217A844E00F3CB65 /* ScannerVC.swift */; };
		EBA593B1217A845E00F3CB65 /* AVFoundation.framework in Frameworks */ = {isa = PBXBuildFile; fileRef = EBA593B0217A845E00F3CB65 /* AVFoundation.framework */; };
		EBA593B3217A84A000F3CB65 /* ScanView.swift in Sources */ = {isa = PBXBuildFile; fileRef = EBA593B2217A84A000F3CB65 /* ScanView.swift */; };
		EBA593BA217A88EF00F3CB65 /* ETHTransaction.swift in Sources */ = {isa = PBXBuildFile; fileRef = EBA593B5217A88EF00F3CB65 /* ETHTransaction.swift */; };
		EBA593BB217A88EF00F3CB65 /* ETHWallet.swift in Sources */ = {isa = PBXBuildFile; fileRef = EBA593B6217A88EF00F3CB65 /* ETHWallet.swift */; };
		EBA593BD217A88EF00F3CB65 /* EthereumAddress.swift in Sources */ = {isa = PBXBuildFile; fileRef = EBA593B8217A88EF00F3CB65 /* EthereumAddress.swift */; };
		EBA593BE217A88EF00F3CB65 /* ETHNet.swift in Sources */ = {isa = PBXBuildFile; fileRef = EBA593B9217A88EF00F3CB65 /* ETHNet.swift */; };
		EBA593C2217A892900F3CB65 /* Blockchain.swift in Sources */ = {isa = PBXBuildFile; fileRef = EBA593C1217A892900F3CB65 /* Blockchain.swift */; };
		EBA593C4217A897E00F3CB65 /* IViewable.swift in Sources */ = {isa = PBXBuildFile; fileRef = EBA593C3217A897E00F3CB65 /* IViewable.swift */; };
		EBA593C8217A89B800F3CB65 /* ITransaction.swift in Sources */ = {isa = PBXBuildFile; fileRef = EBA593C7217A89B800F3CB65 /* ITransaction.swift */; };
		EBA593CA217A8AC900F3CB65 /* Settings.swift in Sources */ = {isa = PBXBuildFile; fileRef = EBA593C9217A8AC900F3CB65 /* Settings.swift */; };
		EBA593CC217A8AF800F3CB65 /* Profile.swift in Sources */ = {isa = PBXBuildFile; fileRef = EBA593CB217A8AF800F3CB65 /* Profile.swift */; };
		EBA593CE217A8B6400F3CB65 /* Chain.swift in Sources */ = {isa = PBXBuildFile; fileRef = EBA593CD217A8B6400F3CB65 /* Chain.swift */; };
		EBA593D0217A8BF700F3CB65 /* CheckCodeVC.swift in Sources */ = {isa = PBXBuildFile; fileRef = EBA593CF217A8BF700F3CB65 /* CheckCodeVC.swift */; };
		EBA593D2217A8BFE00F3CB65 /* AuthVC.swift in Sources */ = {isa = PBXBuildFile; fileRef = EBA593D1217A8BFE00F3CB65 /* AuthVC.swift */; };
		EBA593D4217A8C0300F3CB65 /* NewCodeVC.swift in Sources */ = {isa = PBXBuildFile; fileRef = EBA593D3217A8C0300F3CB65 /* NewCodeVC.swift */; };
		EBA593D6217A8C1B00F3CB65 /* CodeVC.swift in Sources */ = {isa = PBXBuildFile; fileRef = EBA593D5217A8C1B00F3CB65 /* CodeVC.swift */; };
		EBA593D8217A8CA300F3CB65 /* BioAuth.swift in Sources */ = {isa = PBXBuildFile; fileRef = EBA593D7217A8CA300F3CB65 /* BioAuth.swift */; };
		EBA593DA217A8CB500F3CB65 /* LocalAuthentication.framework in Frameworks */ = {isa = PBXBuildFile; fileRef = EBA593D9217A8CB500F3CB65 /* LocalAuthentication.framework */; };
		EBA593DE217A8CDC00F3CB65 /* NumberPad.swift in Sources */ = {isa = PBXBuildFile; fileRef = EBA593DD217A8CDC00F3CB65 /* NumberPad.swift */; };
		EBA593E0217A8D1900F3CB65 /* Alert.swift in Sources */ = {isa = PBXBuildFile; fileRef = EBA593DF217A8D1900F3CB65 /* Alert.swift */; };
		EBAC21C221A5C774002CF61B /* abi.js in Resources */ = {isa = PBXBuildFile; fileRef = EBAC21C121A5C774002CF61B /* abi.js */; };
		EBAC21C421A5C78E002CF61B /* JavaScriptCore.framework in Frameworks */ = {isa = PBXBuildFile; fileRef = EBAC21C321A5C78E002CF61B /* JavaScriptCore.framework */; };
		EBAC21C621A5C7AA002CF61B /* ETHabi.swift in Sources */ = {isa = PBXBuildFile; fileRef = EBAC21C521A5C7AA002CF61B /* ETHabi.swift */; };
		EBAC21CD21A5D0E5002CF61B /* ApiSignContractCall.swift in Sources */ = {isa = PBXBuildFile; fileRef = EBAC21CC21A5D0E5002CF61B /* ApiSignContractCall.swift */; };
		EBAC21CF21A5D255002CF61B /* ApiAbi.swift in Sources */ = {isa = PBXBuildFile; fileRef = EBAC21CE21A5D255002CF61B /* ApiAbi.swift */; };
		EBAC21D321A5D916002CF61B /* abi_mock.json in Resources */ = {isa = PBXBuildFile; fileRef = EBAC21D221A5D916002CF61B /* abi_mock.json */; };
		EBAC21D521A5D958002CF61B /* ConfirmContractCall.swift in Sources */ = {isa = PBXBuildFile; fileRef = EBAC21D421A5D958002CF61B /* ConfirmContractCall.swift */; };
		EBB15F872184EEF600F6370E /* CodeView.swift in Sources */ = {isa = PBXBuildFile; fileRef = EBB15F862184EEF600F6370E /* CodeView.swift */; };
		EBC9F77C21822F4900150883 /* ApiAnswer.swift in Sources */ = {isa = PBXBuildFile; fileRef = EBC9F77B21822F4900150883 /* ApiAnswer.swift */; };
		EBC9F78421822FC000150883 /* ApiMessage.swift in Sources */ = {isa = PBXBuildFile; fileRef = EBC9F78321822FC000150883 /* ApiMessage.swift */; };
		EBC9F7862182321600150883 /* ApiIce.swift in Sources */ = {isa = PBXBuildFile; fileRef = EBC9F7852182321600150883 /* ApiIce.swift */; };
		EBC9F79421824F2B00150883 /* ApiChains.swift in Sources */ = {isa = PBXBuildFile; fileRef = EBC9F79321824F2B00150883 /* ApiChains.swift */; };
		EBD0B11C218DFBED00FD1B37 /* MenuVC.swift in Sources */ = {isa = PBXBuildFile; fileRef = EBD0B11B218DFBED00FD1B37 /* MenuVC.swift */; };
		EBD0B12F218E3D9A00FD1B37 /* MenuCell.swift in Sources */ = {isa = PBXBuildFile; fileRef = EBD0B12E218E3D9A00FD1B37 /* MenuCell.swift */; };
		EBD4FCC82190BBBF0080D1A9 /* PopAnimator.swift in Sources */ = {isa = PBXBuildFile; fileRef = EBD4FCC72190BBBF0080D1A9 /* PopAnimator.swift */; };
		EBD4FCCA2190BFC20080D1A9 /* IPopover.swift in Sources */ = {isa = PBXBuildFile; fileRef = EBD4FCC92190BFC20080D1A9 /* IPopover.swift */; };
		EBD4FCCC2190D4D50080D1A9 /* PopupVC.swift in Sources */ = {isa = PBXBuildFile; fileRef = EBD4FCCB2190D4D50080D1A9 /* PopupVC.swift */; };
		EBDB8847219742B3000AF045 /* Field.swift in Sources */ = {isa = PBXBuildFile; fileRef = EBDB8846219742B3000AF045 /* Field.swift */; };
		EBDB884F21974500000AF045 /* Sheet.swift in Sources */ = {isa = PBXBuildFile; fileRef = EBDB884E21974500000AF045 /* Sheet.swift */; };
		EBDB8851219745F1000AF045 /* ImportManager.swift in Sources */ = {isa = PBXBuildFile; fileRef = EBDB8850219745F1000AF045 /* ImportManager.swift */; };
		EBDB885D21976AC1000AF045 /* IWallet.swift in Sources */ = {isa = PBXBuildFile; fileRef = EBDB885C21976AC1000AF045 /* IWallet.swift */; };
		EBDCD55C217FD85E00B6EF5B /* ConfirmationVC.swift in Sources */ = {isa = PBXBuildFile; fileRef = EBDCD55B217FD85E00B6EF5B /* ConfirmationVC.swift */; };
		EBE484D1217928BF006879F7 /* AppDelegate.swift in Sources */ = {isa = PBXBuildFile; fileRef = EBE484D0217928BF006879F7 /* AppDelegate.swift */; };
		EBE484D3217928BF006879F7 /* ProfileVC.swift in Sources */ = {isa = PBXBuildFile; fileRef = EBE484D2217928BF006879F7 /* ProfileVC.swift */; };
		EBE484D8217928C0006879F7 /* Assets.xcassets in Resources */ = {isa = PBXBuildFile; fileRef = EBE484D7217928C0006879F7 /* Assets.xcassets */; };
		EBE484DB217928C0006879F7 /* LaunchScreen.storyboard in Resources */ = {isa = PBXBuildFile; fileRef = EBE484D9217928C0006879F7 /* LaunchScreen.storyboard */; };
		EBE4850721792FF3006879F7 /* CryptoSwift.framework in Frameworks */ = {isa = PBXBuildFile; fileRef = EBE484FE21792FEC006879F7 /* CryptoSwift.framework */; };
		EBE4850821792FF3006879F7 /* CryptoSwift.framework in Embed Frameworks */ = {isa = PBXBuildFile; fileRef = EBE484FE21792FEC006879F7 /* CryptoSwift.framework */; settings = {ATTRIBUTES = (CodeSignOnCopy, RemoveHeadersOnCopy, ); }; };
		EBE4850B21792FF3006879F7 /* CryptoEthereumSwift.framework in Frameworks */ = {isa = PBXBuildFile; fileRef = EBE484F021792FE5006879F7 /* CryptoEthereumSwift.framework */; };
		EBE4850C21792FF3006879F7 /* CryptoEthereumSwift.framework in Embed Frameworks */ = {isa = PBXBuildFile; fileRef = EBE484F021792FE5006879F7 /* CryptoEthereumSwift.framework */; settings = {ATTRIBUTES = (CodeSignOnCopy, RemoveHeadersOnCopy, ); }; };
		EBE4850F21792FF3006879F7 /* EthereumKit.framework in Frameworks */ = {isa = PBXBuildFile; fileRef = EBE484E821792FCB006879F7 /* EthereumKit.framework */; };
		EBE4851021792FF3006879F7 /* EthereumKit.framework in Embed Frameworks */ = {isa = PBXBuildFile; fileRef = EBE484E821792FCB006879F7 /* EthereumKit.framework */; settings = {ATTRIBUTES = (CodeSignOnCopy, RemoveHeadersOnCopy, ); }; };
		EBEDA21E21AB4242004FCB75 /* ChainPicker.swift in Sources */ = {isa = PBXBuildFile; fileRef = EBEDA21D21AB4242004FCB75 /* ChainPicker.swift */; };
		EBEDA22121AB4273004FCB75 /* CryptoList.swift in Sources */ = {isa = PBXBuildFile; fileRef = EBEDA22021AB4273004FCB75 /* CryptoList.swift */; };
		EBEDA22321AB4295004FCB75 /* CryptoItem.swift in Sources */ = {isa = PBXBuildFile; fileRef = EBEDA22221AB4295004FCB75 /* CryptoItem.swift */; };
		EBEDA28221AB4FF3004FCB75 /* EOSWallet.swift in Sources */ = {isa = PBXBuildFile; fileRef = EBEDA22621AB4FF3004FCB75 /* EOSWallet.swift */; };
		EBEDA28321AB4FF3004FCB75 /* EOSImporter.swift in Sources */ = {isa = PBXBuildFile; fileRef = EBEDA22721AB4FF3004FCB75 /* EOSImporter.swift */; };
		EBEDA28421AB4FF3004FCB75 /* AnyDecodable.swift in Sources */ = {isa = PBXBuildFile; fileRef = EBEDA22921AB4FF3004FCB75 /* AnyDecodable.swift */; };
		EBEDA28521AB4FF3004FCB75 /* AnyCodable.swift in Sources */ = {isa = PBXBuildFile; fileRef = EBEDA22A21AB4FF3004FCB75 /* AnyCodable.swift */; };
		EBEDA28621AB4FF3004FCB75 /* AnyEncodable.swift in Sources */ = {isa = PBXBuildFile; fileRef = EBEDA22B21AB4FF3004FCB75 /* AnyEncodable.swift */; };
		EBEDA28821AB4FF3004FCB75 /* curve-specific.inc in Sources */ = {isa = PBXBuildFile; fileRef = EBEDA23421AB4FF3004FCB75 /* curve-specific.inc */; };
		EBEDA28921AB4FF3004FCB75 /* platform-specific.inc in Sources */ = {isa = PBXBuildFile; fileRef = EBEDA23D21AB4FF3004FCB75 /* platform-specific.inc */; };
		EBEDA28A21AB4FF3004FCB75 /* secp256k1.table in Resources */ = {isa = PBXBuildFile; fileRef = EBEDA23F21AB4FF3004FCB75 /* secp256k1.table */; };
		EBEDA28B21AB4FF3004FCB75 /* bip39.c in Sources */ = {isa = PBXBuildFile; fileRef = EBEDA24821AB4FF3004FCB75 /* bip39.c */; };
		EBEDA28C21AB4FF3004FCB75 /* hmac.c in Sources */ = {isa = PBXBuildFile; fileRef = EBEDA24921AB4FF3004FCB75 /* hmac.c */; };
		EBEDA28D21AB4FF3004FCB75 /* sha2.c in Sources */ = {isa = PBXBuildFile; fileRef = EBEDA24A21AB4FF3004FCB75 /* sha2.c */; };
		EBEDA28E21AB4FF3004FCB75 /* rand.c in Sources */ = {isa = PBXBuildFile; fileRef = EBEDA24B21AB4FF3004FCB75 /* rand.c */; };
		EBEDA28F21AB4FF3004FCB75 /* curves.c in Sources */ = {isa = PBXBuildFile; fileRef = EBEDA24C21AB4FF3004FCB75 /* curves.c */; };
		EBEDA29021AB4FF3004FCB75 /* secp256k1.c in Sources */ = {isa = PBXBuildFile; fileRef = EBEDA24D21AB4FF3004FCB75 /* secp256k1.c */; };
		EBEDA29121AB4FF3004FCB75 /* bignum.c in Sources */ = {isa = PBXBuildFile; fileRef = EBEDA24E21AB4FF3004FCB75 /* bignum.c */; };
		EBEDA29221AB4FF3004FCB75 /* ripemd160.c in Sources */ = {isa = PBXBuildFile; fileRef = EBEDA24F21AB4FF3004FCB75 /* ripemd160.c */; };
		EBEDA29321AB4FF3004FCB75 /* uECC.c in Sources */ = {isa = PBXBuildFile; fileRef = EBEDA25021AB4FF3004FCB75 /* uECC.c */; };
		EBEDA29421AB4FF3004FCB75 /* bip32.c in Sources */ = {isa = PBXBuildFile; fileRef = EBEDA25121AB4FF3004FCB75 /* bip32.c */; };
		EBEDA29521AB4FF3004FCB75 /* sha3.c in Sources */ = {isa = PBXBuildFile; fileRef = EBEDA25221AB4FF3004FCB75 /* sha3.c */; };
		EBEDA29621AB4FF3004FCB75 /* base58.c in Sources */ = {isa = PBXBuildFile; fileRef = EBEDA25321AB4FF3004FCB75 /* base58.c */; };
		EBEDA29721AB4FF3004FCB75 /* ecdsa.c in Sources */ = {isa = PBXBuildFile; fileRef = EBEDA25421AB4FF3004FCB75 /* ecdsa.c */; };
		EBEDA29821AB4FF3004FCB75 /* pbkdf2.c in Sources */ = {isa = PBXBuildFile; fileRef = EBEDA25521AB4FF3004FCB75 /* pbkdf2.c */; };
		EBEDA29B21AB4FF3004FCB75 /* Crypto.swift in Sources */ = {isa = PBXBuildFile; fileRef = EBEDA25B21AB4FF3004FCB75 /* Crypto.swift */; };
		EBEDA29C21AB4FF3004FCB75 /* TransactionUtil.swift in Sources */ = {isa = PBXBuildFile; fileRef = EBEDA25E21AB4FF3004FCB75 /* TransactionUtil.swift */; };
		EBEDA29D21AB4FF3004FCB75 /* Transaction.swift in Sources */ = {isa = PBXBuildFile; fileRef = EBEDA25F21AB4FF3004FCB75 /* Transaction.swift */; };
		EBEDA29E21AB4FF3004FCB75 /* Contract.swift in Sources */ = {isa = PBXBuildFile; fileRef = EBEDA26121AB4FF3004FCB75 /* Contract.swift */; };
		EBEDA29F21AB4FF3004FCB75 /* AccountUtil.swift in Sources */ = {isa = PBXBuildFile; fileRef = EBEDA26321AB4FF3004FCB75 /* AccountUtil.swift */; };
		EBEDA2A021AB4FF3004FCB75 /* ResourceUtil.swift in Sources */ = {isa = PBXBuildFile; fileRef = EBEDA26521AB4FF3004FCB75 /* ResourceUtil.swift */; };
		EBEDA2A121AB4FF3004FCB75 /* Currency.swift in Sources */ = {isa = PBXBuildFile; fileRef = EBEDA26721AB4FF3004FCB75 /* Currency.swift */; };
		EBEDA2A221AB4FF3004FCB75 /* Signature.swift in Sources */ = {isa = PBXBuildFile; fileRef = EBEDA26921AB4FF3004FCB75 /* Signature.swift */; };
		EBEDA2A321AB4FF3004FCB75 /* ChainRouter.swift in Sources */ = {isa = PBXBuildFile; fileRef = EBEDA26C21AB4FF3004FCB75 /* ChainRouter.swift */; };
		EBEDA2A421AB4FF3004FCB75 /* EOSRPC+Chain.swift in Sources */ = {isa = PBXBuildFile; fileRef = EBEDA26D21AB4FF3004FCB75 /* EOSRPC+Chain.swift */; };
		EBEDA2A521AB4FF3004FCB75 /* EOSRPC+History.swift in Sources */ = {isa = PBXBuildFile; fileRef = EBEDA26F21AB4FF3004FCB75 /* EOSRPC+History.swift */; };
		EBEDA2A621AB4FF3004FCB75 /* HistoryRouter.swift in Sources */ = {isa = PBXBuildFile; fileRef = EBEDA27021AB4FF3004FCB75 /* HistoryRouter.swift */; };
		EBEDA2A721AB4FF3004FCB75 /* EOSRPC.swift in Sources */ = {isa = PBXBuildFile; fileRef = EBEDA27221AB4FF3004FCB75 /* EOSRPC.swift */; };
		EBEDA2A821AB4FF3004FCB75 /* BaseRouter.swift in Sources */ = {isa = PBXBuildFile; fileRef = EBEDA27321AB4FF3004FCB75 /* BaseRouter.swift */; };
		EBEDA2A921AB4FF3004FCB75 /* KeyPair.swift in Sources */ = {isa = PBXBuildFile; fileRef = EBEDA27521AB4FF3004FCB75 /* KeyPair.swift */; };
		EBEDA2AA21AB4FF3004FCB75 /* PublicKey.swift in Sources */ = {isa = PBXBuildFile; fileRef = EBEDA27621AB4FF3004FCB75 /* PublicKey.swift */; };
		EBEDA2AB21AB4FF3004FCB75 /* PrivateKey.swift in Sources */ = {isa = PBXBuildFile; fileRef = EBEDA27721AB4FF3004FCB75 /* PrivateKey.swift */; };
		EBEDA2AC21AB4FF3004FCB75 /* ChainModels.swift in Sources */ = {isa = PBXBuildFile; fileRef = EBEDA27921AB4FF3004FCB75 /* ChainModels.swift */; };
		EBEDA2AD21AB4FF3004FCB75 /* Error.swift in Sources */ = {isa = PBXBuildFile; fileRef = EBEDA27A21AB4FF3004FCB75 /* Error.swift */; };
		EBEDA2AE21AB4FF3004FCB75 /* BigInt.swift in Sources */ = {isa = PBXBuildFile; fileRef = EBEDA27B21AB4FF3004FCB75 /* BigInt.swift */; };
		EBEDA2B021AB4FF3004FCB75 /* SEWallet.swift in Sources */ = {isa = PBXBuildFile; fileRef = EBEDA27F21AB4FF3004FCB75 /* SEWallet.swift */; };
		EBEDA2B121AB4FF3004FCB75 /* EOSBalance.swift in Sources */ = {isa = PBXBuildFile; fileRef = EBEDA28021AB4FF3004FCB75 /* EOSBalance.swift */; };
		EBEDA2B321AB5249004FCB75 /* EOSToken.swift in Sources */ = {isa = PBXBuildFile; fileRef = EBEDA2B221AB5249004FCB75 /* EOSToken.swift */; };
		EBEDA2B521AB559B004FCB75 /* AlertOld.swift in Sources */ = {isa = PBXBuildFile; fileRef = EBEDA2B421AB559B004FCB75 /* AlertOld.swift */; };
		EBEDA2B721AB561F004FCB75 /* AccountPicker.swift in Sources */ = {isa = PBXBuildFile; fileRef = EBEDA2B621AB561F004FCB75 /* AccountPicker.swift */; };
		EBEDA2BA21AB56D9004FCB75 /* AccountCell.swift in Sources */ = {isa = PBXBuildFile; fileRef = EBEDA2B921AB56D9004FCB75 /* AccountCell.swift */; };
		EBF620BA218B9134005C6141 /* PasswordVC.swift in Sources */ = {isa = PBXBuildFile; fileRef = EBF620B9218B9134005C6141 /* PasswordVC.swift */; };
		EBF620C2218BA2AA005C6141 /* RepeatPassVC.swift in Sources */ = {isa = PBXBuildFile; fileRef = EBF620C1218BA2AA005C6141 /* RepeatPassVC.swift */; };
/* End PBXBuildFile section */

/* Begin PBXContainerItemProxy section */
		EBE484E721792FCB006879F7 /* PBXContainerItemProxy */ = {
			isa = PBXContainerItemProxy;
			containerPortal = EBE484E321792FCB006879F7 /* EthereumKit.xcodeproj */;
			proxyType = 2;
			remoteGlobalIDString = AEBA90D51FFA21ED003EA2BA;
			remoteInfo = EthereumKit;
		};
		EBE484EF21792FE5006879F7 /* PBXContainerItemProxy */ = {
			isa = PBXContainerItemProxy;
			containerPortal = EBE484E921792FE5006879F7 /* CryptoEthereumSwift.xcodeproj */;
			proxyType = 2;
			remoteGlobalIDString = 1AD1D61B20B7E822007AFF80;
			remoteInfo = CryptoEthereumSwift;
		};
		EBE484FD21792FEC006879F7 /* PBXContainerItemProxy */ = {
			isa = PBXContainerItemProxy;
			containerPortal = EBE484F521792FEC006879F7 /* CryptoSwift.xcodeproj */;
			proxyType = 2;
			remoteGlobalIDString = 754BE45519693E190098E6F3;
			remoteInfo = CryptoSwift;
		};
		EBE4850921792FF3006879F7 /* PBXContainerItemProxy */ = {
			isa = PBXContainerItemProxy;
			containerPortal = EBE484F521792FEC006879F7 /* CryptoSwift.xcodeproj */;
			proxyType = 1;
			remoteGlobalIDString = 754BE45419693E190098E6F3;
			remoteInfo = CryptoSwift;
		};
		EBE4850D21792FF3006879F7 /* PBXContainerItemProxy */ = {
			isa = PBXContainerItemProxy;
			containerPortal = EBE484E921792FE5006879F7 /* CryptoEthereumSwift.xcodeproj */;
			proxyType = 1;
			remoteGlobalIDString = 1AD1D61A20B7E822007AFF80;
			remoteInfo = CryptoEthereumSwift;
		};
		EBE4851121792FF3006879F7 /* PBXContainerItemProxy */ = {
			isa = PBXContainerItemProxy;
			containerPortal = EBE484E321792FCB006879F7 /* EthereumKit.xcodeproj */;
			proxyType = 1;
			remoteGlobalIDString = AEBA90D41FFA21ED003EA2BA;
			remoteInfo = EthereumKit;
		};
/* End PBXContainerItemProxy section */

/* Begin PBXCopyFilesBuildPhase section */
		EBE4851321792FF3006879F7 /* Embed Frameworks */ = {
			isa = PBXCopyFilesBuildPhase;
			buildActionMask = 2147483647;
			dstPath = "";
			dstSubfolderSpec = 10;
			files = (
				EBE4850C21792FF3006879F7 /* CryptoEthereumSwift.framework in Embed Frameworks */,
				EBE4850821792FF3006879F7 /* CryptoSwift.framework in Embed Frameworks */,
				EBE4851021792FF3006879F7 /* EthereumKit.framework in Embed Frameworks */,
			);
			name = "Embed Frameworks";
			runOnlyForDeploymentPostprocessing = 0;
		};
/* End PBXCopyFilesBuildPhase section */

/* Begin PBXFileReference section */
		2564A9F9434EDC7F695A47C1 /* Pods-ColdCrypto.debug.xcconfig */ = {isa = PBXFileReference; includeInIndex = 1; lastKnownFileType = text.xcconfig; name = "Pods-ColdCrypto.debug.xcconfig"; path = "Pods/Target Support Files/Pods-ColdCrypto/Pods-ColdCrypto.debug.xcconfig"; sourceTree = "<group>"; };
		7CCFBA6F1971B8E07FB05360 /* Pods-ColdCrypto.release.xcconfig */ = {isa = PBXFileReference; includeInIndex = 1; lastKnownFileType = text.xcconfig; name = "Pods-ColdCrypto.release.xcconfig"; path = "Pods/Target Support Files/Pods-ColdCrypto/Pods-ColdCrypto.release.xcconfig"; sourceTree = "<group>"; };
		B511BE577741365521F8A2AA /* Pods_ColdCrypto.framework */ = {isa = PBXFileReference; explicitFileType = wrapper.framework; includeInIndex = 0; path = Pods_ColdCrypto.framework; sourceTree = BUILT_PRODUCTS_DIR; };
		EB0B1CFB21B088710037C594 /* JTHamburgerButton.m */ = {isa = PBXFileReference; fileEncoding = 4; lastKnownFileType = sourcecode.c.objc; path = JTHamburgerButton.m; sourceTree = "<group>"; };
		EB0B1CFC21B088710037C594 /* JTHamburgerButton.h */ = {isa = PBXFileReference; fileEncoding = 4; lastKnownFileType = sourcecode.c.h; path = JTHamburgerButton.h; sourceTree = "<group>"; };
		EB1A0BEF218A27D300C43E72 /* CardsList.swift */ = {isa = PBXFileReference; lastKnownFileType = sourcecode.swift; path = CardsList.swift; sourceTree = "<group>"; };
		EB1F3B922198AB9C0052E5A7 /* AlertField.swift */ = {isa = PBXFileReference; lastKnownFileType = sourcecode.swift; path = AlertField.swift; sourceTree = "<group>"; };
		EB1F3B942198ABC40052E5A7 /* IAlertView.swift */ = {isa = PBXFileReference; lastKnownFileType = sourcecode.swift; path = IAlertView.swift; sourceTree = "<group>"; };
		EB1F3B962198B1D60052E5A7 /* AlertImage.swift */ = {isa = PBXFileReference; lastKnownFileType = sourcecode.swift; path = AlertImage.swift; sourceTree = "<group>"; };
		EB1F3B982198CAEF0052E5A7 /* BackupVC.swift */ = {isa = PBXFileReference; lastKnownFileType = sourcecode.swift; path = BackupVC.swift; sourceTree = "<group>"; };
		EB1F3B9A2198D07F0052E5A7 /* SeedWord.swift */ = {isa = PBXFileReference; lastKnownFileType = sourcecode.swift; path = SeedWord.swift; sourceTree = "<group>"; };
		EB2676CC21B3008B003B254F /* CardProvider.swift */ = {isa = PBXFileReference; lastKnownFileType = sourcecode.swift; path = CardProvider.swift; sourceTree = "<group>"; };
		EB2676D321B313B5003B254F /* Group.swift */ = {isa = PBXFileReference; lastKnownFileType = sourcecode.swift; path = Group.swift; sourceTree = "<group>"; };
		EB26C31B21924083005D3525 /* CardPickVC.swift */ = {isa = PBXFileReference; lastKnownFileType = sourcecode.swift; path = CardPickVC.swift; sourceTree = "<group>"; };
		EB2F617921ABE7EB0029219A /* eos.js */ = {isa = PBXFileReference; fileEncoding = 4; lastKnownFileType = sourcecode.javascript; path = eos.js; sourceTree = "<group>"; };
		EB2F617B21ABE8030029219A /* EOSUtils.swift */ = {isa = PBXFileReference; lastKnownFileType = sourcecode.swift; path = EOSUtils.swift; sourceTree = "<group>"; };
		EB2F617D21AC00340029219A /* ApiEOSTx.swift */ = {isa = PBXFileReference; lastKnownFileType = sourcecode.swift; path = ApiEOSTx.swift; sourceTree = "<group>"; };
		EB2F617F21AC124A0029219A /* IContract.swift */ = {isa = PBXFileReference; lastKnownFileType = sourcecode.swift; path = IContract.swift; sourceTree = "<group>"; };
		EB2F618321AC13950029219A /* ETHContract.swift */ = {isa = PBXFileReference; lastKnownFileType = sourcecode.swift; path = ETHContract.swift; sourceTree = "<group>"; };
		EB2F618721AC1FF10029219A /* EOSContract.swift */ = {isa = PBXFileReference; lastKnownFileType = sourcecode.swift; path = EOSContract.swift; sourceTree = "<group>"; };
		EB3ECC5C2180E8CD00D14656 /* Checkbox.swift */ = {isa = PBXFileReference; lastKnownFileType = sourcecode.swift; path = Checkbox.swift; sourceTree = "<group>"; };
		EB3ECC642180F74600D14656 /* ApiSignTransferTx.swift */ = {isa = PBXFileReference; lastKnownFileType = sourcecode.swift; path = ApiSignTransferTx.swift; sourceTree = "<group>"; };
		EB3F8AFD218357D5004E6CFB /* WalletCell.swift */ = {isa = PBXFileReference; lastKnownFileType = sourcecode.swift; path = WalletCell.swift; sourceTree = "<group>"; };
		EB5529F521A5EE8400EB11ED /* ContractView.swift */ = {isa = PBXFileReference; lastKnownFileType = sourcecode.swift; path = ContractView.swift; sourceTree = "<group>"; };
		EB6450882181069F008397DF /* SignalClient.swift */ = {isa = PBXFileReference; lastKnownFileType = sourcecode.swift; path = SignalClient.swift; sourceTree = "<group>"; };
		EB64509221810736008397DF /* WebRTCClient.swift */ = {isa = PBXFileReference; lastKnownFileType = sourcecode.swift; path = WebRTCClient.swift; sourceTree = "<group>"; };
		EB6450942181074D008397DF /* RTCStates.swift */ = {isa = PBXFileReference; lastKnownFileType = sourcecode.swift; path = RTCStates.swift; sourceTree = "<group>"; };
		EB64509621810A82008397DF /* Signer.swift */ = {isa = PBXFileReference; lastKnownFileType = sourcecode.swift; path = Signer.swift; sourceTree = "<group>"; };
		EB64509821810BBC008397DF /* RTC.swift */ = {isa = PBXFileReference; lastKnownFileType = sourcecode.swift; path = RTC.swift; sourceTree = "<group>"; };
		EB64509A21810CAD008397DF /* ApiWebRTC.swift */ = {isa = PBXFileReference; lastKnownFileType = sourcecode.swift; path = ApiWebRTC.swift; sourceTree = "<group>"; };
		EB64509C2181152E008397DF /* ApiOffer.swift */ = {isa = PBXFileReference; lastKnownFileType = sourcecode.swift; path = ApiOffer.swift; sourceTree = "<group>"; };
		EB64509E21811684008397DF /* ApiJoin.swift */ = {isa = PBXFileReference; lastKnownFileType = sourcecode.swift; path = ApiJoin.swift; sourceTree = "<group>"; };
		EB74B456217CCFFB006AE00F /* ScanButton.swift */ = {isa = PBXFileReference; lastKnownFileType = sourcecode.swift; path = ScanButton.swift; sourceTree = "<group>"; };
		EB976CEB217BA6CE00B8DC95 /* ApiParamsWallet.swift */ = {isa = PBXFileReference; lastKnownFileType = sourcecode.swift; path = ApiParamsWallet.swift; sourceTree = "<group>"; };
		EB976CED217BA75900B8DC95 /* ApiParamsTx.swift */ = {isa = PBXFileReference; lastKnownFileType = sourcecode.swift; path = ApiParamsTx.swift; sourceTree = "<group>"; };
		EBA5262321B1BEE200A29A08 /* GothamPro.ttf */ = {isa = PBXFileReference; lastKnownFileType = file; path = GothamPro.ttf; sourceTree = "<group>"; };
		EBA5262421B1BFD500A29A08 /* GothamPro-Medium.ttf */ = {isa = PBXFileReference; lastKnownFileType = file; path = "GothamPro-Medium.ttf"; sourceTree = "<group>"; };
		EBA5262521B1C74E00A29A08 /* GothamPro-Bold.ttf */ = {isa = PBXFileReference; lastKnownFileType = file; path = "GothamPro-Bold.ttf"; sourceTree = "<group>"; };
		EBA5262921B1DF3F00A29A08 /* background@3x.png */ = {isa = PBXFileReference; lastKnownFileType = image.png; path = "background@3x.png"; sourceTree = "<group>"; };
		EBA5262A21B1DF3F00A29A08 /* background@2x.png */ = {isa = PBXFileReference; lastKnownFileType = image.png; path = "background@2x.png"; sourceTree = "<group>"; };
		EBA5262D21B1E21B00A29A08 /* NavigatorVC.swift */ = {isa = PBXFileReference; lastKnownFileType = sourcecode.swift; path = NavigatorVC.swift; sourceTree = "<group>"; };
		EBA5262F21B1E40F00A29A08 /* Style.swift */ = {isa = PBXFileReference; lastKnownFileType = sourcecode.swift; path = Style.swift; sourceTree = "<group>"; };
		EBA5938A217A813F00F3CB65 /* Button.swift */ = {isa = PBXFileReference; lastKnownFileType = sourcecode.swift; path = Button.swift; sourceTree = "<group>"; };
		EBA59392217A815300F3CB65 /* Extensions.swift */ = {isa = PBXFileReference; lastKnownFileType = sourcecode.swift; path = Extensions.swift; sourceTree = "<group>"; };
		EBA59395217A816800F3CB65 /* SF-Pro-Display-Regular.otf */ = {isa = PBXFileReference; lastKnownFileType = file; path = "SF-Pro-Display-Regular.otf"; sourceTree = "<group>"; };
		EBA59396217A816800F3CB65 /* SF-Pro-Display-Bold.otf */ = {isa = PBXFileReference; lastKnownFileType = file; path = "SF-Pro-Display-Bold.otf"; sourceTree = "<group>"; };
		EBA59397217A816800F3CB65 /* SF-Pro-Display-Medium.otf */ = {isa = PBXFileReference; lastKnownFileType = file; path = "SF-Pro-Display-Medium.otf"; sourceTree = "<group>"; };
		EBA59398217A816800F3CB65 /* SF-Pro-Display-Semibold.otf */ = {isa = PBXFileReference; lastKnownFileType = file; path = "SF-Pro-Display-Semibold.otf"; sourceTree = "<group>"; };
		EBA593A6217A831800F3CB65 /* Localizable.strings */ = {isa = PBXFileReference; fileEncoding = 4; lastKnownFileType = text.plist.strings; path = Localizable.strings; sourceTree = "<group>"; };
		EBA593AE217A844E00F3CB65 /* ScannerVC.swift */ = {isa = PBXFileReference; fileEncoding = 4; lastKnownFileType = sourcecode.swift; path = ScannerVC.swift; sourceTree = "<group>"; };
		EBA593B0217A845E00F3CB65 /* AVFoundation.framework */ = {isa = PBXFileReference; lastKnownFileType = wrapper.framework; name = AVFoundation.framework; path = System/Library/Frameworks/AVFoundation.framework; sourceTree = SDKROOT; };
		EBA593B2217A84A000F3CB65 /* ScanView.swift */ = {isa = PBXFileReference; fileEncoding = 4; lastKnownFileType = sourcecode.swift; path = ScanView.swift; sourceTree = "<group>"; };
		EBA593B5217A88EF00F3CB65 /* ETHTransaction.swift */ = {isa = PBXFileReference; fileEncoding = 4; lastKnownFileType = sourcecode.swift; path = ETHTransaction.swift; sourceTree = "<group>"; };
		EBA593B6217A88EF00F3CB65 /* ETHWallet.swift */ = {isa = PBXFileReference; fileEncoding = 4; lastKnownFileType = sourcecode.swift; path = ETHWallet.swift; sourceTree = "<group>"; };
		EBA593B8217A88EF00F3CB65 /* EthereumAddress.swift */ = {isa = PBXFileReference; fileEncoding = 4; lastKnownFileType = sourcecode.swift; path = EthereumAddress.swift; sourceTree = "<group>"; };
		EBA593B9217A88EF00F3CB65 /* ETHNet.swift */ = {isa = PBXFileReference; fileEncoding = 4; lastKnownFileType = sourcecode.swift; path = ETHNet.swift; sourceTree = "<group>"; };
		EBA593C1217A892900F3CB65 /* Blockchain.swift */ = {isa = PBXFileReference; fileEncoding = 4; lastKnownFileType = sourcecode.swift; path = Blockchain.swift; sourceTree = "<group>"; };
		EBA593C3217A897E00F3CB65 /* IViewable.swift */ = {isa = PBXFileReference; fileEncoding = 4; lastKnownFileType = sourcecode.swift; path = IViewable.swift; sourceTree = "<group>"; };
		EBA593C7217A89B800F3CB65 /* ITransaction.swift */ = {isa = PBXFileReference; fileEncoding = 4; lastKnownFileType = sourcecode.swift; path = ITransaction.swift; sourceTree = "<group>"; };
		EBA593C9217A8AC900F3CB65 /* Settings.swift */ = {isa = PBXFileReference; lastKnownFileType = sourcecode.swift; path = Settings.swift; sourceTree = "<group>"; };
		EBA593CB217A8AF800F3CB65 /* Profile.swift */ = {isa = PBXFileReference; lastKnownFileType = sourcecode.swift; path = Profile.swift; sourceTree = "<group>"; };
		EBA593CD217A8B6400F3CB65 /* Chain.swift */ = {isa = PBXFileReference; lastKnownFileType = sourcecode.swift; path = Chain.swift; sourceTree = "<group>"; };
		EBA593CF217A8BF700F3CB65 /* CheckCodeVC.swift */ = {isa = PBXFileReference; fileEncoding = 4; lastKnownFileType = sourcecode.swift; path = CheckCodeVC.swift; sourceTree = "<group>"; };
		EBA593D1217A8BFE00F3CB65 /* AuthVC.swift */ = {isa = PBXFileReference; fileEncoding = 4; lastKnownFileType = sourcecode.swift; path = AuthVC.swift; sourceTree = "<group>"; };
		EBA593D3217A8C0300F3CB65 /* NewCodeVC.swift */ = {isa = PBXFileReference; fileEncoding = 4; lastKnownFileType = sourcecode.swift; path = NewCodeVC.swift; sourceTree = "<group>"; };
		EBA593D5217A8C1B00F3CB65 /* CodeVC.swift */ = {isa = PBXFileReference; fileEncoding = 4; lastKnownFileType = sourcecode.swift; path = CodeVC.swift; sourceTree = "<group>"; };
		EBA593D7217A8CA300F3CB65 /* BioAuth.swift */ = {isa = PBXFileReference; fileEncoding = 4; lastKnownFileType = sourcecode.swift; path = BioAuth.swift; sourceTree = "<group>"; };
		EBA593D9217A8CB500F3CB65 /* LocalAuthentication.framework */ = {isa = PBXFileReference; lastKnownFileType = wrapper.framework; name = LocalAuthentication.framework; path = System/Library/Frameworks/LocalAuthentication.framework; sourceTree = SDKROOT; };
		EBA593DD217A8CDC00F3CB65 /* NumberPad.swift */ = {isa = PBXFileReference; fileEncoding = 4; lastKnownFileType = sourcecode.swift; path = NumberPad.swift; sourceTree = "<group>"; };
		EBA593DF217A8D1900F3CB65 /* Alert.swift */ = {isa = PBXFileReference; lastKnownFileType = sourcecode.swift; path = Alert.swift; sourceTree = "<group>"; };
		EBAC21C121A5C774002CF61B /* abi.js */ = {isa = PBXFileReference; fileEncoding = 4; lastKnownFileType = sourcecode.javascript; path = abi.js; sourceTree = "<group>"; };
		EBAC21C321A5C78E002CF61B /* JavaScriptCore.framework */ = {isa = PBXFileReference; lastKnownFileType = wrapper.framework; name = JavaScriptCore.framework; path = System/Library/Frameworks/JavaScriptCore.framework; sourceTree = SDKROOT; };
		EBAC21C521A5C7AA002CF61B /* ETHabi.swift */ = {isa = PBXFileReference; lastKnownFileType = sourcecode.swift; path = ETHabi.swift; sourceTree = "<group>"; };
		EBAC21CC21A5D0E5002CF61B /* ApiSignContractCall.swift */ = {isa = PBXFileReference; lastKnownFileType = sourcecode.swift; path = ApiSignContractCall.swift; sourceTree = "<group>"; };
		EBAC21CE21A5D255002CF61B /* ApiAbi.swift */ = {isa = PBXFileReference; lastKnownFileType = sourcecode.swift; path = ApiAbi.swift; sourceTree = "<group>"; };
		EBAC21D221A5D916002CF61B /* abi_mock.json */ = {isa = PBXFileReference; lastKnownFileType = text.json; path = abi_mock.json; sourceTree = "<group>"; };
		EBAC21D421A5D958002CF61B /* ConfirmContractCall.swift */ = {isa = PBXFileReference; lastKnownFileType = sourcecode.swift; path = ConfirmContractCall.swift; sourceTree = "<group>"; };
		EBB15F862184EEF600F6370E /* CodeView.swift */ = {isa = PBXFileReference; fileEncoding = 4; lastKnownFileType = sourcecode.swift; path = CodeView.swift; sourceTree = "<group>"; };
		EBC9F77B21822F4900150883 /* ApiAnswer.swift */ = {isa = PBXFileReference; lastKnownFileType = sourcecode.swift; path = ApiAnswer.swift; sourceTree = "<group>"; };
		EBC9F78321822FC000150883 /* ApiMessage.swift */ = {isa = PBXFileReference; lastKnownFileType = sourcecode.swift; path = ApiMessage.swift; sourceTree = "<group>"; };
		EBC9F7852182321600150883 /* ApiIce.swift */ = {isa = PBXFileReference; lastKnownFileType = sourcecode.swift; path = ApiIce.swift; sourceTree = "<group>"; };
		EBC9F79321824F2B00150883 /* ApiChains.swift */ = {isa = PBXFileReference; lastKnownFileType = sourcecode.swift; path = ApiChains.swift; sourceTree = "<group>"; };
		EBD0B11B218DFBED00FD1B37 /* MenuVC.swift */ = {isa = PBXFileReference; lastKnownFileType = sourcecode.swift; path = MenuVC.swift; sourceTree = "<group>"; };
		EBD0B12E218E3D9A00FD1B37 /* MenuCell.swift */ = {isa = PBXFileReference; lastKnownFileType = sourcecode.swift; path = MenuCell.swift; sourceTree = "<group>"; };
		EBD4FCC72190BBBF0080D1A9 /* PopAnimator.swift */ = {isa = PBXFileReference; lastKnownFileType = sourcecode.swift; path = PopAnimator.swift; sourceTree = "<group>"; };
		EBD4FCC92190BFC20080D1A9 /* IPopover.swift */ = {isa = PBXFileReference; lastKnownFileType = sourcecode.swift; path = IPopover.swift; sourceTree = "<group>"; };
		EBD4FCCB2190D4D50080D1A9 /* PopupVC.swift */ = {isa = PBXFileReference; lastKnownFileType = sourcecode.swift; path = PopupVC.swift; sourceTree = "<group>"; };
		EBDB8846219742B3000AF045 /* Field.swift */ = {isa = PBXFileReference; lastKnownFileType = sourcecode.swift; path = Field.swift; sourceTree = "<group>"; };
		EBDB884E21974500000AF045 /* Sheet.swift */ = {isa = PBXFileReference; lastKnownFileType = sourcecode.swift; path = Sheet.swift; sourceTree = "<group>"; };
		EBDB8850219745F1000AF045 /* ImportManager.swift */ = {isa = PBXFileReference; lastKnownFileType = sourcecode.swift; path = ImportManager.swift; sourceTree = "<group>"; };
		EBDB885C21976AC1000AF045 /* IWallet.swift */ = {isa = PBXFileReference; fileEncoding = 4; lastKnownFileType = sourcecode.swift; path = IWallet.swift; sourceTree = "<group>"; };
		EBDCD55B217FD85E00B6EF5B /* ConfirmationVC.swift */ = {isa = PBXFileReference; lastKnownFileType = sourcecode.swift; path = ConfirmationVC.swift; sourceTree = "<group>"; };
		EBE484CD217928BF006879F7 /* ColdCrypto.app */ = {isa = PBXFileReference; explicitFileType = wrapper.application; includeInIndex = 0; path = ColdCrypto.app; sourceTree = BUILT_PRODUCTS_DIR; };
		EBE484D0217928BF006879F7 /* AppDelegate.swift */ = {isa = PBXFileReference; lastKnownFileType = sourcecode.swift; path = AppDelegate.swift; sourceTree = "<group>"; };
		EBE484D2217928BF006879F7 /* ProfileVC.swift */ = {isa = PBXFileReference; lastKnownFileType = sourcecode.swift; path = ProfileVC.swift; sourceTree = "<group>"; };
		EBE484D7217928C0006879F7 /* Assets.xcassets */ = {isa = PBXFileReference; lastKnownFileType = folder.assetcatalog; path = Assets.xcassets; sourceTree = "<group>"; };
		EBE484DA217928C0006879F7 /* Base */ = {isa = PBXFileReference; lastKnownFileType = file.storyboard; name = Base; path = Base.lproj/LaunchScreen.storyboard; sourceTree = "<group>"; };
		EBE484DC217928C0006879F7 /* Info.plist */ = {isa = PBXFileReference; lastKnownFileType = text.plist.xml; path = Info.plist; sourceTree = "<group>"; };
		EBE484E321792FCB006879F7 /* EthereumKit.xcodeproj */ = {isa = PBXFileReference; lastKnownFileType = "wrapper.pb-project"; name = EthereumKit.xcodeproj; path = EthereumKit/EthereumKit.xcodeproj; sourceTree = "<group>"; };
		EBE484E921792FE5006879F7 /* CryptoEthereumSwift.xcodeproj */ = {isa = PBXFileReference; lastKnownFileType = "wrapper.pb-project"; name = CryptoEthereumSwift.xcodeproj; path = EthereumKit/Carthage/Checkouts/CryptoEthereumSwift/CryptoEthereumSwift.xcodeproj; sourceTree = "<group>"; };
		EBE484F521792FEC006879F7 /* CryptoSwift.xcodeproj */ = {isa = PBXFileReference; lastKnownFileType = "wrapper.pb-project"; name = CryptoSwift.xcodeproj; path = EthereumKit/Carthage/Checkouts/CryptoSwift/CryptoSwift.xcodeproj; sourceTree = "<group>"; };
		EBEDA21D21AB4242004FCB75 /* ChainPicker.swift */ = {isa = PBXFileReference; lastKnownFileType = sourcecode.swift; path = ChainPicker.swift; sourceTree = "<group>"; };
		EBEDA22021AB4273004FCB75 /* CryptoList.swift */ = {isa = PBXFileReference; lastKnownFileType = sourcecode.swift; path = CryptoList.swift; sourceTree = "<group>"; };
		EBEDA22221AB4295004FCB75 /* CryptoItem.swift */ = {isa = PBXFileReference; lastKnownFileType = sourcecode.swift; path = CryptoItem.swift; sourceTree = "<group>"; };
		EBEDA22621AB4FF3004FCB75 /* EOSWallet.swift */ = {isa = PBXFileReference; fileEncoding = 4; lastKnownFileType = sourcecode.swift; path = EOSWallet.swift; sourceTree = "<group>"; };
		EBEDA22721AB4FF3004FCB75 /* EOSImporter.swift */ = {isa = PBXFileReference; fileEncoding = 4; lastKnownFileType = sourcecode.swift; path = EOSImporter.swift; sourceTree = "<group>"; };
		EBEDA22921AB4FF3004FCB75 /* AnyDecodable.swift */ = {isa = PBXFileReference; fileEncoding = 4; lastKnownFileType = sourcecode.swift; path = AnyDecodable.swift; sourceTree = "<group>"; };
		EBEDA22A21AB4FF3004FCB75 /* AnyCodable.swift */ = {isa = PBXFileReference; fileEncoding = 4; lastKnownFileType = sourcecode.swift; path = AnyCodable.swift; sourceTree = "<group>"; };
		EBEDA22B21AB4FF3004FCB75 /* AnyEncodable.swift */ = {isa = PBXFileReference; fileEncoding = 4; lastKnownFileType = sourcecode.swift; path = AnyEncodable.swift; sourceTree = "<group>"; };
		EBEDA22F21AB4FF3004FCB75 /* uECC.h */ = {isa = PBXFileReference; fileEncoding = 4; lastKnownFileType = sourcecode.c.h; path = uECC.h; sourceTree = "<group>"; };
		EBEDA23021AB4FF3004FCB75 /* ripemd160.h */ = {isa = PBXFileReference; fileEncoding = 4; lastKnownFileType = sourcecode.c.h; path = ripemd160.h; sourceTree = "<group>"; };
		EBEDA23121AB4FF3004FCB75 /* asm_arm.inc.h */ = {isa = PBXFileReference; fileEncoding = 4; lastKnownFileType = sourcecode.c.h; path = asm_arm.inc.h; sourceTree = "<group>"; };
		EBEDA23221AB4FF3004FCB75 /* uECC_vli.h */ = {isa = PBXFileReference; fileEncoding = 4; lastKnownFileType = sourcecode.c.h; path = uECC_vli.h; sourceTree = "<group>"; };
		EBEDA23321AB4FF3004FCB75 /* libbase58.h */ = {isa = PBXFileReference; fileEncoding = 4; lastKnownFileType = sourcecode.c.h; path = libbase58.h; sourceTree = "<group>"; };
		EBEDA23421AB4FF3004FCB75 /* curve-specific.inc */ = {isa = PBXFileReference; fileEncoding = 4; lastKnownFileType = sourcecode.pascal; path = "curve-specific.inc"; sourceTree = "<group>"; };
		EBEDA23521AB4FF3004FCB75 /* types.h */ = {isa = PBXFileReference; fileEncoding = 4; lastKnownFileType = sourcecode.c.h; path = types.h; sourceTree = "<group>"; };
		EBEDA23621AB4FF3004FCB75 /* sha3.h */ = {isa = PBXFileReference; fileEncoding = 4; lastKnownFileType = sourcecode.c.h; path = sha3.h; sourceTree = "<group>"; };
		EBEDA23721AB4FF3004FCB75 /* bip32.h */ = {isa = PBXFileReference; fileEncoding = 4; lastKnownFileType = sourcecode.c.h; path = bip32.h; sourceTree = "<group>"; };
		EBEDA23821AB4FF3004FCB75 /* ecdsa.h */ = {isa = PBXFileReference; fileEncoding = 4; lastKnownFileType = sourcecode.c.h; path = ecdsa.h; sourceTree = "<group>"; };
		EBEDA23921AB4FF3004FCB75 /* pbkdf2.h */ = {isa = PBXFileReference; fileEncoding = 4; lastKnownFileType = sourcecode.c.h; path = pbkdf2.h; sourceTree = "<group>"; };
		EBEDA23A21AB4FF3004FCB75 /* options.h */ = {isa = PBXFileReference; fileEncoding = 4; lastKnownFileType = sourcecode.c.h; path = options.h; sourceTree = "<group>"; };
		EBEDA23B21AB4FF3004FCB75 /* bip39_english.h */ = {isa = PBXFileReference; fileEncoding = 4; lastKnownFileType = sourcecode.c.h; path = bip39_english.h; sourceTree = "<group>"; };
		EBEDA23C21AB4FF3004FCB75 /* sha2.h */ = {isa = PBXFileReference; fileEncoding = 4; lastKnownFileType = sourcecode.c.h; path = sha2.h; sourceTree = "<group>"; };
		EBEDA23D21AB4FF3004FCB75 /* platform-specific.inc */ = {isa = PBXFileReference; fileEncoding = 4; lastKnownFileType = sourcecode.pascal; path = "platform-specific.inc"; sourceTree = "<group>"; };
		EBEDA23E21AB4FF3004FCB75 /* hmac.h */ = {isa = PBXFileReference; fileEncoding = 4; lastKnownFileType = sourcecode.c.h; path = hmac.h; sourceTree = "<group>"; };
		EBEDA23F21AB4FF3004FCB75 /* secp256k1.table */ = {isa = PBXFileReference; fileEncoding = 4; lastKnownFileType = text; path = secp256k1.table; sourceTree = "<group>"; };
		EBEDA24021AB4FF3004FCB75 /* bip39.h */ = {isa = PBXFileReference; fileEncoding = 4; lastKnownFileType = sourcecode.c.h; path = bip39.h; sourceTree = "<group>"; };
		EBEDA24121AB4FF3004FCB75 /* macros.h */ = {isa = PBXFileReference; fileEncoding = 4; lastKnownFileType = sourcecode.c.h; path = macros.h; sourceTree = "<group>"; };
		EBEDA24221AB4FF3004FCB75 /* rand.h */ = {isa = PBXFileReference; fileEncoding = 4; lastKnownFileType = sourcecode.c.h; path = rand.h; sourceTree = "<group>"; };
		EBEDA24321AB4FF3004FCB75 /* curves.h */ = {isa = PBXFileReference; fileEncoding = 4; lastKnownFileType = sourcecode.c.h; path = curves.h; sourceTree = "<group>"; };
		EBEDA24421AB4FF3004FCB75 /* Bridging-Header.h */ = {isa = PBXFileReference; fileEncoding = 4; lastKnownFileType = sourcecode.c.h; path = "Bridging-Header.h"; sourceTree = "<group>"; };
		EBEDA24521AB4FF3004FCB75 /* bignum.h */ = {isa = PBXFileReference; fileEncoding = 4; lastKnownFileType = sourcecode.c.h; path = bignum.h; sourceTree = "<group>"; };
		EBEDA24621AB4FF3004FCB75 /* secp256k1.h */ = {isa = PBXFileReference; fileEncoding = 4; lastKnownFileType = sourcecode.c.h; path = secp256k1.h; sourceTree = "<group>"; };
		EBEDA24821AB4FF3004FCB75 /* bip39.c */ = {isa = PBXFileReference; fileEncoding = 4; lastKnownFileType = sourcecode.c.c; path = bip39.c; sourceTree = "<group>"; };
		EBEDA24921AB4FF3004FCB75 /* hmac.c */ = {isa = PBXFileReference; fileEncoding = 4; lastKnownFileType = sourcecode.c.c; path = hmac.c; sourceTree = "<group>"; };
		EBEDA24A21AB4FF3004FCB75 /* sha2.c */ = {isa = PBXFileReference; fileEncoding = 4; lastKnownFileType = sourcecode.c.c; path = sha2.c; sourceTree = "<group>"; };
		EBEDA24B21AB4FF3004FCB75 /* rand.c */ = {isa = PBXFileReference; fileEncoding = 4; lastKnownFileType = sourcecode.c.c; path = rand.c; sourceTree = "<group>"; };
		EBEDA24C21AB4FF3004FCB75 /* curves.c */ = {isa = PBXFileReference; fileEncoding = 4; lastKnownFileType = sourcecode.c.c; path = curves.c; sourceTree = "<group>"; };
		EBEDA24D21AB4FF3004FCB75 /* secp256k1.c */ = {isa = PBXFileReference; fileEncoding = 4; lastKnownFileType = sourcecode.c.c; path = secp256k1.c; sourceTree = "<group>"; };
		EBEDA24E21AB4FF3004FCB75 /* bignum.c */ = {isa = PBXFileReference; fileEncoding = 4; lastKnownFileType = sourcecode.c.c; path = bignum.c; sourceTree = "<group>"; };
		EBEDA24F21AB4FF3004FCB75 /* ripemd160.c */ = {isa = PBXFileReference; fileEncoding = 4; lastKnownFileType = sourcecode.c.c; path = ripemd160.c; sourceTree = "<group>"; };
		EBEDA25021AB4FF3004FCB75 /* uECC.c */ = {isa = PBXFileReference; fileEncoding = 4; lastKnownFileType = sourcecode.c.c; path = uECC.c; sourceTree = "<group>"; };
		EBEDA25121AB4FF3004FCB75 /* bip32.c */ = {isa = PBXFileReference; fileEncoding = 4; lastKnownFileType = sourcecode.c.c; path = bip32.c; sourceTree = "<group>"; };
		EBEDA25221AB4FF3004FCB75 /* sha3.c */ = {isa = PBXFileReference; fileEncoding = 4; lastKnownFileType = sourcecode.c.c; path = sha3.c; sourceTree = "<group>"; };
		EBEDA25321AB4FF3004FCB75 /* base58.c */ = {isa = PBXFileReference; fileEncoding = 4; lastKnownFileType = sourcecode.c.c; path = base58.c; sourceTree = "<group>"; };
		EBEDA25421AB4FF3004FCB75 /* ecdsa.c */ = {isa = PBXFileReference; fileEncoding = 4; lastKnownFileType = sourcecode.c.c; path = ecdsa.c; sourceTree = "<group>"; };
		EBEDA25521AB4FF3004FCB75 /* pbkdf2.c */ = {isa = PBXFileReference; fileEncoding = 4; lastKnownFileType = sourcecode.c.c; path = pbkdf2.c; sourceTree = "<group>"; };
		EBEDA25B21AB4FF3004FCB75 /* Crypto.swift */ = {isa = PBXFileReference; fileEncoding = 4; lastKnownFileType = sourcecode.swift; path = Crypto.swift; sourceTree = "<group>"; };
		EBEDA25E21AB4FF3004FCB75 /* TransactionUtil.swift */ = {isa = PBXFileReference; fileEncoding = 4; lastKnownFileType = sourcecode.swift; path = TransactionUtil.swift; sourceTree = "<group>"; };
		EBEDA25F21AB4FF3004FCB75 /* Transaction.swift */ = {isa = PBXFileReference; fileEncoding = 4; lastKnownFileType = sourcecode.swift; path = Transaction.swift; sourceTree = "<group>"; };
		EBEDA26121AB4FF3004FCB75 /* Contract.swift */ = {isa = PBXFileReference; fileEncoding = 4; lastKnownFileType = sourcecode.swift; path = Contract.swift; sourceTree = "<group>"; };
		EBEDA26321AB4FF3004FCB75 /* AccountUtil.swift */ = {isa = PBXFileReference; fileEncoding = 4; lastKnownFileType = sourcecode.swift; path = AccountUtil.swift; sourceTree = "<group>"; };
		EBEDA26521AB4FF3004FCB75 /* ResourceUtil.swift */ = {isa = PBXFileReference; fileEncoding = 4; lastKnownFileType = sourcecode.swift; path = ResourceUtil.swift; sourceTree = "<group>"; };
		EBEDA26721AB4FF3004FCB75 /* Currency.swift */ = {isa = PBXFileReference; fileEncoding = 4; lastKnownFileType = sourcecode.swift; path = Currency.swift; sourceTree = "<group>"; };
		EBEDA26921AB4FF3004FCB75 /* Signature.swift */ = {isa = PBXFileReference; fileEncoding = 4; lastKnownFileType = sourcecode.swift; path = Signature.swift; sourceTree = "<group>"; };
		EBEDA26C21AB4FF3004FCB75 /* ChainRouter.swift */ = {isa = PBXFileReference; fileEncoding = 4; lastKnownFileType = sourcecode.swift; path = ChainRouter.swift; sourceTree = "<group>"; };
		EBEDA26D21AB4FF3004FCB75 /* EOSRPC+Chain.swift */ = {isa = PBXFileReference; fileEncoding = 4; lastKnownFileType = sourcecode.swift; path = "EOSRPC+Chain.swift"; sourceTree = "<group>"; };
		EBEDA26F21AB4FF3004FCB75 /* EOSRPC+History.swift */ = {isa = PBXFileReference; fileEncoding = 4; lastKnownFileType = sourcecode.swift; path = "EOSRPC+History.swift"; sourceTree = "<group>"; };
		EBEDA27021AB4FF3004FCB75 /* HistoryRouter.swift */ = {isa = PBXFileReference; fileEncoding = 4; lastKnownFileType = sourcecode.swift; path = HistoryRouter.swift; sourceTree = "<group>"; };
		EBEDA27221AB4FF3004FCB75 /* EOSRPC.swift */ = {isa = PBXFileReference; fileEncoding = 4; lastKnownFileType = sourcecode.swift; path = EOSRPC.swift; sourceTree = "<group>"; };
		EBEDA27321AB4FF3004FCB75 /* BaseRouter.swift */ = {isa = PBXFileReference; fileEncoding = 4; lastKnownFileType = sourcecode.swift; path = BaseRouter.swift; sourceTree = "<group>"; };
		EBEDA27521AB4FF3004FCB75 /* KeyPair.swift */ = {isa = PBXFileReference; fileEncoding = 4; lastKnownFileType = sourcecode.swift; path = KeyPair.swift; sourceTree = "<group>"; };
		EBEDA27621AB4FF3004FCB75 /* PublicKey.swift */ = {isa = PBXFileReference; fileEncoding = 4; lastKnownFileType = sourcecode.swift; path = PublicKey.swift; sourceTree = "<group>"; };
		EBEDA27721AB4FF3004FCB75 /* PrivateKey.swift */ = {isa = PBXFileReference; fileEncoding = 4; lastKnownFileType = sourcecode.swift; path = PrivateKey.swift; sourceTree = "<group>"; };
		EBEDA27921AB4FF3004FCB75 /* ChainModels.swift */ = {isa = PBXFileReference; fileEncoding = 4; lastKnownFileType = sourcecode.swift; path = ChainModels.swift; sourceTree = "<group>"; };
		EBEDA27A21AB4FF3004FCB75 /* Error.swift */ = {isa = PBXFileReference; fileEncoding = 4; lastKnownFileType = sourcecode.swift; path = Error.swift; sourceTree = "<group>"; };
		EBEDA27B21AB4FF3004FCB75 /* BigInt.swift */ = {isa = PBXFileReference; fileEncoding = 4; lastKnownFileType = sourcecode.swift; path = BigInt.swift; sourceTree = "<group>"; };
		EBEDA27F21AB4FF3004FCB75 /* SEWallet.swift */ = {isa = PBXFileReference; fileEncoding = 4; lastKnownFileType = sourcecode.swift; path = SEWallet.swift; sourceTree = "<group>"; };
		EBEDA28021AB4FF3004FCB75 /* EOSBalance.swift */ = {isa = PBXFileReference; fileEncoding = 4; lastKnownFileType = sourcecode.swift; path = EOSBalance.swift; sourceTree = "<group>"; };
		EBEDA2B221AB5249004FCB75 /* EOSToken.swift */ = {isa = PBXFileReference; fileEncoding = 4; lastKnownFileType = sourcecode.swift; path = EOSToken.swift; sourceTree = "<group>"; };
		EBEDA2B421AB559B004FCB75 /* AlertOld.swift */ = {isa = PBXFileReference; lastKnownFileType = sourcecode.swift; path = AlertOld.swift; sourceTree = "<group>"; };
		EBEDA2B621AB561F004FCB75 /* AccountPicker.swift */ = {isa = PBXFileReference; lastKnownFileType = sourcecode.swift; path = AccountPicker.swift; sourceTree = "<group>"; };
		EBEDA2B921AB56D9004FCB75 /* AccountCell.swift */ = {isa = PBXFileReference; lastKnownFileType = sourcecode.swift; path = AccountCell.swift; sourceTree = "<group>"; };
		EBF620B9218B9134005C6141 /* PasswordVC.swift */ = {isa = PBXFileReference; lastKnownFileType = sourcecode.swift; path = PasswordVC.swift; sourceTree = "<group>"; };
		EBF620C1218BA2AA005C6141 /* RepeatPassVC.swift */ = {isa = PBXFileReference; lastKnownFileType = sourcecode.swift; path = RepeatPassVC.swift; sourceTree = "<group>"; };
/* End PBXFileReference section */

/* Begin PBXFrameworksBuildPhase section */
		EBE484CA217928BF006879F7 /* Frameworks */ = {
			isa = PBXFrameworksBuildPhase;
			buildActionMask = 2147483647;
			files = (
				EBAC21C421A5C78E002CF61B /* JavaScriptCore.framework in Frameworks */,
				EBA593DA217A8CB500F3CB65 /* LocalAuthentication.framework in Frameworks */,
				EBA593B1217A845E00F3CB65 /* AVFoundation.framework in Frameworks */,
				EBE4850F21792FF3006879F7 /* EthereumKit.framework in Frameworks */,
				EBE4850B21792FF3006879F7 /* CryptoEthereumSwift.framework in Frameworks */,
				A4C7EEFDE2D214A0BE9F822B /* Pods_ColdCrypto.framework in Frameworks */,
				EBE4850721792FF3006879F7 /* CryptoSwift.framework in Frameworks */,
			);
			runOnlyForDeploymentPostprocessing = 0;
		};
/* End PBXFrameworksBuildPhase section */

/* Begin PBXGroup section */
		1A2741F217BD81CB5F16F23D /* Frameworks */ = {
			isa = PBXGroup;
			children = (
				EBAC21C321A5C78E002CF61B /* JavaScriptCore.framework */,
				EBA593D9217A8CB500F3CB65 /* LocalAuthentication.framework */,
				EBA593B0217A845E00F3CB65 /* AVFoundation.framework */,
				B511BE577741365521F8A2AA /* Pods_ColdCrypto.framework */,
			);
			name = Frameworks;
			sourceTree = "<group>";
		};
		D8A5F3620388EE0AFE58B8D8 /* Pods */ = {
			isa = PBXGroup;
			children = (
				2564A9F9434EDC7F695A47C1 /* Pods-ColdCrypto.debug.xcconfig */,
				7CCFBA6F1971B8E07FB05360 /* Pods-ColdCrypto.release.xcconfig */,
			);
			name = Pods;
			sourceTree = "<group>";
		};
		EB0B1CFA21B088660037C594 /* Hamburger */ = {
			isa = PBXGroup;
			children = (
				EB0B1CFC21B088710037C594 /* JTHamburgerButton.h */,
				EB0B1CFB21B088710037C594 /* JTHamburgerButton.m */,
			);
			path = Hamburger;
			sourceTree = "<group>";
		};
		EB1F3B912198AB8A0052E5A7 /* Alert */ = {
			isa = PBXGroup;
			children = (
				EBA593DF217A8D1900F3CB65 /* Alert.swift */,
				EB1F3B922198AB9C0052E5A7 /* AlertField.swift */,
				EB1F3B942198ABC40052E5A7 /* IAlertView.swift */,
				EB1F3B962198B1D60052E5A7 /* AlertImage.swift */,
				EBEDA2B421AB559B004FCB75 /* AlertOld.swift */,
			);
			path = Alert;
			sourceTree = "<group>";
		};
		EB5529F421A5EE5B00EB11ED /* Contract */ = {
			isa = PBXGroup;
			children = (
				EB5529F521A5EE8400EB11ED /* ContractView.swift */,
			);
			path = Contract;
			sourceTree = "<group>";
		};
		EB6450872181068F008397DF /* WebRTC */ = {
			isa = PBXGroup;
			children = (
				EB6450882181069F008397DF /* SignalClient.swift */,
				EB64509221810736008397DF /* WebRTCClient.swift */,
				EB6450942181074D008397DF /* RTCStates.swift */,
				EB64509821810BBC008397DF /* RTC.swift */,
			);
			path = WebRTC;
			sourceTree = "<group>";
		};
		EB74B437217C7599006AE00F /* Controllers */ = {
			isa = PBXGroup;
			children = (
				EBA593CF217A8BF700F3CB65 /* CheckCodeVC.swift */,
				EBA593D5217A8C1B00F3CB65 /* CodeVC.swift */,
				EBA593D3217A8C0300F3CB65 /* NewCodeVC.swift */,
				EBA593AE217A844E00F3CB65 /* ScannerVC.swift */,
				EBA593D1217A8BFE00F3CB65 /* AuthVC.swift */,
				EBE484D2217928BF006879F7 /* ProfileVC.swift */,
				EBDCD55B217FD85E00B6EF5B /* ConfirmationVC.swift */,
				EBF620B9218B9134005C6141 /* PasswordVC.swift */,
				EBF620C1218BA2AA005C6141 /* RepeatPassVC.swift */,
				EBD0B11B218DFBED00FD1B37 /* MenuVC.swift */,
				EBD4FCCB2190D4D50080D1A9 /* PopupVC.swift */,
				EB26C31B21924083005D3525 /* CardPickVC.swift */,
				EB1F3B982198CAEF0052E5A7 /* BackupVC.swift */,
				EBAC21D421A5D958002CF61B /* ConfirmContractCall.swift */,
				EBA5262D21B1E21B00A29A08 /* NavigatorVC.swift */,
			);
			path = Controllers;
			sourceTree = "<group>";
		};
		EB74B43E217C75AA006AE00F /* Model */ = {
			isa = PBXGroup;
			children = (
				EBEDA22421AB4FF3004FCB75 /* EOS */,
				EBDB8852219766B6000AF045 /* Protocols */,
				EB6450872181068F008397DF /* WebRTC */,
				EBA593B4217A88E700F3CB65 /* ETH */,
				EB976CE4217BA6B400B8DC95 /* Entities */,
				EBA593D7217A8CA300F3CB65 /* BioAuth.swift */,
				EBA593C9217A8AC900F3CB65 /* Settings.swift */,
				EBA59392217A815300F3CB65 /* Extensions.swift */,
				EBA593CB217A8AF800F3CB65 /* Profile.swift */,
				EBA593CD217A8B6400F3CB65 /* Chain.swift */,
				EB64509621810A82008397DF /* Signer.swift */,
				EBD4FCC72190BBBF0080D1A9 /* PopAnimator.swift */,
				EBDB8850219745F1000AF045 /* ImportManager.swift */,
				EBA5262F21B1E40F00A29A08 /* Style.swift */,
				EB2676CC21B3008B003B254F /* CardProvider.swift */,
				EB2676D321B313B5003B254F /* Group.swift */,
			);
			path = Model;
			sourceTree = "<group>";
		};
		EB74B43F217C75B2006AE00F /* Views */ = {
			isa = PBXGroup;
			children = (
				EB0B1CFA21B088660037C594 /* Hamburger */,
				EBEDA2B821AB56CE004FCB75 /* AccountPicker */,
				EBEDA21F21AB4264004FCB75 /* ChainPicker */,
				EB5529F421A5EE5B00EB11ED /* Contract */,
				EB1F3B912198AB8A0052E5A7 /* Alert */,
				EBA593B2217A84A000F3CB65 /* ScanView.swift */,
				EBA593DD217A8CDC00F3CB65 /* NumberPad.swift */,
				EBB15F862184EEF600F6370E /* CodeView.swift */,
				EBA5938A217A813F00F3CB65 /* Button.swift */,
				EB74B456217CCFFB006AE00F /* ScanButton.swift */,
				EB3ECC5C2180E8CD00D14656 /* Checkbox.swift */,
				EB3F8AFD218357D5004E6CFB /* WalletCell.swift */,
				EB1A0BEF218A27D300C43E72 /* CardsList.swift */,
				EBD0B12E218E3D9A00FD1B37 /* MenuCell.swift */,
				EBDB8846219742B3000AF045 /* Field.swift */,
				EBDB884E21974500000AF045 /* Sheet.swift */,
				EB1F3B9A2198D07F0052E5A7 /* SeedWord.swift */,
			);
			path = Views;
			sourceTree = "<group>";
		};
		EB74B443217C75E8006AE00F /* Resources */ = {
			isa = PBXGroup;
			children = (
				EB2F617921ABE7EB0029219A /* eos.js */,
				EBA593A6217A831800F3CB65 /* Localizable.strings */,
				EBA59394217A816800F3CB65 /* Fonts */,
				EBE484D7217928C0006879F7 /* Assets.xcassets */,
				EBA5262A21B1DF3F00A29A08 /* background@2x.png */,
				EBA5262921B1DF3F00A29A08 /* background@3x.png */,
				EBE484D9217928C0006879F7 /* LaunchScreen.storyboard */,
				EBE484DC217928C0006879F7 /* Info.plist */,
				EBAC21C121A5C774002CF61B /* abi.js */,
				EBAC21D221A5D916002CF61B /* abi_mock.json */,
			);
			path = Resources;
			sourceTree = "<group>";
		};
		EB976CE4217BA6B400B8DC95 /* Entities */ = {
			isa = PBXGroup;
			children = (
				EB976CEB217BA6CE00B8DC95 /* ApiParamsWallet.swift */,
				EB976CED217BA75900B8DC95 /* ApiParamsTx.swift */,
				EB3ECC642180F74600D14656 /* ApiSignTransferTx.swift */,
				EB64509A21810CAD008397DF /* ApiWebRTC.swift */,
				EB64509C2181152E008397DF /* ApiOffer.swift */,
				EB64509E21811684008397DF /* ApiJoin.swift */,
				EBC9F77B21822F4900150883 /* ApiAnswer.swift */,
				EBC9F78321822FC000150883 /* ApiMessage.swift */,
				EBC9F7852182321600150883 /* ApiIce.swift */,
				EBC9F79321824F2B00150883 /* ApiChains.swift */,
				EBAC21CC21A5D0E5002CF61B /* ApiSignContractCall.swift */,
				EBAC21CE21A5D255002CF61B /* ApiAbi.swift */,
				EB2F617D21AC00340029219A /* ApiEOSTx.swift */,
			);
			path = Entities;
			sourceTree = "<group>";
		};
		EBA59394217A816800F3CB65 /* Fonts */ = {
			isa = PBXGroup;
			children = (
				EBA5262421B1BFD500A29A08 /* GothamPro-Medium.ttf */,
				EBA5262321B1BEE200A29A08 /* GothamPro.ttf */,
				EBA5262521B1C74E00A29A08 /* GothamPro-Bold.ttf */,
				EBA59395217A816800F3CB65 /* SF-Pro-Display-Regular.otf */,
				EBA59396217A816800F3CB65 /* SF-Pro-Display-Bold.otf */,
				EBA59397217A816800F3CB65 /* SF-Pro-Display-Medium.otf */,
				EBA59398217A816800F3CB65 /* SF-Pro-Display-Semibold.otf */,
			);
			path = Fonts;
			sourceTree = "<group>";
		};
		EBA593B4217A88E700F3CB65 /* ETH */ = {
			isa = PBXGroup;
			children = (
				EBA593B8217A88EF00F3CB65 /* EthereumAddress.swift */,
				EBA593B9217A88EF00F3CB65 /* ETHNet.swift */,
				EBAC21C521A5C7AA002CF61B /* ETHabi.swift */,
				EBA593B5217A88EF00F3CB65 /* ETHTransaction.swift */,
				EBA593B6217A88EF00F3CB65 /* ETHWallet.swift */,
				EB2F618321AC13950029219A /* ETHContract.swift */,
			);
			path = ETH;
			sourceTree = "<group>";
		};
		EBDB8852219766B6000AF045 /* Protocols */ = {
			isa = PBXGroup;
			children = (
				EBD4FCC92190BFC20080D1A9 /* IPopover.swift */,
				EBA593C7217A89B800F3CB65 /* ITransaction.swift */,
				EBA593C3217A897E00F3CB65 /* IViewable.swift */,
				EBA593C1217A892900F3CB65 /* Blockchain.swift */,
				EBDB885C21976AC1000AF045 /* IWallet.swift */,
				EB2F617F21AC124A0029219A /* IContract.swift */,
			);
			path = Protocols;
			sourceTree = "<group>";
		};
		EBE484C4217928BF006879F7 = {
			isa = PBXGroup;
			children = (
				EBE484F521792FEC006879F7 /* CryptoSwift.xcodeproj */,
				EBE484E921792FE5006879F7 /* CryptoEthereumSwift.xcodeproj */,
				EBE484E321792FCB006879F7 /* EthereumKit.xcodeproj */,
				EBE484CF217928BF006879F7 /* ColdCrypto */,
				EBE484CE217928BF006879F7 /* Products */,
				D8A5F3620388EE0AFE58B8D8 /* Pods */,
				1A2741F217BD81CB5F16F23D /* Frameworks */,
			);
			sourceTree = "<group>";
		};
		EBE484CE217928BF006879F7 /* Products */ = {
			isa = PBXGroup;
			children = (
				EBE484CD217928BF006879F7 /* ColdCrypto.app */,
			);
			name = Products;
			sourceTree = "<group>";
		};
		EBE484CF217928BF006879F7 /* ColdCrypto */ = {
			isa = PBXGroup;
			children = (
				EB74B443217C75E8006AE00F /* Resources */,
				EB74B43F217C75B2006AE00F /* Views */,
				EB74B43E217C75AA006AE00F /* Model */,
				EB74B437217C7599006AE00F /* Controllers */,
				EBE484D0217928BF006879F7 /* AppDelegate.swift */,
			);
			path = ColdCrypto;
			sourceTree = "<group>";
		};
		EBE484E421792FCB006879F7 /* Products */ = {
			isa = PBXGroup;
			children = (
				EBE484E821792FCB006879F7 /* EthereumKit.framework */,
			);
			name = Products;
			sourceTree = "<group>";
		};
		EBE484EA21792FE5006879F7 /* Products */ = {
			isa = PBXGroup;
			children = (
				EBE484F021792FE5006879F7 /* CryptoEthereumSwift.framework */,
			);
			name = Products;
			sourceTree = "<group>";
		};
		EBE484F621792FEC006879F7 /* Products */ = {
			isa = PBXGroup;
			children = (
				EBE484FE21792FEC006879F7 /* CryptoSwift.framework */,
			);
			name = Products;
			sourceTree = "<group>";
		};
		EBEDA21F21AB4264004FCB75 /* ChainPicker */ = {
			isa = PBXGroup;
			children = (
				EBEDA21D21AB4242004FCB75 /* ChainPicker.swift */,
				EBEDA22021AB4273004FCB75 /* CryptoList.swift */,
				EBEDA22221AB4295004FCB75 /* CryptoItem.swift */,
			);
			path = ChainPicker;
			sourceTree = "<group>";
		};
		EBEDA22421AB4FF3004FCB75 /* EOS */ = {
			isa = PBXGroup;
			children = (
				EBEDA22621AB4FF3004FCB75 /* EOSWallet.swift */,
				EBEDA2B221AB5249004FCB75 /* EOSToken.swift */,
				EBEDA22721AB4FF3004FCB75 /* EOSImporter.swift */,
				EBEDA22821AB4FF3004FCB75 /* AnyCodable */,
				EBEDA22D21AB4FF3004FCB75 /* Libraries */,
				EBEDA25821AB4FF3004FCB75 /* Sources */,
				EBEDA28021AB4FF3004FCB75 /* EOSBalance.swift */,
				EB2F617B21ABE8030029219A /* EOSUtils.swift */,
				EB2F618721AC1FF10029219A /* EOSContract.swift */,
			);
			path = EOS;
			sourceTree = "<group>";
		};
		EBEDA22821AB4FF3004FCB75 /* AnyCodable */ = {
			isa = PBXGroup;
			children = (
				EBEDA22921AB4FF3004FCB75 /* AnyDecodable.swift */,
				EBEDA22A21AB4FF3004FCB75 /* AnyCodable.swift */,
				EBEDA22B21AB4FF3004FCB75 /* AnyEncodable.swift */,
			);
			path = AnyCodable;
			sourceTree = "<group>";
		};
		EBEDA22D21AB4FF3004FCB75 /* Libraries */ = {
			isa = PBXGroup;
			children = (
				EBEDA22E21AB4FF3004FCB75 /* include */,
				EBEDA24721AB4FF3004FCB75 /* src */,
			);
			path = Libraries;
			sourceTree = "<group>";
		};
		EBEDA22E21AB4FF3004FCB75 /* include */ = {
			isa = PBXGroup;
			children = (
				EBEDA22F21AB4FF3004FCB75 /* uECC.h */,
				EBEDA23021AB4FF3004FCB75 /* ripemd160.h */,
				EBEDA23121AB4FF3004FCB75 /* asm_arm.inc.h */,
				EBEDA23221AB4FF3004FCB75 /* uECC_vli.h */,
				EBEDA23321AB4FF3004FCB75 /* libbase58.h */,
				EBEDA23421AB4FF3004FCB75 /* curve-specific.inc */,
				EBEDA23521AB4FF3004FCB75 /* types.h */,
				EBEDA23621AB4FF3004FCB75 /* sha3.h */,
				EBEDA23721AB4FF3004FCB75 /* bip32.h */,
				EBEDA23821AB4FF3004FCB75 /* ecdsa.h */,
				EBEDA23921AB4FF3004FCB75 /* pbkdf2.h */,
				EBEDA23A21AB4FF3004FCB75 /* options.h */,
				EBEDA23B21AB4FF3004FCB75 /* bip39_english.h */,
				EBEDA23C21AB4FF3004FCB75 /* sha2.h */,
				EBEDA23D21AB4FF3004FCB75 /* platform-specific.inc */,
				EBEDA23E21AB4FF3004FCB75 /* hmac.h */,
				EBEDA23F21AB4FF3004FCB75 /* secp256k1.table */,
				EBEDA24021AB4FF3004FCB75 /* bip39.h */,
				EBEDA24121AB4FF3004FCB75 /* macros.h */,
				EBEDA24221AB4FF3004FCB75 /* rand.h */,
				EBEDA24321AB4FF3004FCB75 /* curves.h */,
				EBEDA24421AB4FF3004FCB75 /* Bridging-Header.h */,
				EBEDA24521AB4FF3004FCB75 /* bignum.h */,
				EBEDA24621AB4FF3004FCB75 /* secp256k1.h */,
			);
			path = include;
			sourceTree = "<group>";
		};
		EBEDA24721AB4FF3004FCB75 /* src */ = {
			isa = PBXGroup;
			children = (
				EBEDA24821AB4FF3004FCB75 /* bip39.c */,
				EBEDA24921AB4FF3004FCB75 /* hmac.c */,
				EBEDA24A21AB4FF3004FCB75 /* sha2.c */,
				EBEDA24B21AB4FF3004FCB75 /* rand.c */,
				EBEDA24C21AB4FF3004FCB75 /* curves.c */,
				EBEDA24D21AB4FF3004FCB75 /* secp256k1.c */,
				EBEDA24E21AB4FF3004FCB75 /* bignum.c */,
				EBEDA24F21AB4FF3004FCB75 /* ripemd160.c */,
				EBEDA25021AB4FF3004FCB75 /* uECC.c */,
				EBEDA25121AB4FF3004FCB75 /* bip32.c */,
				EBEDA25221AB4FF3004FCB75 /* sha3.c */,
				EBEDA25321AB4FF3004FCB75 /* base58.c */,
				EBEDA25421AB4FF3004FCB75 /* ecdsa.c */,
				EBEDA25521AB4FF3004FCB75 /* pbkdf2.c */,
			);
			path = src;
			sourceTree = "<group>";
		};
		EBEDA25821AB4FF3004FCB75 /* Sources */ = {
			isa = PBXGroup;
			children = (
				EBEDA25921AB4FF3004FCB75 /* SwiftyEOS */,
				EBEDA27D21AB4FF3004FCB75 /* Utils */,
			);
			path = Sources;
			sourceTree = "<group>";
		};
		EBEDA25921AB4FF3004FCB75 /* SwiftyEOS */ = {
			isa = PBXGroup;
			children = (
				EBEDA25A21AB4FF3004FCB75 /* Crypto */,
				EBEDA25C21AB4FF3004FCB75 /* Contract */,
				EBEDA26821AB4FF3004FCB75 /* Signature */,
				EBEDA26A21AB4FF3004FCB75 /* Network */,
				EBEDA27421AB4FF3004FCB75 /* Key */,
				EBEDA27821AB4FF3004FCB75 /* Models */,
			);
			path = SwiftyEOS;
			sourceTree = "<group>";
		};
		EBEDA25A21AB4FF3004FCB75 /* Crypto */ = {
			isa = PBXGroup;
			children = (
				EBEDA25B21AB4FF3004FCB75 /* Crypto.swift */,
			);
			path = Crypto;
			sourceTree = "<group>";
		};
		EBEDA25C21AB4FF3004FCB75 /* Contract */ = {
			isa = PBXGroup;
			children = (
				EBEDA25D21AB4FF3004FCB75 /* transaction */,
				EBEDA26021AB4FF3004FCB75 /* contract */,
				EBEDA26221AB4FF3004FCB75 /* account */,
				EBEDA26421AB4FF3004FCB75 /* resource */,
				EBEDA26621AB4FF3004FCB75 /* currency */,
			);
			path = Contract;
			sourceTree = "<group>";
		};
		EBEDA25D21AB4FF3004FCB75 /* transaction */ = {
			isa = PBXGroup;
			children = (
				EBEDA25E21AB4FF3004FCB75 /* TransactionUtil.swift */,
				EBEDA25F21AB4FF3004FCB75 /* Transaction.swift */,
			);
			path = transaction;
			sourceTree = "<group>";
		};
		EBEDA26021AB4FF3004FCB75 /* contract */ = {
			isa = PBXGroup;
			children = (
				EBEDA26121AB4FF3004FCB75 /* Contract.swift */,
			);
			path = contract;
			sourceTree = "<group>";
		};
		EBEDA26221AB4FF3004FCB75 /* account */ = {
			isa = PBXGroup;
			children = (
				EBEDA26321AB4FF3004FCB75 /* AccountUtil.swift */,
			);
			path = account;
			sourceTree = "<group>";
		};
		EBEDA26421AB4FF3004FCB75 /* resource */ = {
			isa = PBXGroup;
			children = (
				EBEDA26521AB4FF3004FCB75 /* ResourceUtil.swift */,
			);
			path = resource;
			sourceTree = "<group>";
		};
		EBEDA26621AB4FF3004FCB75 /* currency */ = {
			isa = PBXGroup;
			children = (
				EBEDA26721AB4FF3004FCB75 /* Currency.swift */,
			);
			path = currency;
			sourceTree = "<group>";
		};
		EBEDA26821AB4FF3004FCB75 /* Signature */ = {
			isa = PBXGroup;
			children = (
				EBEDA26921AB4FF3004FCB75 /* Signature.swift */,
			);
			path = Signature;
			sourceTree = "<group>";
		};
		EBEDA26A21AB4FF3004FCB75 /* Network */ = {
			isa = PBXGroup;
			children = (
				EBEDA26B21AB4FF3004FCB75 /* Chain */,
				EBEDA26E21AB4FF3004FCB75 /* History */,
				EBEDA27121AB4FF3004FCB75 /* Base */,
			);
			path = Network;
			sourceTree = "<group>";
		};
		EBEDA26B21AB4FF3004FCB75 /* Chain */ = {
			isa = PBXGroup;
			children = (
				EBEDA26C21AB4FF3004FCB75 /* ChainRouter.swift */,
				EBEDA26D21AB4FF3004FCB75 /* EOSRPC+Chain.swift */,
			);
			path = Chain;
			sourceTree = "<group>";
		};
		EBEDA26E21AB4FF3004FCB75 /* History */ = {
			isa = PBXGroup;
			children = (
				EBEDA26F21AB4FF3004FCB75 /* EOSRPC+History.swift */,
				EBEDA27021AB4FF3004FCB75 /* HistoryRouter.swift */,
			);
			path = History;
			sourceTree = "<group>";
		};
		EBEDA27121AB4FF3004FCB75 /* Base */ = {
			isa = PBXGroup;
			children = (
				EBEDA27221AB4FF3004FCB75 /* EOSRPC.swift */,
				EBEDA27321AB4FF3004FCB75 /* BaseRouter.swift */,
			);
			path = Base;
			sourceTree = "<group>";
		};
		EBEDA27421AB4FF3004FCB75 /* Key */ = {
			isa = PBXGroup;
			children = (
				EBEDA27521AB4FF3004FCB75 /* KeyPair.swift */,
				EBEDA27621AB4FF3004FCB75 /* PublicKey.swift */,
				EBEDA27721AB4FF3004FCB75 /* PrivateKey.swift */,
			);
			path = Key;
			sourceTree = "<group>";
		};
		EBEDA27821AB4FF3004FCB75 /* Models */ = {
			isa = PBXGroup;
			children = (
				EBEDA27921AB4FF3004FCB75 /* ChainModels.swift */,
				EBEDA27A21AB4FF3004FCB75 /* Error.swift */,
				EBEDA27B21AB4FF3004FCB75 /* BigInt.swift */,
			);
			path = Models;
			sourceTree = "<group>";
		};
		EBEDA27D21AB4FF3004FCB75 /* Utils */ = {
			isa = PBXGroup;
			children = (
				EBEDA27E21AB4FF3004FCB75 /* iOS */,
			);
			path = Utils;
			sourceTree = "<group>";
		};
		EBEDA27E21AB4FF3004FCB75 /* iOS */ = {
			isa = PBXGroup;
			children = (
				EBEDA27F21AB4FF3004FCB75 /* SEWallet.swift */,
			);
			path = iOS;
			sourceTree = "<group>";
		};
		EBEDA2B821AB56CE004FCB75 /* AccountPicker */ = {
			isa = PBXGroup;
			children = (
				EBEDA2B621AB561F004FCB75 /* AccountPicker.swift */,
				EBEDA2B921AB56D9004FCB75 /* AccountCell.swift */,
			);
			path = AccountPicker;
			sourceTree = "<group>";
		};
/* End PBXGroup section */

/* Begin PBXNativeTarget section */
		EBE484CC217928BF006879F7 /* ColdCrypto */ = {
			isa = PBXNativeTarget;
			buildConfigurationList = EBE484DF217928C0006879F7 /* Build configuration list for PBXNativeTarget "ColdCrypto" */;
			buildPhases = (
				B33D9B7B27027B4D878D5AEF /* [CP] Check Pods Manifest.lock */,
				EBE484C9217928BF006879F7 /* Sources */,
				EBE484CA217928BF006879F7 /* Frameworks */,
				EBE484CB217928BF006879F7 /* Resources */,
				5468F8BFA76CD929B4E45DE5 /* [CP] Embed Pods Frameworks */,
				EBE4851321792FF3006879F7 /* Embed Frameworks */,
				DCDB017F6F7A4E091F782215 /* [CP] Copy Pods Resources */,
				EB976D0F217BC72400B8DC95 /* ShellScript */,
			);
			buildRules = (
			);
			dependencies = (
				EBE4850A21792FF3006879F7 /* PBXTargetDependency */,
				EBE4850E21792FF3006879F7 /* PBXTargetDependency */,
				EBE4851221792FF3006879F7 /* PBXTargetDependency */,
			);
			name = ColdCrypto;
			productName = ColdCrypto;
			productReference = EBE484CD217928BF006879F7 /* ColdCrypto.app */;
			productType = "com.apple.product-type.application";
		};
/* End PBXNativeTarget section */

/* Begin PBXProject section */
		EBE484C5217928BF006879F7 /* Project object */ = {
			isa = PBXProject;
			attributes = {
				LastSwiftUpdateCheck = 0940;
				LastUpgradeCheck = 0940;
				ORGANIZATIONNAME = "Kirill Kozhuhar";
				TargetAttributes = {
					EBE484CC217928BF006879F7 = {
						CreatedOnToolsVersion = 9.4.1;
						SystemCapabilities = {
							com.apple.BackgroundModes = {
								enabled = 1;
							};
						};
					};
				};
			};
			buildConfigurationList = EBE484C8217928BF006879F7 /* Build configuration list for PBXProject "ColdCrypto" */;
			compatibilityVersion = "Xcode 9.3";
			developmentRegion = en;
			hasScannedForEncodings = 0;
			knownRegions = (
				en,
				Base,
			);
			mainGroup = EBE484C4217928BF006879F7;
			productRefGroup = EBE484CE217928BF006879F7 /* Products */;
			projectDirPath = "";
			projectReferences = (
				{
					ProductGroup = EBE484EA21792FE5006879F7 /* Products */;
					ProjectRef = EBE484E921792FE5006879F7 /* CryptoEthereumSwift.xcodeproj */;
				},
				{
					ProductGroup = EBE484F621792FEC006879F7 /* Products */;
					ProjectRef = EBE484F521792FEC006879F7 /* CryptoSwift.xcodeproj */;
				},
				{
					ProductGroup = EBE484E421792FCB006879F7 /* Products */;
					ProjectRef = EBE484E321792FCB006879F7 /* EthereumKit.xcodeproj */;
				},
			);
			projectRoot = "";
			targets = (
				EBE484CC217928BF006879F7 /* ColdCrypto */,
			);
		};
/* End PBXProject section */

/* Begin PBXReferenceProxy section */
		EBE484E821792FCB006879F7 /* EthereumKit.framework */ = {
			isa = PBXReferenceProxy;
			fileType = wrapper.framework;
			path = EthereumKit.framework;
			remoteRef = EBE484E721792FCB006879F7 /* PBXContainerItemProxy */;
			sourceTree = BUILT_PRODUCTS_DIR;
		};
		EBE484F021792FE5006879F7 /* CryptoEthereumSwift.framework */ = {
			isa = PBXReferenceProxy;
			fileType = wrapper.framework;
			path = CryptoEthereumSwift.framework;
			remoteRef = EBE484EF21792FE5006879F7 /* PBXContainerItemProxy */;
			sourceTree = BUILT_PRODUCTS_DIR;
		};
		EBE484FE21792FEC006879F7 /* CryptoSwift.framework */ = {
			isa = PBXReferenceProxy;
			fileType = wrapper.framework;
			path = CryptoSwift.framework;
			remoteRef = EBE484FD21792FEC006879F7 /* PBXContainerItemProxy */;
			sourceTree = BUILT_PRODUCTS_DIR;
		};
/* End PBXReferenceProxy section */

/* Begin PBXResourcesBuildPhase section */
		EBE484CB217928BF006879F7 /* Resources */ = {
			isa = PBXResourcesBuildPhase;
			buildActionMask = 2147483647;
			files = (
				EB2F617A21ABE7EB0029219A /* eos.js in Resources */,
				EBAC21D321A5D916002CF61B /* abi_mock.json in Resources */,
				EBA5939C217A816800F3CB65 /* SF-Pro-Display-Semibold.otf in Resources */,
				EBE484DB217928C0006879F7 /* LaunchScreen.storyboard in Resources */,
				EBA59399217A816800F3CB65 /* SF-Pro-Display-Regular.otf in Resources */,
				EBAC21C221A5C774002CF61B /* abi.js in Resources */,
				EBA5262721B1C83200A29A08 /* GothamPro.ttf in Resources */,
				EBA593AD217A831900F3CB65 /* Localizable.strings in Resources */,
				EBA5939A217A816800F3CB65 /* SF-Pro-Display-Bold.otf in Resources */,
				EBEDA28A21AB4FF3004FCB75 /* secp256k1.table in Resources */,
				EBE484D8217928C0006879F7 /* Assets.xcassets in Resources */,
				EBA5262821B1C83200A29A08 /* GothamPro-Bold.ttf in Resources */,
				EBA5939B217A816800F3CB65 /* SF-Pro-Display-Medium.otf in Resources */,
				EBA5262B21B1DF3F00A29A08 /* background@3x.png in Resources */,
				EBA5262C21B1DF3F00A29A08 /* background@2x.png in Resources */,
				EBA5262621B1C83200A29A08 /* GothamPro-Medium.ttf in Resources */,
			);
			runOnlyForDeploymentPostprocessing = 0;
		};
/* End PBXResourcesBuildPhase section */

/* Begin PBXShellScriptBuildPhase section */
		5468F8BFA76CD929B4E45DE5 /* [CP] Embed Pods Frameworks */ = {
			isa = PBXShellScriptBuildPhase;
			buildActionMask = 2147483647;
			files = (
			);
			inputPaths = (
				"${SRCROOT}/Pods/Target Support Files/Pods-ColdCrypto/Pods-ColdCrypto-frameworks.sh",
				"${BUILT_PRODUCTS_DIR}/BlockiesSwift/BlockiesSwift.framework",
				"${PODS_ROOT}/GoogleWebRTC/Frameworks/frameworks/WebRTC.framework",
				"${BUILT_PRODUCTS_DIR}/HandyJSON/HandyJSON.framework",
				"${BUILT_PRODUCTS_DIR}/KeychainAccess/KeychainAccess.framework",
				"${BUILT_PRODUCTS_DIR}/MBProgressHUD/MBProgressHUD.framework",
				"${BUILT_PRODUCTS_DIR}/QRCode/QRCode.framework",
				"${BUILT_PRODUCTS_DIR}/SideMenu/SideMenu.framework",
				"${BUILT_PRODUCTS_DIR}/Starscream/Starscream.framework",
				"${BUILT_PRODUCTS_DIR}/TGLStackedViewController/TGLStackedViewController.framework",
			);
			name = "[CP] Embed Pods Frameworks";
			outputPaths = (
				"${TARGET_BUILD_DIR}/${FRAMEWORKS_FOLDER_PATH}/BlockiesSwift.framework",
				"${TARGET_BUILD_DIR}/${FRAMEWORKS_FOLDER_PATH}/WebRTC.framework",
				"${TARGET_BUILD_DIR}/${FRAMEWORKS_FOLDER_PATH}/HandyJSON.framework",
				"${TARGET_BUILD_DIR}/${FRAMEWORKS_FOLDER_PATH}/KeychainAccess.framework",
				"${TARGET_BUILD_DIR}/${FRAMEWORKS_FOLDER_PATH}/MBProgressHUD.framework",
				"${TARGET_BUILD_DIR}/${FRAMEWORKS_FOLDER_PATH}/QRCode.framework",
				"${TARGET_BUILD_DIR}/${FRAMEWORKS_FOLDER_PATH}/SideMenu.framework",
				"${TARGET_BUILD_DIR}/${FRAMEWORKS_FOLDER_PATH}/Starscream.framework",
				"${TARGET_BUILD_DIR}/${FRAMEWORKS_FOLDER_PATH}/TGLStackedViewController.framework",
			);
			runOnlyForDeploymentPostprocessing = 0;
			shellPath = /bin/sh;
			shellScript = "\"${SRCROOT}/Pods/Target Support Files/Pods-ColdCrypto/Pods-ColdCrypto-frameworks.sh\"\n";
			showEnvVarsInLog = 0;
		};
		B33D9B7B27027B4D878D5AEF /* [CP] Check Pods Manifest.lock */ = {
			isa = PBXShellScriptBuildPhase;
			buildActionMask = 2147483647;
			files = (
			);
			inputPaths = (
				"${PODS_PODFILE_DIR_PATH}/Podfile.lock",
				"${PODS_ROOT}/Manifest.lock",
			);
			name = "[CP] Check Pods Manifest.lock";
			outputPaths = (
				"$(DERIVED_FILE_DIR)/Pods-ColdCrypto-checkManifestLockResult.txt",
			);
			runOnlyForDeploymentPostprocessing = 0;
			shellPath = /bin/sh;
			shellScript = "diff \"${PODS_PODFILE_DIR_PATH}/Podfile.lock\" \"${PODS_ROOT}/Manifest.lock\" > /dev/null\nif [ $? != 0 ] ; then\n    # print error to STDERR\n    echo \"error: The sandbox is not in sync with the Podfile.lock. Run 'pod install' or update your CocoaPods installation.\" >&2\n    exit 1\nfi\n# This output is used by Xcode 'outputs' to avoid re-running this script phase.\necho \"SUCCESS\" > \"${SCRIPT_OUTPUT_FILE_0}\"\n";
			showEnvVarsInLog = 0;
		};
		DCDB017F6F7A4E091F782215 /* [CP] Copy Pods Resources */ = {
			isa = PBXShellScriptBuildPhase;
			buildActionMask = 2147483647;
			files = (
			);
			inputPaths = (
				"${SRCROOT}/Pods/Target Support Files/Pods-ColdCrypto/Pods-ColdCrypto-resources.sh",
				"${PODS_CONFIGURATION_BUILD_DIR}/HockeySDK/HockeySDKResources.bundle",
			);
			name = "[CP] Copy Pods Resources";
			outputPaths = (
				"${TARGET_BUILD_DIR}/${UNLOCALIZED_RESOURCES_FOLDER_PATH}/HockeySDKResources.bundle",
			);
			runOnlyForDeploymentPostprocessing = 0;
			shellPath = /bin/sh;
			shellScript = "\"${SRCROOT}/Pods/Target Support Files/Pods-ColdCrypto/Pods-ColdCrypto-resources.sh\"\n";
			showEnvVarsInLog = 0;
		};
		EB976D0F217BC72400B8DC95 /* ShellScript */ = {
			isa = PBXShellScriptBuildPhase;
			buildActionMask = 2147483647;
			files = (
			);
			inputFileListPaths = (
			);
			inputPaths = (
			);
			outputFileListPaths = (
			);
			outputPaths = (
			);
			runOnlyForDeploymentPostprocessing = 0;
			shellPath = /bin/sh;
			shellScript = "# Type a script or drag a script file from your workspace to insert its path.\nFILE=\"${SRCROOT}/HockeySDK-iOS/BuildAgent\"\nif [ -f \"$FILE\" ]; then\n\"$FILE\"\nfi\n";
		};
/* End PBXShellScriptBuildPhase section */

/* Begin PBXSourcesBuildPhase section */
		EBE484C9217928BF006879F7 /* Sources */ = {
			isa = PBXSourcesBuildPhase;
			buildActionMask = 2147483647;
			files = (
				EBEDA22121AB4273004FCB75 /* CryptoList.swift in Sources */,
				EBA593AF217A844E00F3CB65 /* ScannerVC.swift in Sources */,
				EB6450892181069F008397DF /* SignalClient.swift in Sources */,
				EBEDA2A421AB4FF3004FCB75 /* EOSRPC+Chain.swift in Sources */,
				EBEDA2A121AB4FF3004FCB75 /* Currency.swift in Sources */,
				EB1A0BF0218A27D300C43E72 /* CardsList.swift in Sources */,
				EBEDA29F21AB4FF3004FCB75 /* AccountUtil.swift in Sources */,
				EBEDA2A821AB4FF3004FCB75 /* BaseRouter.swift in Sources */,
				EBEDA29B21AB4FF3004FCB75 /* Crypto.swift in Sources */,
				EBC9F7862182321600150883 /* ApiIce.swift in Sources */,
				EBEDA28921AB4FF3004FCB75 /* platform-specific.inc in Sources */,
				EBA593BD217A88EF00F3CB65 /* EthereumAddress.swift in Sources */,
				EBEDA2B121AB4FF3004FCB75 /* EOSBalance.swift in Sources */,
				EBAC21CD21A5D0E5002CF61B /* ApiSignContractCall.swift in Sources */,
				EB2F617E21AC00340029219A /* ApiEOSTx.swift in Sources */,
				EB64509921810BBC008397DF /* RTC.swift in Sources */,
				EB1F3B9B2198D07F0052E5A7 /* SeedWord.swift in Sources */,
				EB2F618021AC124A0029219A /* IContract.swift in Sources */,
				EB64509321810736008397DF /* WebRTCClient.swift in Sources */,
				EBF620BA218B9134005C6141 /* PasswordVC.swift in Sources */,
				EBEDA29421AB4FF3004FCB75 /* bip32.c in Sources */,
				EBEDA29521AB4FF3004FCB75 /* sha3.c in Sources */,
				EBEDA29821AB4FF3004FCB75 /* pbkdf2.c in Sources */,
				EBA593DE217A8CDC00F3CB65 /* NumberPad.swift in Sources */,
				EB976CEE217BA75900B8DC95 /* ApiParamsTx.swift in Sources */,
				EBEDA2A221AB4FF3004FCB75 /* Signature.swift in Sources */,
				EBEDA29321AB4FF3004FCB75 /* uECC.c in Sources */,
				EBA593CA217A8AC900F3CB65 /* Settings.swift in Sources */,
				EBE484D3217928BF006879F7 /* ProfileVC.swift in Sources */,
				EBEDA28E21AB4FF3004FCB75 /* rand.c in Sources */,
				EBEDA28221AB4FF3004FCB75 /* EOSWallet.swift in Sources */,
				EB3F8AFE218357D5004E6CFB /* WalletCell.swift in Sources */,
				EBEDA28621AB4FF3004FCB75 /* AnyEncodable.swift in Sources */,
				EB3ECC5D2180E8CD00D14656 /* Checkbox.swift in Sources */,
				EB64509B21810CAD008397DF /* ApiWebRTC.swift in Sources */,
				EBA5938B217A813F00F3CB65 /* Button.swift in Sources */,
				EBA593CE217A8B6400F3CB65 /* Chain.swift in Sources */,
				EBEDA2A021AB4FF3004FCB75 /* ResourceUtil.swift in Sources */,
				EBEDA2A921AB4FF3004FCB75 /* KeyPair.swift in Sources */,
				EB74B457217CCFFB006AE00F /* ScanButton.swift in Sources */,
				EBD0B11C218DFBED00FD1B37 /* MenuVC.swift in Sources */,
				EBA5262E21B1E21B00A29A08 /* NavigatorVC.swift in Sources */,
				EBEDA2A621AB4FF3004FCB75 /* HistoryRouter.swift in Sources */,
				EBEDA28321AB4FF3004FCB75 /* EOSImporter.swift in Sources */,
				EBEDA28421AB4FF3004FCB75 /* AnyDecodable.swift in Sources */,
				EB5529F621A5EE8400EB11ED /* ContractView.swift in Sources */,
				EB64509721810A82008397DF /* Signer.swift in Sources */,
				EBEDA28C21AB4FF3004FCB75 /* hmac.c in Sources */,
				EB1F3B972198B1D60052E5A7 /* AlertImage.swift in Sources */,
				EBEDA2AC21AB4FF3004FCB75 /* ChainModels.swift in Sources */,
				EBEDA2AD21AB4FF3004FCB75 /* Error.swift in Sources */,
				EBA5263021B1E40F00A29A08 /* Style.swift in Sources */,
				EBD4FCCA2190BFC20080D1A9 /* IPopover.swift in Sources */,
				EBAC21D521A5D958002CF61B /* ConfirmContractCall.swift in Sources */,
				EBC9F79421824F2B00150883 /* ApiChains.swift in Sources */,
				EB6450952181074D008397DF /* RTCStates.swift in Sources */,
				EBEDA22321AB4295004FCB75 /* CryptoItem.swift in Sources */,
				EBEDA29D21AB4FF3004FCB75 /* Transaction.swift in Sources */,
				EBEDA2A321AB4FF3004FCB75 /* ChainRouter.swift in Sources */,
				EBEDA29621AB4FF3004FCB75 /* base58.c in Sources */,
				EBEDA28D21AB4FF3004FCB75 /* sha2.c in Sources */,
				EBA593E0217A8D1900F3CB65 /* Alert.swift in Sources */,
				EBA593BE217A88EF00F3CB65 /* ETHNet.swift in Sources */,
				EB2676D421B313B5003B254F /* Group.swift in Sources */,
				EBEDA2B721AB561F004FCB75 /* AccountPicker.swift in Sources */,
				EBEDA28F21AB4FF3004FCB75 /* curves.c in Sources */,
				EBA593D6217A8C1B00F3CB65 /* CodeVC.swift in Sources */,
				EBA593CC217A8AF800F3CB65 /* Profile.swift in Sources */,
				EB2F618421AC13950029219A /* ETHContract.swift in Sources */,
				EBEDA29221AB4FF3004FCB75 /* ripemd160.c in Sources */,
				EBDCD55C217FD85E00B6EF5B /* ConfirmationVC.swift in Sources */,
				EB1F3B952198ABC40052E5A7 /* IAlertView.swift in Sources */,
				EBEDA28B21AB4FF3004FCB75 /* bip39.c in Sources */,
				EBDB8847219742B3000AF045 /* Field.swift in Sources */,
				EBEDA2B521AB559B004FCB75 /* AlertOld.swift in Sources */,
				EBAC21C621A5C7AA002CF61B /* ETHabi.swift in Sources */,
				EB2676CD21B3008B003B254F /* CardProvider.swift in Sources */,
				EBC9F78421822FC000150883 /* ApiMessage.swift in Sources */,
				EBE484D1217928BF006879F7 /* AppDelegate.swift in Sources */,
				EB1F3B992198CAEF0052E5A7 /* BackupVC.swift in Sources */,
				EBEDA2B021AB4FF3004FCB75 /* SEWallet.swift in Sources */,
				EB976CEC217BA6CE00B8DC95 /* ApiParamsWallet.swift in Sources */,
				EB3ECC652180F74600D14656 /* ApiSignTransferTx.swift in Sources */,
				EBEDA2BA21AB56D9004FCB75 /* AccountCell.swift in Sources */,
				EBEDA29E21AB4FF3004FCB75 /* Contract.swift in Sources */,
				EBD0B12F218E3D9A00FD1B37 /* MenuCell.swift in Sources */,
				EB64509D2181152E008397DF /* ApiOffer.swift in Sources */,
				EBB15F872184EEF600F6370E /* CodeView.swift in Sources */,
				EBEDA29121AB4FF3004FCB75 /* bignum.c in Sources */,
				EBA593D4217A8C0300F3CB65 /* NewCodeVC.swift in Sources */,
				EB2F617C21ABE8030029219A /* EOSUtils.swift in Sources */,
				EBEDA2A521AB4FF3004FCB75 /* EOSRPC+History.swift in Sources */,
				EBA593D8217A8CA300F3CB65 /* BioAuth.swift in Sources */,
				EBA593D0217A8BF700F3CB65 /* CheckCodeVC.swift in Sources */,
				EBEDA2B321AB5249004FCB75 /* EOSToken.swift in Sources */,
				EBAC21CF21A5D255002CF61B /* ApiAbi.swift in Sources */,
				EBA593BB217A88EF00F3CB65 /* ETHWallet.swift in Sources */,
				EBA593C4217A897E00F3CB65 /* IViewable.swift in Sources */,
				EB26C31C21924083005D3525 /* CardPickVC.swift in Sources */,
				EB2F618821AC1FF10029219A /* EOSContract.swift in Sources */,
				EBEDA28821AB4FF3004FCB75 /* curve-specific.inc in Sources */,
				EBA593C2217A892900F3CB65 /* Blockchain.swift in Sources */,
				EBEDA21E21AB4242004FCB75 /* ChainPicker.swift in Sources */,
				EB0B1CFD21B088710037C594 /* JTHamburgerButton.m in Sources */,
				EBDB8851219745F1000AF045 /* ImportManager.swift in Sources */,
				EBA593C8217A89B800F3CB65 /* ITransaction.swift in Sources */,
				EBDB884F21974500000AF045 /* Sheet.swift in Sources */,
				EBEDA29021AB4FF3004FCB75 /* secp256k1.c in Sources */,
				EBEDA29C21AB4FF3004FCB75 /* TransactionUtil.swift in Sources */,
				EBC9F77C21822F4900150883 /* ApiAnswer.swift in Sources */,
				EB64509F21811684008397DF /* ApiJoin.swift in Sources */,
				EBEDA28521AB4FF3004FCB75 /* AnyCodable.swift in Sources */,
				EBEDA2AA21AB4FF3004FCB75 /* PublicKey.swift in Sources */,
				EBA59393217A815300F3CB65 /* Extensions.swift in Sources */,
				EBEDA2A721AB4FF3004FCB75 /* EOSRPC.swift in Sources */,
				EBF620C2218BA2AA005C6141 /* RepeatPassVC.swift in Sources */,
				EBEDA2AE21AB4FF3004FCB75 /* BigInt.swift in Sources */,
				EBEDA2AB21AB4FF3004FCB75 /* PrivateKey.swift in Sources */,
				EBD4FCC82190BBBF0080D1A9 /* PopAnimator.swift in Sources */,
				EBD4FCCC2190D4D50080D1A9 /* PopupVC.swift in Sources */,
				EBA593D2217A8BFE00F3CB65 /* AuthVC.swift in Sources */,
				EBA593B3217A84A000F3CB65 /* ScanView.swift in Sources */,
				EBA593BA217A88EF00F3CB65 /* ETHTransaction.swift in Sources */,
				EBEDA29721AB4FF3004FCB75 /* ecdsa.c in Sources */,
				EBDB885D21976AC1000AF045 /* IWallet.swift in Sources */,
				EB1F3B932198AB9C0052E5A7 /* AlertField.swift in Sources */,
			);
			runOnlyForDeploymentPostprocessing = 0;
		};
/* End PBXSourcesBuildPhase section */

/* Begin PBXTargetDependency section */
		EBE4850A21792FF3006879F7 /* PBXTargetDependency */ = {
			isa = PBXTargetDependency;
			name = CryptoSwift;
			targetProxy = EBE4850921792FF3006879F7 /* PBXContainerItemProxy */;
		};
		EBE4850E21792FF3006879F7 /* PBXTargetDependency */ = {
			isa = PBXTargetDependency;
			name = CryptoEthereumSwift;
			targetProxy = EBE4850D21792FF3006879F7 /* PBXContainerItemProxy */;
		};
		EBE4851221792FF3006879F7 /* PBXTargetDependency */ = {
			isa = PBXTargetDependency;
			name = EthereumKit;
			targetProxy = EBE4851121792FF3006879F7 /* PBXContainerItemProxy */;
		};
/* End PBXTargetDependency section */

/* Begin PBXVariantGroup section */
		EBE484D9217928C0006879F7 /* LaunchScreen.storyboard */ = {
			isa = PBXVariantGroup;
			children = (
				EBE484DA217928C0006879F7 /* Base */,
			);
			name = LaunchScreen.storyboard;
			sourceTree = "<group>";
		};
/* End PBXVariantGroup section */

/* Begin XCBuildConfiguration section */
		EBE484DD217928C0006879F7 /* Debug */ = {
			isa = XCBuildConfiguration;
			buildSettings = {
				ALWAYS_SEARCH_USER_PATHS = NO;
				CLANG_ANALYZER_NONNULL = YES;
				CLANG_ANALYZER_NUMBER_OBJECT_CONVERSION = YES_AGGRESSIVE;
				CLANG_CXX_LANGUAGE_STANDARD = "gnu++14";
				CLANG_CXX_LIBRARY = "libc++";
				CLANG_ENABLE_MODULES = YES;
				CLANG_ENABLE_OBJC_ARC = YES;
				CLANG_ENABLE_OBJC_WEAK = YES;
				CLANG_WARN_BLOCK_CAPTURE_AUTORELEASING = YES;
				CLANG_WARN_BOOL_CONVERSION = YES;
				CLANG_WARN_COMMA = YES;
				CLANG_WARN_CONSTANT_CONVERSION = YES;
				CLANG_WARN_DEPRECATED_OBJC_IMPLEMENTATIONS = YES;
				CLANG_WARN_DIRECT_OBJC_ISA_USAGE = YES_ERROR;
				CLANG_WARN_DOCUMENTATION_COMMENTS = YES;
				CLANG_WARN_EMPTY_BODY = YES;
				CLANG_WARN_ENUM_CONVERSION = YES;
				CLANG_WARN_INFINITE_RECURSION = YES;
				CLANG_WARN_INT_CONVERSION = YES;
				CLANG_WARN_NON_LITERAL_NULL_CONVERSION = YES;
				CLANG_WARN_OBJC_IMPLICIT_RETAIN_SELF = YES;
				CLANG_WARN_OBJC_LITERAL_CONVERSION = YES;
				CLANG_WARN_OBJC_ROOT_CLASS = YES_ERROR;
				CLANG_WARN_RANGE_LOOP_ANALYSIS = YES;
				CLANG_WARN_STRICT_PROTOTYPES = YES;
				CLANG_WARN_SUSPICIOUS_MOVE = YES;
				CLANG_WARN_UNGUARDED_AVAILABILITY = YES_AGGRESSIVE;
				CLANG_WARN_UNREACHABLE_CODE = YES;
				CLANG_WARN__DUPLICATE_METHOD_MATCH = YES;
				CODE_SIGN_IDENTITY = "iPhone Developer";
				COPY_PHASE_STRIP = NO;
				DEBUG_INFORMATION_FORMAT = dwarf;
				ENABLE_STRICT_OBJC_MSGSEND = YES;
				ENABLE_TESTABILITY = YES;
				GCC_C_LANGUAGE_STANDARD = gnu11;
				GCC_DYNAMIC_NO_PIC = NO;
				GCC_NO_COMMON_BLOCKS = YES;
				GCC_OPTIMIZATION_LEVEL = 0;
				GCC_PREPROCESSOR_DEFINITIONS = (
					"DEBUG=1",
					"$(inherited)",
				);
				GCC_WARN_64_TO_32_BIT_CONVERSION = YES;
				GCC_WARN_ABOUT_RETURN_TYPE = YES_ERROR;
				GCC_WARN_UNDECLARED_SELECTOR = YES;
				GCC_WARN_UNINITIALIZED_AUTOS = YES_AGGRESSIVE;
				GCC_WARN_UNUSED_FUNCTION = YES;
				GCC_WARN_UNUSED_VARIABLE = YES;
				IPHONEOS_DEPLOYMENT_TARGET = 11.4;
				MTL_ENABLE_DEBUG_INFO = YES;
				ONLY_ACTIVE_ARCH = YES;
				SDKROOT = iphoneos;
				SWIFT_ACTIVE_COMPILATION_CONDITIONS = DEBUG;
				SWIFT_OPTIMIZATION_LEVEL = "-Onone";
			};
			name = Debug;
		};
		EBE484DE217928C0006879F7 /* Release */ = {
			isa = XCBuildConfiguration;
			buildSettings = {
				ALWAYS_SEARCH_USER_PATHS = NO;
				CLANG_ANALYZER_NONNULL = YES;
				CLANG_ANALYZER_NUMBER_OBJECT_CONVERSION = YES_AGGRESSIVE;
				CLANG_CXX_LANGUAGE_STANDARD = "gnu++14";
				CLANG_CXX_LIBRARY = "libc++";
				CLANG_ENABLE_MODULES = YES;
				CLANG_ENABLE_OBJC_ARC = YES;
				CLANG_ENABLE_OBJC_WEAK = YES;
				CLANG_WARN_BLOCK_CAPTURE_AUTORELEASING = YES;
				CLANG_WARN_BOOL_CONVERSION = YES;
				CLANG_WARN_COMMA = YES;
				CLANG_WARN_CONSTANT_CONVERSION = YES;
				CLANG_WARN_DEPRECATED_OBJC_IMPLEMENTATIONS = YES;
				CLANG_WARN_DIRECT_OBJC_ISA_USAGE = YES_ERROR;
				CLANG_WARN_DOCUMENTATION_COMMENTS = YES;
				CLANG_WARN_EMPTY_BODY = YES;
				CLANG_WARN_ENUM_CONVERSION = YES;
				CLANG_WARN_INFINITE_RECURSION = YES;
				CLANG_WARN_INT_CONVERSION = YES;
				CLANG_WARN_NON_LITERAL_NULL_CONVERSION = YES;
				CLANG_WARN_OBJC_IMPLICIT_RETAIN_SELF = YES;
				CLANG_WARN_OBJC_LITERAL_CONVERSION = YES;
				CLANG_WARN_OBJC_ROOT_CLASS = YES_ERROR;
				CLANG_WARN_RANGE_LOOP_ANALYSIS = YES;
				CLANG_WARN_STRICT_PROTOTYPES = YES;
				CLANG_WARN_SUSPICIOUS_MOVE = YES;
				CLANG_WARN_UNGUARDED_AVAILABILITY = YES_AGGRESSIVE;
				CLANG_WARN_UNREACHABLE_CODE = YES;
				CLANG_WARN__DUPLICATE_METHOD_MATCH = YES;
				CODE_SIGN_IDENTITY = "iPhone Developer";
				COPY_PHASE_STRIP = NO;
				DEBUG_INFORMATION_FORMAT = "dwarf-with-dsym";
				ENABLE_NS_ASSERTIONS = NO;
				ENABLE_STRICT_OBJC_MSGSEND = YES;
				GCC_C_LANGUAGE_STANDARD = gnu11;
				GCC_NO_COMMON_BLOCKS = YES;
				GCC_WARN_64_TO_32_BIT_CONVERSION = YES;
				GCC_WARN_ABOUT_RETURN_TYPE = YES_ERROR;
				GCC_WARN_UNDECLARED_SELECTOR = YES;
				GCC_WARN_UNINITIALIZED_AUTOS = YES_AGGRESSIVE;
				GCC_WARN_UNUSED_FUNCTION = YES;
				GCC_WARN_UNUSED_VARIABLE = YES;
				IPHONEOS_DEPLOYMENT_TARGET = 11.4;
				MTL_ENABLE_DEBUG_INFO = NO;
				SDKROOT = iphoneos;
				SWIFT_COMPILATION_MODE = wholemodule;
				SWIFT_OPTIMIZATION_LEVEL = "-O";
				VALIDATE_PRODUCT = YES;
			};
			name = Release;
		};
		EBE484E0217928C0006879F7 /* Debug */ = {
			isa = XCBuildConfiguration;
			baseConfigurationReference = 2564A9F9434EDC7F695A47C1 /* Pods-ColdCrypto.debug.xcconfig */;
			buildSettings = {
				ALWAYS_EMBED_SWIFT_STANDARD_LIBRARIES = YES;
				ASSETCATALOG_COMPILER_APPICON_NAME = AppIcon;
				CODE_SIGN_STYLE = Automatic;
				DEVELOPMENT_TEAM = 6KV7BZVZVP;
				ENABLE_BITCODE = NO;
				HEADER_SEARCH_PATHS = "\"$(SRCROOT)/ColdCrypto/Model/EOS/Libraries/include\"";
				INFOPLIST_FILE = "$(SRCROOT)/ColdCrypto/Resources/Info.plist";
				IPHONEOS_DEPLOYMENT_TARGET = 11.0;
				LD_RUNPATH_SEARCH_PATHS = (
					"$(inherited)",
					"@executable_path/Frameworks",
				);
				PRODUCT_BUNDLE_IDENTIFIER = com.coldcrypto.ios;
				PRODUCT_NAME = "$(TARGET_NAME)";
				SWIFT_OBJC_BRIDGING_HEADER = "ColdCrypto/Model/EOS/Libraries/include/Bridging-Header.h";
				SWIFT_VERSION = 4.2;
				TARGETED_DEVICE_FAMILY = 1;
			};
			name = Debug;
		};
		EBE484E1217928C0006879F7 /* Release */ = {
			isa = XCBuildConfiguration;
			baseConfigurationReference = 7CCFBA6F1971B8E07FB05360 /* Pods-ColdCrypto.release.xcconfig */;
			buildSettings = {
				ALWAYS_EMBED_SWIFT_STANDARD_LIBRARIES = YES;
				ASSETCATALOG_COMPILER_APPICON_NAME = AppIcon;
				CODE_SIGN_STYLE = Automatic;
				DEVELOPMENT_TEAM = 6KV7BZVZVP;
				ENABLE_BITCODE = NO;
				HEADER_SEARCH_PATHS = "\"$(SRCROOT)/ColdCrypto/Model/EOS/Libraries/include\"";
				INFOPLIST_FILE = "$(SRCROOT)/ColdCrypto/Resources/Info.plist";
				IPHONEOS_DEPLOYMENT_TARGET = 11.0;
				LD_RUNPATH_SEARCH_PATHS = (
					"$(inherited)",
					"@executable_path/Frameworks",
				);
				PRODUCT_BUNDLE_IDENTIFIER = com.coldcrypto.ios;
				PRODUCT_NAME = "$(TARGET_NAME)";
				SWIFT_OBJC_BRIDGING_HEADER = "ColdCrypto/Model/EOS/Libraries/include/Bridging-Header.h";
				SWIFT_VERSION = 4.2;
				TARGETED_DEVICE_FAMILY = 1;
			};
			name = Release;
		};
/* End XCBuildConfiguration section */

/* Begin XCConfigurationList section */
		EBE484C8217928BF006879F7 /* Build configuration list for PBXProject "ColdCrypto" */ = {
			isa = XCConfigurationList;
			buildConfigurations = (
				EBE484DD217928C0006879F7 /* Debug */,
				EBE484DE217928C0006879F7 /* Release */,
			);
			defaultConfigurationIsVisible = 0;
			defaultConfigurationName = Release;
		};
		EBE484DF217928C0006879F7 /* Build configuration list for PBXNativeTarget "ColdCrypto" */ = {
			isa = XCConfigurationList;
			buildConfigurations = (
				EBE484E0217928C0006879F7 /* Debug */,
				EBE484E1217928C0006879F7 /* Release */,
			);
			defaultConfigurationIsVisible = 0;
			defaultConfigurationName = Release;
		};
/* End XCConfigurationList section */
	};
	rootObject = EBE484C5217928BF006879F7 /* Project object */;
}
